
Microsoft Visual Studio Solution File, Format Version 10.00
# Visual Studio 2008
Project("{FAE04EC0-301F-11D3-BF4B-00C04F79EFBC}") = "DiggExample-vs2008", "DiggExample\DiggExample-vs2008.csproj", "{ABD04890-D8CA-43B6-9237-5BEF0A347D63}"
EndProject
Global
	GlobalSection(SolutionConfigurationPlatforms) = preSolution
		Debug|Any CPU = Debug|Any CPU
		Release|Any CPU = Release|Any CPU
	EndGlobalSection
	GlobalSection(ProjectConfigurationPlatforms) = postSolution
		{ABD04890-D8CA-43B6-9237-5BEF0A347D63}.Debug|Any CPU.ActiveCfg = Debug|Any CPU
		{ABD04890-D8CA-43B6-9237-5BEF0A347D63}.Debug|Any CPU.Build.0 = Debug|Any CPU
		{ABD04890-D8CA-43B6-9237-5BEF0A347D63}.Release|Any CPU.ActiveCfg = Release|Any CPU
		{ABD04890-D8CA-43B6-9237-5BEF0A347D63}.Release|Any CPU.Build.0 = Release|Any CPU
	EndGlobalSection
	GlobalSection(SolutionProperties) = preSolution
		HideSolutionNode = FALSE
	EndGlobalSection
EndGlobal
