Microsoft Visual Studio Solution File, Format Version 8.00
Project("{FAE04EC0-301F-11D3-BF4B-00C04F79EFBC}") = "Castle.MVC", "Castle.MVC\Castle.MVC.csproj", "{8C3E14B8-8154-4FC4-9BF3-EF63F74B69D3}"
	ProjectSection(ProjectDependencies) = postProject
	EndProjectSection
EndProject
Project("{FAE04EC0-301F-11D3-BF4B-00C04F79EFBC}") = "Castle.MVC.Test", "Castle.MVC.Test\Castle.MVC.Test.csproj", "{C1773665-3F9E-4C95-B640-FBD30765DEDC}"
	ProjectSection(ProjectDependencies) = postProject
	EndProjectSection
EndProject
Project("{FAE04EC0-301F-11D3-BF4B-00C04F79EFBC}") = "Castle.MVC.Test.Win", "Castle.MVC.Win\Castle.MVC.Test.Win.csproj", "{35B4657A-BC84-4A67-917B-0FB7180DD1F0}"
	ProjectSection(ProjectDependencies) = postProject
	EndProjectSection
EndProject
Project("{FAE04EC0-301F-11D3-BF4B-00C04F79EFBC}") = "Castle.MVC.Test.Presentation", "Castle.MVC.Presentation\Castle.MVC.Test.Presentation.csproj", "{E5EB3D18-2F9B-4131-9653-4B1277D36336}"
	ProjectSection(ProjectDependencies) = postProject
	EndProjectSection
EndProject
Project("{FAE04EC0-301F-11D3-BF4B-00C04F79EFBC}") = "Castle.MVC.Test.Web", "http://localhost/Castle.MVC.Test.Web/Castle.MVC.Test.Web.csproj", "{AB057784-A68E-460F-A4BD-63181296FD07}"
	ProjectSection(ProjectDependencies) = postProject
	EndProjectSection
EndProject
Global
	GlobalSection(SolutionConfiguration) = preSolution
		Debug = Debug
		Release = Release
	EndGlobalSection
	GlobalSection(ProjectConfiguration) = postSolution
		{8C3E14B8-8154-4FC4-9BF3-EF63F74B69D3}.Debug.ActiveCfg = Debug|.NET
		{8C3E14B8-8154-4FC4-9BF3-EF63F74B69D3}.Debug.Build.0 = Debug|.NET
		{8C3E14B8-8154-4FC4-9BF3-EF63F74B69D3}.Release.ActiveCfg = Release|.NET
		{8C3E14B8-8154-4FC4-9BF3-EF63F74B69D3}.Release.Build.0 = Release|.NET
		{C1773665-3F9E-4C95-B640-FBD30765DEDC}.Debug.ActiveCfg = Debug|.NET
		{C1773665-3F9E-4C95-B640-FBD30765DEDC}.Release.ActiveCfg = Release|.NET
		{C1773665-3F9E-4C95-B640-FBD30765DEDC}.Release.Build.0 = Release|.NET
		{35B4657A-BC84-4A67-917B-0FB7180DD1F0}.Debug.ActiveCfg = Debug|.NET
		{35B4657A-BC84-4A67-917B-0FB7180DD1F0}.Debug.Build.0 = Debug|.NET
		{35B4657A-BC84-4A67-917B-0FB7180DD1F0}.Release.ActiveCfg = Release|.NET
		{35B4657A-BC84-4A67-917B-0FB7180DD1F0}.Release.Build.0 = Release|.NET
		{E5EB3D18-2F9B-4131-9653-4B1277D36336}.Debug.ActiveCfg = Debug|.NET
		{E5EB3D18-2F9B-4131-9653-4B1277D36336}.Debug.Build.0 = Debug|.NET
		{E5EB3D18-2F9B-4131-9653-4B1277D36336}.Release.ActiveCfg = Release|.NET
		{E5EB3D18-2F9B-4131-9653-4B1277D36336}.Release.Build.0 = Release|.NET
		{AB057784-A68E-460F-A4BD-63181296FD07}.Debug.ActiveCfg = Debug|.NET
		{AB057784-A68E-460F-A4BD-63181296FD07}.Debug.Build.0 = Debug|.NET
		{AB057784-A68E-460F-A4BD-63181296FD07}.Release.ActiveCfg = Release|.NET
		{AB057784-A68E-460F-A4BD-63181296FD07}.Release.Build.0 = Release|.NET
	EndGlobalSection
	GlobalSection(ExtensibilityGlobals) = postSolution
	EndGlobalSection
	GlobalSection(ExtensibilityAddIns) = postSolution
	EndGlobalSection
EndGlobal
