Microsoft Visual Studio Solution File, Format Version 8.00
Project("{FAE04EC0-301F-11D3-BF4B-00C04F79EFBC}") = "AspectSharp", "AspectSharp\AspectSharp.csproj", "{C50C59E8-410B-48C6-8CD0-DB351C0AB75E}"
	ProjectSection(ProjectDependencies) = postProject
	EndProjectSection
EndProject
Project("{FAE04EC0-301F-11D3-BF4B-00C04F79EFBC}") = "AspectSharp.Lang", "AspectSharp.Lang\AspectSharp.Lang.csproj", "{6B00E2C0-C58E-4399-A323-A034415E67D4}"
	ProjectSection(ProjectDependencies) = postProject
	EndProjectSection
EndProject
Project("{FAE04EC0-301F-11D3-BF4B-00C04F79EFBC}") = "AspectSharp.Lang.Tests", "AspectSharp.Lang.Tests\AspectSharp.Lang.Tests.csproj", "{9499E7DA-93CF-4A05-9DD5-249D294F4488}"
	ProjectSection(ProjectDependencies) = postProject
	EndProjectSection
EndProject
Project("{FAE04EC0-301F-11D3-BF4B-00C04F79EFBC}") = "AspectSharp.Tests", "AspectSharp.Tests\AspectSharp.Tests.csproj", "{A2CE0F66-AD6F-4663-BBEC-C22A90CA3D35}"
	ProjectSection(ProjectDependencies) = postProject
	EndProjectSection
EndProject
Project("{FAE04EC0-301F-11D3-BF4B-00C04F79EFBC}") = "AspectSharp.Example", "AspectSharp.Example\AspectSharp.Example.csproj", "{AE2B1F00-FB0A-4A76-B57D-FF514B72E898}"
	ProjectSection(ProjectDependencies) = postProject
	EndProjectSection
EndProject
Project("{FAE04EC0-301F-11D3-BF4B-00C04F79EFBC}") = "AopAlliance", "AopAlliance\AopAlliance.csproj", "{74C3CE90-25AF-4998-9123-61D19041AF68}"
	ProjectSection(ProjectDependencies) = postProject
	EndProjectSection
EndProject
Global
	GlobalSection(SolutionConfiguration) = preSolution
		Debug = Debug
		Release = Release
	EndGlobalSection
	GlobalSection(ProjectConfiguration) = postSolution
		{C50C59E8-410B-48C6-8CD0-DB351C0AB75E}.Debug.ActiveCfg = Debug|.NET
		{C50C59E8-410B-48C6-8CD0-DB351C0AB75E}.Debug.Build.0 = Debug|.NET
		{C50C59E8-410B-48C6-8CD0-DB351C0AB75E}.Release.ActiveCfg = Release|.NET
		{C50C59E8-410B-48C6-8CD0-DB351C0AB75E}.Release.Build.0 = Release|.NET
		{6B00E2C0-C58E-4399-A323-A034415E67D4}.Debug.ActiveCfg = Debug|.NET
		{6B00E2C0-C58E-4399-A323-A034415E67D4}.Debug.Build.0 = Debug|.NET
		{6B00E2C0-C58E-4399-A323-A034415E67D4}.Release.ActiveCfg = Release|.NET
		{6B00E2C0-C58E-4399-A323-A034415E67D4}.Release.Build.0 = Release|.NET
		{9499E7DA-93CF-4A05-9DD5-249D294F4488}.Debug.ActiveCfg = Debug|.NET
		{9499E7DA-93CF-4A05-9DD5-249D294F4488}.Debug.Build.0 = Debug|.NET
		{9499E7DA-93CF-4A05-9DD5-249D294F4488}.Release.ActiveCfg = Release|.NET
		{9499E7DA-93CF-4A05-9DD5-249D294F4488}.Release.Build.0 = Release|.NET
		{A2CE0F66-AD6F-4663-BBEC-C22A90CA3D35}.Debug.ActiveCfg = Debug|.NET
		{A2CE0F66-AD6F-4663-BBEC-C22A90CA3D35}.Debug.Build.0 = Debug|.NET
		{A2CE0F66-AD6F-4663-BBEC-C22A90CA3D35}.Release.ActiveCfg = Release|.NET
		{A2CE0F66-AD6F-4663-BBEC-C22A90CA3D35}.Release.Build.0 = Release|.NET
		{AE2B1F00-FB0A-4A76-B57D-FF514B72E898}.Debug.ActiveCfg = Debug|.NET
		{AE2B1F00-FB0A-4A76-B57D-FF514B72E898}.Debug.Build.0 = Debug|.NET
		{AE2B1F00-FB0A-4A76-B57D-FF514B72E898}.Release.ActiveCfg = Release|.NET
		{AE2B1F00-FB0A-4A76-B57D-FF514B72E898}.Release.Build.0 = Release|.NET
		{74C3CE90-25AF-4998-9123-61D19041AF68}.Debug.ActiveCfg = Debug|.NET
		{74C3CE90-25AF-4998-9123-61D19041AF68}.Debug.Build.0 = Debug|.NET
		{74C3CE90-25AF-4998-9123-61D19041AF68}.Release.ActiveCfg = Release|.NET
		{74C3CE90-25AF-4998-9123-61D19041AF68}.Release.Build.0 = Release|.NET
	EndGlobalSection
	GlobalSection(SolutionItems) = postSolution
		aspectsharp.build = aspectsharp.build
		AspectSharp.key = AspectSharp.key
	EndGlobalSection
	GlobalSection(ExtensibilityGlobals) = postSolution
	EndGlobalSection
	GlobalSection(ExtensibilityAddIns) = postSolution
	EndGlobalSection
EndGlobal
