Microsoft Visual Studio Solution File, Format Version 9.00
# Visual Studio 2005
Project("{FAE04EC0-301F-11D3-BF4B-00C04F79EFBC}") = "Castle.Facilities.AspectSharp-vs2005", "Castle.Facilities.AspectSharp\Castle.Facilities.AspectSharp-vs2005.csproj", "{E276ABC2-D29D-436F-856C-0CBC0D4F02B5}"
EndProject
Project("{FAE04EC0-301F-11D3-BF4B-00C04F79EFBC}") = "Castle.Facilities.AspectSharp.Tests-vs2005", "Castle.Facilities.AspectSharp.Tests\Castle.Facilities.AspectSharp.Tests-vs2005.csproj", "{A4C8F37D-553D-48AD-8DD3-0AB0B09E43FC}"
EndProject
Global
	GlobalSection(SolutionConfigurationPlatforms) = preSolution
		Debug|Any CPU = Debug|Any CPU
		Release|Any CPU = Release|Any CPU
	EndGlobalSection
	GlobalSection(ProjectConfigurationPlatforms) = postSolution
		{E276ABC2-D29D-436F-856C-0CBC0D4F02B5}.Debug|Any CPU.ActiveCfg = Debug|Any CPU
		{E276ABC2-D29D-436F-856C-0CBC0D4F02B5}.Debug|Any CPU.Build.0 = Debug|Any CPU
		{E276ABC2-D29D-436F-856C-0CBC0D4F02B5}.Release|Any CPU.ActiveCfg = Release|Any CPU
		{E276ABC2-D29D-436F-856C-0CBC0D4F02B5}.Release|Any CPU.Build.0 = Release|Any CPU
		{A4C8F37D-553D-48AD-8DD3-0AB0B09E43FC}.Debug|Any CPU.ActiveCfg = Debug|Any CPU
		{A4C8F37D-553D-48AD-8DD3-0AB0B09E43FC}.Debug|Any CPU.Build.0 = Debug|Any CPU
		{A4C8F37D-553D-48AD-8DD3-0AB0B09E43FC}.Release|Any CPU.ActiveCfg = Release|Any CPU
		{A4C8F37D-553D-48AD-8DD3-0AB0B09E43FC}.Release|Any CPU.Build.0 = Release|Any CPU
	EndGlobalSection
	GlobalSection(SolutionProperties) = preSolution
		HideSolutionNode = FALSE
	EndGlobalSection
EndGlobal
