Microsoft Visual Studio Solution File, Format Version 8.00
Project("{FAE04EC0-301F-11D3-BF4B-00C04F79EFBC}") = "Castle.Facilities.Cache", "Castle.Facilities.Cache\Castle.Facilities.Cache-vs2003.csproj", "{BECD2438-F285-480D-919E-D295752D92A1}"
	ProjectSection(ProjectDependencies) = postProject
	EndProjectSection
EndProject
Project("{FAE04EC0-301F-11D3-BF4B-00C04F79EFBC}") = "Castle.Facilities.Cache.Tests", "Castle.Facilities.Cache.Tests\Castle.Facilities.Cache.Tests-vs2003.csproj", "{D4E7ED6A-C283-4697-BC76-74EBC84F8455}"
	ProjectSection(ProjectDependencies) = postProject
	EndProjectSection
EndProject
Global
	GlobalSection(SolutionConfiguration) = preSolution
		Debug = Debug
		Release = Release
	EndGlobalSection
	GlobalSection(ProjectConfiguration) = postSolution
		{BECD2438-F285-480D-919E-D295752D92A1}.Debug.ActiveCfg = Debug|.NET
		{BECD2438-F285-480D-919E-D295752D92A1}.Debug.Build.0 = Debug|.NET
		{BECD2438-F285-480D-919E-D295752D92A1}.Release.ActiveCfg = Release|.NET
		{BECD2438-F285-480D-919E-D295752D92A1}.Release.Build.0 = Release|.NET
		{D4E7ED6A-C283-4697-BC76-74EBC84F8455}.Debug.ActiveCfg = Debug|.NET
		{D4E7ED6A-C283-4697-BC76-74EBC84F8455}.Debug.Build.0 = Debug|.NET
		{D4E7ED6A-C283-4697-BC76-74EBC84F8455}.Release.ActiveCfg = Release|.NET
		{D4E7ED6A-C283-4697-BC76-74EBC84F8455}.Release.Build.0 = Release|.NET
	EndGlobalSection
	GlobalSection(ExtensibilityGlobals) = postSolution
	EndGlobalSection
	GlobalSection(ExtensibilityAddIns) = postSolution
	EndGlobalSection
EndGlobal
