Microsoft Visual Studio Solution File, Format Version 8.00
Project("{FAE04EC0-301F-11D3-BF4B-00C04F79EFBC}") = "RemoteSample.Client", "RemoteSample.Client\RemoteSample.Client.csproj", "{FDE156F5-1449-4A1E-8C21-CF33ED64580D}"
	ProjectSection(ProjectDependencies) = postProject
	EndProjectSection
EndProject
Project("{FAE04EC0-301F-11D3-BF4B-00C04F79EFBC}") = "RemoteSample.Components", "RemoteSample.Components\RemoteSample.Components.csproj", "{6D662AB1-5A24-4666-A7C9-4E4B06A0B7D8}"
	ProjectSection(ProjectDependencies) = postProject
	EndProjectSection
EndProject
Project("{FAE04EC0-301F-11D3-BF4B-00C04F79EFBC}") = "RemoteSample.Server", "RemoteSample.Server\RemoteSample.Server.csproj", "{4C16D629-FDA9-400D-A36E-121A67FF8C9F}"
	ProjectSection(ProjectDependencies) = postProject
	EndProjectSection
EndProject
Global
	GlobalSection(SolutionConfiguration) = preSolution
		Debug = Debug
		Release = Release
	EndGlobalSection
	GlobalSection(ProjectConfiguration) = postSolution
		{FDE156F5-1449-4A1E-8C21-CF33ED64580D}.Debug.ActiveCfg = Debug|.NET
		{FDE156F5-1449-4A1E-8C21-CF33ED64580D}.Debug.Build.0 = Debug|.NET
		{FDE156F5-1449-4A1E-8C21-CF33ED64580D}.Release.ActiveCfg = Release|.NET
		{FDE156F5-1449-4A1E-8C21-CF33ED64580D}.Release.Build.0 = Release|.NET
		{6D662AB1-5A24-4666-A7C9-4E4B06A0B7D8}.Debug.ActiveCfg = Debug|.NET
		{6D662AB1-5A24-4666-A7C9-4E4B06A0B7D8}.Debug.Build.0 = Debug|.NET
		{6D662AB1-5A24-4666-A7C9-4E4B06A0B7D8}.Release.ActiveCfg = Release|.NET
		{6D662AB1-5A24-4666-A7C9-4E4B06A0B7D8}.Release.Build.0 = Release|.NET
		{4C16D629-FDA9-400D-A36E-121A67FF8C9F}.Debug.ActiveCfg = Debug|.NET
		{4C16D629-FDA9-400D-A36E-121A67FF8C9F}.Debug.Build.0 = Debug|.NET
		{4C16D629-FDA9-400D-A36E-121A67FF8C9F}.Release.ActiveCfg = Release|.NET
		{4C16D629-FDA9-400D-A36E-121A67FF8C9F}.Release.Build.0 = Release|.NET
	EndGlobalSection
	GlobalSection(ExtensibilityGlobals) = postSolution
	EndGlobalSection
	GlobalSection(ExtensibilityAddIns) = postSolution
	EndGlobalSection
EndGlobal
