
Microsoft Visual Studio Solution File, Format Version 9.00
# Visual Studio 2005
Project("{FAE04EC0-301F-11D3-BF4B-00C04F79EFBC}") = "Castle.MonoRail", "Castle.MonoRail\Castle.MonoRail.csproj", "{5EA0DDBB-755D-49DE-BDF1-71D01B5BB228}"
	ProjectSection(WebsiteProperties) = preProject
		Debug.AspNetCompiler.Debug = "True"
		Release.AspNetCompiler.Debug = "False"
	EndProjectSection
EndProject
Global
	GlobalSection(SolutionConfigurationPlatforms) = preSolution
		Debug|Any CPU = Debug|Any CPU
		Release|Any CPU = Release|Any CPU
	EndGlobalSection
	GlobalSection(ProjectConfigurationPlatforms) = postSolution
		{5EA0DDBB-755D-49DE-BDF1-71D01B5BB228}.Debug|Any CPU.ActiveCfg = Debug|Any CPU
		{5EA0DDBB-755D-49DE-BDF1-71D01B5BB228}.Debug|Any CPU.Build.0 = Debug|Any CPU
		{5EA0DDBB-755D-49DE-BDF1-71D01B5BB228}.Release|Any CPU.ActiveCfg = Release|Any CPU
		{5EA0DDBB-755D-49DE-BDF1-71D01B5BB228}.Release|Any CPU.Build.0 = Release|Any CPU
	EndGlobalSection
	GlobalSection(SolutionProperties) = preSolution
		HideSolutionNode = FALSE
	EndGlobalSection
EndGlobal
