Microsoft Visual Studio Solution File, Format Version 10.00
# Visual Studio 2008
Project("{FAE04EC0-301F-11D3-BF4B-00C04F79EFBC}") = "ActiveRecordIntegrationSample-vs2008", "ActiveRecordIntegrationSample\ActiveRecordIntegrationSample-vs2008.csproj", "{0241A68F-5728-4EA1-A620-A62AC43072A0}"
EndProject
Project("{FAE04EC0-301F-11D3-BF4B-00C04F79EFBC}") = "Common.Models-vs2008", "Common.Models\Common.Models-vs2008.csproj", "{8E568F79-57C4-4D38-9332-29229D55F6C0}"
EndProject
Global
	GlobalSection(SolutionConfigurationPlatforms) = preSolution
		Debug|Any CPU = Debug|Any CPU
		Release|Any CPU = Release|Any CPU
	EndGlobalSection
	GlobalSection(ProjectConfigurationPlatforms) = postSolution
		{0241A68F-5728-4EA1-A620-A62AC43072A0}.Debug|Any CPU.ActiveCfg = Debug|Any CPU
		{0241A68F-5728-4EA1-A620-A62AC43072A0}.Debug|Any CPU.Build.0 = Debug|Any CPU
		{0241A68F-5728-4EA1-A620-A62AC43072A0}.Release|Any CPU.ActiveCfg = Release|Any CPU
		{0241A68F-5728-4EA1-A620-A62AC43072A0}.Release|Any CPU.Build.0 = Release|Any CPU
		{8E568F79-57C4-4D38-9332-29229D55F6C0}.Debug|Any CPU.ActiveCfg = Debug|Any CPU
		{8E568F79-57C4-4D38-9332-29229D55F6C0}.Debug|Any CPU.Build.0 = Debug|Any CPU
		{8E568F79-57C4-4D38-9332-29229D55F6C0}.Release|Any CPU.ActiveCfg = Release|Any CPU
		{8E568F79-57C4-4D38-9332-29229D55F6C0}.Release|Any CPU.Build.0 = Release|Any CPU
	EndGlobalSection
	GlobalSection(SolutionProperties) = preSolution
		HideSolutionNode = FALSE
	EndGlobalSection
EndGlobal
