
Microsoft Visual Studio Solution File, Format Version 12.00
# Visual Studio 2013
VisualStudioVersion = 12.0.31101.0
MinimumVisualStudioVersion = 10.0.40219.1
Project("{2150E333-8FDC-42A3-9474-1A3956D46DE8}") = "Solution Items", "Solution Items", "{8C53C104-3557-4C1A-B653-C4E6C46DB48E}"
	ProjectSection(SolutionItems) = preProject
		BreakingChanges.txt = BreakingChanges.txt
		buildscripts\Build.proj = buildscripts\Build.proj
		buildscripts\Castle.Common.Targets = buildscripts\Castle.Common.Targets
		Changes.txt = Changes.txt
		buildscripts\CommonAssemblyInfo.cs = buildscripts\CommonAssemblyInfo.cs
		License.txt = License.txt
		Settings.proj = Settings.proj
	EndProjectSection
EndProject
Project("{FAE04EC0-301F-11D3-BF4B-00C04F79EFBC}") = "Castle.Core", "src\Castle.Core\Castle.Core.csproj", "{E4FA5B53-7D36-429E-8E5C-53D5479242BA}"
EndProject
Project("{FAE04EC0-301F-11D3-BF4B-00C04F79EFBC}") = "Castle.Core.Tests", "src\Castle.Core.Tests\Castle.Core.Tests.csproj", "{087AD3BF-5E40-450D-8138-FBB5F57AC474}"
EndProject
Project("{FAE04EC0-301F-11D3-BF4B-00C04F79EFBC}") = "Castle.Services.Logging.log4netIntegration", "src\Castle.Services.Logging.log4netIntegration\Castle.Services.Logging.log4netIntegration.csproj", "{FA79D6B4-30B1-444A-A627-ED283BF6406B}"
EndProject
Project("{FAE04EC0-301F-11D3-BF4B-00C04F79EFBC}") = "Castle.Services.Logging.NLogIntegration", "src\Castle.Services.Logging.NLogIntegration\Castle.Services.Logging.NLogIntegration.csproj", "{D680B5DB-B943-4BB5-891A-1695DEF86A3A}"
EndProject
Project("{FAE04EC0-301F-11D3-BF4B-00C04F79EFBC}") = "Castle.Services.Logging.SerilogIntegration", "src\Castle.Services.Logging.SerilogIntegration\Castle.Services.Logging.SerilogIntegration.csproj", "{15410E1F-E79F-43B6-B403-228768DF793D}"
EndProject
Global
	GlobalSection(SolutionConfigurationPlatforms) = preSolution
		NET35-Debug|Any CPU = NET35-Debug|Any CPU
		NET35-Release|Any CPU = NET35-Release|Any CPU
		NET40-Debug|Any CPU = NET40-Debug|Any CPU
		NET40-Release|Any CPU = NET40-Release|Any CPU
		NET45-Debug|Any CPU = NET45-Debug|Any CPU
		NET45-Release|Any CPU = NET45-Release|Any CPU
	EndGlobalSection
	GlobalSection(ProjectConfigurationPlatforms) = postSolution
		{E4FA5B53-7D36-429E-8E5C-53D5479242BA}.NET35-Debug|Any CPU.ActiveCfg = NET35-Debug|Any CPU
		{E4FA5B53-7D36-429E-8E5C-53D5479242BA}.NET35-Debug|Any CPU.Build.0 = NET35-Debug|Any CPU
		{E4FA5B53-7D36-429E-8E5C-53D5479242BA}.NET35-Release|Any CPU.ActiveCfg = NET35-Release|Any CPU
		{E4FA5B53-7D36-429E-8E5C-53D5479242BA}.NET35-Release|Any CPU.Build.0 = NET35-Release|Any CPU
		{E4FA5B53-7D36-429E-8E5C-53D5479242BA}.NET40-Debug|Any CPU.ActiveCfg = NET40-Debug|Any CPU
		{E4FA5B53-7D36-429E-8E5C-53D5479242BA}.NET40-Debug|Any CPU.Build.0 = NET40-Debug|Any CPU
		{E4FA5B53-7D36-429E-8E5C-53D5479242BA}.NET40-Release|Any CPU.ActiveCfg = NET40-Release|Any CPU
		{E4FA5B53-7D36-429E-8E5C-53D5479242BA}.NET40-Release|Any CPU.Build.0 = NET40-Release|Any CPU
		{E4FA5B53-7D36-429E-8E5C-53D5479242BA}.NET45-Debug|Any CPU.ActiveCfg = NET45-Debug|Any CPU
		{E4FA5B53-7D36-429E-8E5C-53D5479242BA}.NET45-Debug|Any CPU.Build.0 = NET45-Debug|Any CPU
		{E4FA5B53-7D36-429E-8E5C-53D5479242BA}.NET45-Release|Any CPU.ActiveCfg = NET45-Release|Any CPU
		{E4FA5B53-7D36-429E-8E5C-53D5479242BA}.NET45-Release|Any CPU.Build.0 = NET45-Release|Any CPU
		{087AD3BF-5E40-450D-8138-FBB5F57AC474}.NET35-Debug|Any CPU.ActiveCfg = NET35-Debug|Any CPU
		{087AD3BF-5E40-450D-8138-FBB5F57AC474}.NET35-Debug|Any CPU.Build.0 = NET35-Debug|Any CPU
		{087AD3BF-5E40-450D-8138-FBB5F57AC474}.NET35-Release|Any CPU.ActiveCfg = NET35-Release|Any CPU
		{087AD3BF-5E40-450D-8138-FBB5F57AC474}.NET35-Release|Any CPU.Build.0 = NET35-Release|Any CPU
		{087AD3BF-5E40-450D-8138-FBB5F57AC474}.NET40-Debug|Any CPU.ActiveCfg = NET40-Debug|Any CPU
		{087AD3BF-5E40-450D-8138-FBB5F57AC474}.NET40-Debug|Any CPU.Build.0 = NET40-Debug|Any CPU
		{087AD3BF-5E40-450D-8138-FBB5F57AC474}.NET40-Release|Any CPU.ActiveCfg = NET40-Release|Any CPU
		{087AD3BF-5E40-450D-8138-FBB5F57AC474}.NET40-Release|Any CPU.Build.0 = NET40-Release|Any CPU
		{087AD3BF-5E40-450D-8138-FBB5F57AC474}.NET45-Debug|Any CPU.ActiveCfg = NET45-Debug|Any CPU
		{087AD3BF-5E40-450D-8138-FBB5F57AC474}.NET45-Debug|Any CPU.Build.0 = NET45-Debug|Any CPU
		{087AD3BF-5E40-450D-8138-FBB5F57AC474}.NET45-Release|Any CPU.ActiveCfg = NET45-Release|Any CPU
		{087AD3BF-5E40-450D-8138-FBB5F57AC474}.NET45-Release|Any CPU.Build.0 = NET45-Release|Any CPU
		{FA79D6B4-30B1-444A-A627-ED283BF6406B}.NET35-Debug|Any CPU.ActiveCfg = NET35-Debug|Any CPU
		{FA79D6B4-30B1-444A-A627-ED283BF6406B}.NET35-Debug|Any CPU.Build.0 = NET35-Debug|Any CPU
		{FA79D6B4-30B1-444A-A627-ED283BF6406B}.NET35-Release|Any CPU.ActiveCfg = NET35-Release|Any CPU
		{FA79D6B4-30B1-444A-A627-ED283BF6406B}.NET35-Release|Any CPU.Build.0 = NET35-Release|Any CPU
		{FA79D6B4-30B1-444A-A627-ED283BF6406B}.NET40-Debug|Any CPU.ActiveCfg = NET40-Debug|Any CPU
		{FA79D6B4-30B1-444A-A627-ED283BF6406B}.NET40-Debug|Any CPU.Build.0 = NET40-Debug|Any CPU
		{FA79D6B4-30B1-444A-A627-ED283BF6406B}.NET40-Release|Any CPU.ActiveCfg = NET40-Release|Any CPU
		{FA79D6B4-30B1-444A-A627-ED283BF6406B}.NET40-Release|Any CPU.Build.0 = NET40-Release|Any CPU
		{FA79D6B4-30B1-444A-A627-ED283BF6406B}.NET45-Debug|Any CPU.ActiveCfg = NET45-Debug|Any CPU
		{FA79D6B4-30B1-444A-A627-ED283BF6406B}.NET45-Debug|Any CPU.Build.0 = NET45-Debug|Any CPU
		{FA79D6B4-30B1-444A-A627-ED283BF6406B}.NET45-Release|Any CPU.ActiveCfg = NET45-Release|Any CPU
		{FA79D6B4-30B1-444A-A627-ED283BF6406B}.NET45-Release|Any CPU.Build.0 = NET45-Release|Any CPU
		{D680B5DB-B943-4BB5-891A-1695DEF86A3A}.NET35-Debug|Any CPU.ActiveCfg = NET35-Debug|Any CPU
		{D680B5DB-B943-4BB5-891A-1695DEF86A3A}.NET35-Debug|Any CPU.Build.0 = NET35-Debug|Any CPU
		{D680B5DB-B943-4BB5-891A-1695DEF86A3A}.NET35-Release|Any CPU.ActiveCfg = NET35-Release|Any CPU
		{D680B5DB-B943-4BB5-891A-1695DEF86A3A}.NET35-Release|Any CPU.Build.0 = NET35-Release|Any CPU
		{D680B5DB-B943-4BB5-891A-1695DEF86A3A}.NET40-Debug|Any CPU.ActiveCfg = NET40-Debug|Any CPU
		{D680B5DB-B943-4BB5-891A-1695DEF86A3A}.NET40-Debug|Any CPU.Build.0 = NET40-Debug|Any CPU
		{D680B5DB-B943-4BB5-891A-1695DEF86A3A}.NET40-Release|Any CPU.ActiveCfg = NET40-Release|Any CPU
		{D680B5DB-B943-4BB5-891A-1695DEF86A3A}.NET40-Release|Any CPU.Build.0 = NET40-Release|Any CPU
		{D680B5DB-B943-4BB5-891A-1695DEF86A3A}.NET45-Debug|Any CPU.ActiveCfg = NET45-Debug|Any CPU
		{D680B5DB-B943-4BB5-891A-1695DEF86A3A}.NET45-Debug|Any CPU.Build.0 = NET45-Debug|Any CPU
		{D680B5DB-B943-4BB5-891A-1695DEF86A3A}.NET45-Release|Any CPU.ActiveCfg = NET45-Release|Any CPU
		{D680B5DB-B943-4BB5-891A-1695DEF86A3A}.NET45-Release|Any CPU.Build.0 = NET45-Release|Any CPU
		{15410E1F-E79F-43B6-B403-228768DF793D}.NET35-Debug|Any CPU.ActiveCfg = NET35-Debug|Any CPU
		{15410E1F-E79F-43B6-B403-228768DF793D}.NET35-Release|Any CPU.ActiveCfg = NET35-Release|Any CPU
		{15410E1F-E79F-43B6-B403-228768DF793D}.NET40-Debug|Any CPU.ActiveCfg = NET40-Debug|Any CPU
		{15410E1F-E79F-43B6-B403-228768DF793D}.NET40-Release|Any CPU.ActiveCfg = NET40-Release|Any CPU
		{15410E1F-E79F-43B6-B403-228768DF793D}.NET45-Debug|Any CPU.ActiveCfg = NET45-Debug|Any CPU
		{15410E1F-E79F-43B6-B403-228768DF793D}.NET45-Debug|Any CPU.Build.0 = NET45-Debug|Any CPU
		{15410E1F-E79F-43B6-B403-228768DF793D}.NET45-Release|Any CPU.ActiveCfg = NET45-Release|Any CPU
		{15410E1F-E79F-43B6-B403-228768DF793D}.NET45-Release|Any CPU.Build.0 = NET45-Release|Any CPU
	EndGlobalSection
	GlobalSection(SolutionProperties) = preSolution
		HideSolutionNode = FALSE
	EndGlobalSection
EndGlobal
