
Microsoft Visual Studio Solution File, Format Version 10.00
# Visual Studio 2008
Project("{2150E333-8FDC-42A3-9474-1A3956D46DE8}") = "Core", "Core", "{9052ED13-642D-4978-8EA1-13D82C9885F1}"
EndProject
Project("{2150E333-8FDC-42A3-9474-1A3956D46DE8}") = "Services", "Services", "{951A212C-D059-4A40-A0AB-EC3AB7965A8B}"
EndProject
Project("{2150E333-8FDC-42A3-9474-1A3956D46DE8}") = "Tools", "Tools", "{BCC8BF00-1EAE-4DE8-B8B2-D52B0D75E14C}"
EndProject
Project("{2150E333-8FDC-42A3-9474-1A3956D46DE8}") = "InversionOfControl", "InversionOfControl", "{1F578847-1A2F-4355-AB94-9A295FB5FDB1}"
EndProject
Project("{2150E333-8FDC-42A3-9474-1A3956D46DE8}") = "Components", "Components", "{DDE8BA15-563E-460B-8AE8-D61F2380C11C}"
EndProject
Project("{2150E333-8FDC-42A3-9474-1A3956D46DE8}") = "ActiveRecord", "ActiveRecord", "{C9EEC47E-95A8-4B99-803C-330448623768}"
EndProject
Project("{2150E333-8FDC-42A3-9474-1A3956D46DE8}") = "MonoRail", "MonoRail", "{C8EA9F25-3026-443C-A573-EAFB1D100B1C}"
EndProject
Project("{2150E333-8FDC-42A3-9474-1A3956D46DE8}") = "Facilities", "Facilities", "{428C0315-1FD7-49F9-B2D2-0EA782AA3D64}"
EndProject
Project("{FAE04EC0-301F-11D3-BF4B-00C04F79EFBC}") = "Castle.Core-vs2008", "Core\Castle.Core\Castle.Core-vs2008.csproj", "{E4FA5B53-7D36-429E-8E5C-53D5479242BA}"
EndProject
Project("{FAE04EC0-301F-11D3-BF4B-00C04F79EFBC}") = "Castle.Core.Tests-vs2008", "Core\Castle.Core.Tests\Castle.Core.Tests-vs2008.csproj", "{087AD3BF-5E40-450D-8138-FBB5F57AC474}"
EndProject
Project("{FAE04EC0-301F-11D3-BF4B-00C04F79EFBC}") = "Castle.Services.Logging.log4netIntegration-vs2008", "Services\Logging\Castle.Services.Logging.log4netIntegration\Castle.Services.Logging.log4netIntegration-vs2008.csproj", "{FA79D6B4-30B1-444A-A627-ED283BF6406B}"
EndProject
Project("{FAE04EC0-301F-11D3-BF4B-00C04F79EFBC}") = "Castle.Services.Logging.NLogIntegration-vs2008", "Services\Logging\Castle.Services.Logging.NLogIntegration\Castle.Services.Logging.NLogIntegration-vs2008.csproj", "{D680B5DB-B943-4BB5-891A-1695DEF86A3A}"
EndProject
Project("{FAE04EC0-301F-11D3-BF4B-00C04F79EFBC}") = "Castle.Services.Transaction-vs2008", "Services\Transaction\Castle.Services.Transaction\Castle.Services.Transaction-vs2008.csproj", "{0F611C1B-EDFD-46E6-9C3A-95420946E9CC}"
EndProject
Project("{FAE04EC0-301F-11D3-BF4B-00C04F79EFBC}") = "Castle.Services.Transaction.Tests-vs2008", "Services\Transaction\Castle.Services.Transaction.Tests\Castle.Services.Transaction.Tests-vs2008.csproj", "{67CDFD3A-450F-4CD4-9401-EF15361E2713}"
EndProject
Project("{FAE04EC0-301F-11D3-BF4B-00C04F79EFBC}") = "Castle.DynamicProxy-vs2008", "Tools\Castle.DynamicProxy2\Castle.DynamicProxy\Castle.DynamicProxy-vs2008.csproj", "{2DE7CC8C-6F06-43BC-A7B6-9466BEDEAC28}"
EndProject
Project("{FAE04EC0-301F-11D3-BF4B-00C04F79EFBC}") = "Castle.DynamicProxy.Tests-vs2008", "Tools\Castle.DynamicProxy2\Castle.DynamicProxy.Tests\Castle.DynamicProxy.Tests-vs2008.csproj", "{FE432670-73A1-499D-A353-28FC902A43C8}"
EndProject
Project("{FAE04EC0-301F-11D3-BF4B-00C04F79EFBC}") = "NVelocity-vs2008", "Tools\NVelocity\src\NVelocity\NVelocity-vs2008.csproj", "{10AE9F9A-C23F-44D0-9E78-B4C125597ECE}"
EndProject
Project("{FAE04EC0-301F-11D3-BF4B-00C04F79EFBC}") = "NVelocity.Test-vs2008", "Tools\NVelocity\src\NVelocity.Tests\NVelocity.Test-vs2008.csproj", "{E1B10210-6A42-4993-B383-0F6AAC255A24}"
EndProject
Project("{FAE04EC0-301F-11D3-BF4B-00C04F79EFBC}") = "Castle.MicroKernel-vs2008", "InversionOfControl\Castle.MicroKernel\Castle.MicroKernel-vs2008.csproj", "{8C6AADEB-D099-4D2A-8F5B-4EBC12AC9159}"
EndProject
Project("{FAE04EC0-301F-11D3-BF4B-00C04F79EFBC}") = "Castle.MicroKernel.Tests-vs2008", "InversionOfControl\Castle.MicroKernel.Tests\Castle.MicroKernel.Tests-vs2008.csproj", "{EF9313A4-C6E0-40F7-9E3F-530D547D3AEF}"
EndProject
Project("{FAE04EC0-301F-11D3-BF4B-00C04F79EFBC}") = "Castle.Windsor-vs2008", "InversionOfControl\Castle.Windsor\Castle.Windsor-vs2008.csproj", "{60EFCB9B-E3FF-46A5-A2D2-D9F0EF75D5FE}"
EndProject
Project("{FAE04EC0-301F-11D3-BF4B-00C04F79EFBC}") = "Castle.Windsor.Tests-vs2008", "InversionOfControl\Castle.Windsor.Tests\Castle.Windsor.Tests-vs2008.csproj", "{CB3A30A6-56D4-4F4F-9AEF-DA55E1FF6D74}"
EndProject
Project("{FAE04EC0-301F-11D3-BF4B-00C04F79EFBC}") = "Castle.Components.Validator-vs2008", "Components\Validator\Castle.Components.Validator\Castle.Components.Validator-vs2008.csproj", "{4C945D49-02E9-43F2-9202-E7A6E7C56E77}"
EndProject
Project("{FAE04EC0-301F-11D3-BF4B-00C04F79EFBC}") = "Castle.Components.Validator.Tests-vs2008", "Components\Validator\Castle.Components.Validator.Tests\Castle.Components.Validator.Tests-vs2008.csproj", "{50BE4C5D-4535-4449-AB5B-8DF92F005386}"
EndProject
Project("{FAE04EC0-301F-11D3-BF4B-00C04F79EFBC}") = "Castle.Components.Binder-vs2008", "Components\Binder\Castle.Components.Binder\Castle.Components.Binder-vs2008.csproj", "{98F19522-C9B8-400D-8A12-DABB3DA9411D}"
EndProject
Project("{FAE04EC0-301F-11D3-BF4B-00C04F79EFBC}") = "Castle.Components.Binder.Tests-vs2008", "Components\Binder\Castle.Components.Binder.Tests\Castle.Components.Binder.Tests-vs2008.csproj", "{57ED99CE-404E-4029-A98A-2159E2E70E22}"
EndProject
Project("{FAE04EC0-301F-11D3-BF4B-00C04F79EFBC}") = "Castle.Components.Common.TemplateEngine-vs2008", "Components\TemplateEngine\Castle.Components.Common.TemplateEngine\Castle.Components.Common.TemplateEngine-vs2008.csproj", "{9698FE03-CD65-4FBC-B734-7326674A4894}"
EndProject
Project("{FAE04EC0-301F-11D3-BF4B-00C04F79EFBC}") = "Castle.Components.Common.NVelocityTemplateEngine-vs2008", "Components\TemplateEngine\Castle.Components.Common.TemplateEngine.NVelocityTemplateEngine\Castle.Components.Common.NVelocityTemplateEngine-vs2008.csproj", "{AA95F54F-BEC7-469A-B420-B19D1BBB8C3F}"
EndProject
Project("{FAE04EC0-301F-11D3-BF4B-00C04F79EFBC}") = "Castle.Components.Common.TemplateEngine.NVelocityTemplateEngine.Tests-vs2008", "Components\TemplateEngine\Castle.Components.Common.TemplateEngine.NVelocityTemplateEngine.Tests\Castle.Components.Common.TemplateEngine.NVelocityTemplateEngine.Tests-vs2008.csproj", "{F1FF896B-573D-4B67-83FB-EB9CA947188D}"
EndProject
Project("{FAE04EC0-301F-11D3-BF4B-00C04F79EFBC}") = "Castle.Components.Common.TemplateEngine.NVelocityTemplateEngine.Tests.SR-vs2008", "Components\TemplateEngine\Castle.Components.Common.TemplateEngine.NVelocityTemplateEngine.Tests.SR\Castle.Components.Common.TemplateEngine.NVelocityTemplateEngine.Tests.SR-vs2008.csproj", "{B1DEC754-7B3F-4F3F-A99E-CB475C1AAFA2}"
EndProject
Project("{FAE04EC0-301F-11D3-BF4B-00C04F79EFBC}") = "Castle.Components.Common.EmailSender-vs2008", "Components\EmailSender\Castle.Components.Common.EmailSender\Castle.Components.Common.EmailSender-vs2008.csproj", "{CFF1D57F-9FEB-4941-B8FE-8E28F4A8AAC7}"
EndProject
Project("{FAE04EC0-301F-11D3-BF4B-00C04F79EFBC}") = "Castle.Components.DictionaryAdapter-vs2008", "Components\DictionaryAdapter\Castle.Components.DictionaryAdapter\Castle.Components.DictionaryAdapter-vs2008.csproj", "{B92EA46A-CD01-4717-ABE8-AA73C4F17AAB}"
EndProject
Project("{FAE04EC0-301F-11D3-BF4B-00C04F79EFBC}") = "Castle.Components.DictionaryAdapter.Tests-vs2008", "Components\DictionaryAdapter\Castle.Components.DictionaryAdapter.Tests\Castle.Components.DictionaryAdapter.Tests-vs2008.csproj", "{280217E9-688D-4F02-B64A-78D2B3AA7BAB}"
EndProject
Project("{FAE04EC0-301F-11D3-BF4B-00C04F79EFBC}") = "Castle.ActiveRecord-vs2008", "ActiveRecord\Castle.ActiveRecord\Castle.ActiveRecord-vs2008.csproj", "{652F95D4-86E2-40B6-919D-CFC6E449386B}"
EndProject
Project("{FAE04EC0-301F-11D3-BF4B-00C04F79EFBC}") = "Castle.ActiveRecord.Framework.Internal.Tests-vs2008", "ActiveRecord\Castle.ActiveRecord.Framework.Internal.Tests\Castle.ActiveRecord.Framework.Internal.Tests-vs2008.csproj", "{19F7C7B1-9620-4F42-8F62-7C8D68EA825A}"
EndProject
Project("{FAE04EC0-301F-11D3-BF4B-00C04F79EFBC}") = "Castle.ActiveRecord.Tests-vs2008", "ActiveRecord\Castle.ActiveRecord.Tests\Castle.ActiveRecord.Tests-vs2008.csproj", "{DA3F2E47-AB8A-4CEC-9EDE-81DFC029E53F}"
EndProject
Project("{FAE04EC0-301F-11D3-BF4B-00C04F79EFBC}") = "Castle.MonoRail.Framework-vs2008", "MonoRail\Castle.MonoRail.Framework\Castle.MonoRail.Framework-vs2008.csproj", "{EC393863-333E-49CE-94A6-654B9F323954}"
EndProject
Project("{FAE04EC0-301F-11D3-BF4B-00C04F79EFBC}") = "Castle.MonoRail.WindsorExtension-vs2008", "MonoRail\Castle.MonoRail.WindsorExtension\Castle.MonoRail.WindsorExtension-vs2008.csproj", "{6C51A1E3-7F20-4696-BFD6-829134678341}"
EndProject
Project("{FAE04EC0-301F-11D3-BF4B-00C04F79EFBC}") = "Castle.MonoRail.Framework.Views.NVelocity-vs2008", "MonoRail\Castle.MonoRail.Framework.Views.NVelocity\Castle.MonoRail.Framework.Views.NVelocity-vs2008.csproj", "{ECCA4D19-65D7-4EED-B8EC-56AF79F41E69}"
EndProject
Project("{FAE04EC0-301F-11D3-BF4B-00C04F79EFBC}") = "Castle.MonoRail.Views.Brail-vs2008", "MonoRail\Castle.MonoRail.Views.Brail\Castle.MonoRail.Views.Brail-vs2008.csproj", "{CC39D6D0-2467-4DD5-A53E-92D580B60038}"
EndProject
Project("{FAE04EC0-301F-11D3-BF4B-00C04F79EFBC}") = "Castle.MonoRail.ActiveRecordSupport-vs2008", "MonoRail\Castle.MonoRail.ActiveRecordSupport\Castle.MonoRail.ActiveRecordSupport-vs2008.csproj", "{2409063E-BE05-4596-A677-758096D1C759}"
EndProject
Project("{FAE04EC0-301F-11D3-BF4B-00C04F79EFBC}") = "Castle.MonoRail.TransformFilters-vs2008", "MonoRail\Castle.MonoRail.TransformFilters\Castle.MonoRail.TransformFilters-vs2008.csproj", "{BB60A834-F753-4091-9709-676B6A9F0188}"
EndProject
Project("{FAE04EC0-301F-11D3-BF4B-00C04F79EFBC}") = "Castle.MonoRail.TestSupport-vs2008", "MonoRail\Castle.MonoRail.TestSupport\Castle.MonoRail.TestSupport-vs2008.csproj", "{E572DC59-2A96-482F-BE39-E938AB47EA9D}"
EndProject
Project("{FAE04EC0-301F-11D3-BF4B-00C04F79EFBC}") = "Castle.MonoRail.Framework.Tests-vs2008", "MonoRail\Castle.MonoRail.Framework.Tests\Castle.MonoRail.Framework.Tests-vs2008.csproj", "{844F5EC4-9224-42A9-986D-CE645AC970F2}"
EndProject
Project("{FAE04EC0-301F-11D3-BF4B-00C04F79EFBC}") = "Castle.MonoRail.ActiveRecordSupport.Tests-vs2008", "MonoRail\Castle.MonoRail.ActiveRecordSupport.Tests\Castle.MonoRail.ActiveRecordSupport.Tests-vs2008.csproj", "{86CAA470-BFAC-4D14-B4C2-C5BEFE3AD003}"
EndProject
Project("{FAE04EC0-301F-11D3-BF4B-00C04F79EFBC}") = "TestSiteARSupport-vs2008", "MonoRail\TestSiteARSupport\TestSiteARSupport-vs2008.csproj", "{26AA3359-6571-4575-845D-ED05E4EDB586}"
EndProject
Project("{FAE04EC0-301F-11D3-BF4B-00C04F79EFBC}") = "TestSiteBrail-vs2008", "MonoRail\TestSiteBrail\TestSiteBrail-vs2008.csproj", "{B39CC8B7-1391-40AF-9DA3-BF294CB16383}"
EndProject
Project("{FAE04EC0-301F-11D3-BF4B-00C04F79EFBC}") = "Castle.Facilities.AutomaticTransactionManagement-vs2008", "Facilities\AutomaticTransactionManagement\Castle.Facilities.AutomaticTransactionManagement\Castle.Facilities.AutomaticTransactionManagement-vs2008.csproj", "{9962F772-E75C-4998-A45B-3CD99C2E2903}"
EndProject
Project("{FAE04EC0-301F-11D3-BF4B-00C04F79EFBC}") = "Castle.Facilities.AutomaticTransactionManagement.Tests-vs2008", "Facilities\AutomaticTransactionManagement\Castle.Facilities.AutomaticTransactionManagement.Tests\Castle.Facilities.AutomaticTransactionManagement.Tests-vs2008.csproj", "{8A7E5413-3F2C-4C09-92A7-F5A3AC9F2F93}"
EndProject
Project("{FAE04EC0-301F-11D3-BF4B-00C04F79EFBC}") = "Castle.Facilities.ActiveRecordIntegration-vs2008", "Facilities\ActiveRecordIntegration\Castle.Facilities.ActiveRecordIntegration\Castle.Facilities.ActiveRecordIntegration-vs2008.csproj", "{0C47AD89-6D32-4FD8-963F-EF29075EED68}"
EndProject
Project("{FAE04EC0-301F-11D3-BF4B-00C04F79EFBC}") = "Castle.Facilities.ActiveRecordIntegration.Tests-vs2008", "Facilities\ActiveRecordIntegration\Castle.Facilities.ActiveRecordIntegration.Tests\Castle.Facilities.ActiveRecordIntegration.Tests-vs2008.csproj", "{ED24B4A4-1147-45C4-9DE4-D1AEE3878FAD}"
EndProject
Project("{FAE04EC0-301F-11D3-BF4B-00C04F79EFBC}") = "Castle.Facilities.Cache-vs2008", "Facilities\Cache\Castle.Facilities.Cache\Castle.Facilities.Cache-vs2008.csproj", "{BECD2438-F285-480D-919E-D295752D92A1}"
EndProject
Project("{FAE04EC0-301F-11D3-BF4B-00C04F79EFBC}") = "Castle.Facilities.Cache.Tests-vs2008", "Facilities\Cache\Castle.Facilities.Cache.Tests\Castle.Facilities.Cache.Tests-vs2008.csproj", "{D4E7ED6A-C283-4697-BC76-74EBC84F8455}"
EndProject
Project("{FAE04EC0-301F-11D3-BF4B-00C04F79EFBC}") = "Castle.Facilities.DynamicLoader-vs2008", "Facilities\DynamicLoader\Castle.Facilities.DynamicLoader\Castle.Facilities.DynamicLoader-vs2008.csproj", "{8B029508-E9E0-4646-A5AF-68B4015D8C61}"
EndProject
Project("{FAE04EC0-301F-11D3-BF4B-00C04F79EFBC}") = "Castle.Facilities.DynamicLoader.Tests-vs2008", "Facilities\DynamicLoader\Castle.Facilities.DynamicLoader.Tests\Castle.Facilities.DynamicLoader.Tests-vs2008.csproj", "{9A3F9825-B974-4F92-86A2-21FC3A444392}"
EndProject
Project("{FAE04EC0-301F-11D3-BF4B-00C04F79EFBC}") = "Castle.Facilities.IBatisNetIntegration-vs2008", "Facilities\IBatisNet\Castle.Facilities.IBatisNetIntegration\Castle.Facilities.IBatisNetIntegration-vs2008.csproj", "{5CE5406D-92AB-45ED-A4C9-921745E38BE1}"
EndProject
Project("{FAE04EC0-301F-11D3-BF4B-00C04F79EFBC}") = "Castle.Facilities.IBatisNetIntegration.Tests-vs2008", "Facilities\IBatisNet\Castle.Facilities.IBatisNetIntegration.Tests\Castle.Facilities.IBatisNetIntegration.Tests-vs2008.csproj", "{0C9EE31D-A700-485B-948A-68E4A3614E71}"
EndProject
Project("{FAE04EC0-301F-11D3-BF4B-00C04F79EFBC}") = "Castle.Facilities.Logging-vs2008", "Facilities\Logging\Castle.Facilities.Logging\Castle.Facilities.Logging-vs2008.csproj", "{32D54D33-206F-44EE-8329-8480ABE049B1}"
EndProject
Project("{FAE04EC0-301F-11D3-BF4B-00C04F79EFBC}") = "Castle.Facilities.Logging.Tests-vs2008", "Facilities\Logging\Castle.Facilities.Logging.Tests\Castle.Facilities.Logging.Tests-vs2008.csproj", "{8F649EDC-B84C-4F20-81AD-221ACA465E1D}"
EndProject
Project("{FAE04EC0-301F-11D3-BF4B-00C04F79EFBC}") = "Castle.Facilities.NHibernateIntegration-vs2008", "Facilities\NHibernateIntegration\Castle.Facilities.NHibernateIntegration\Castle.Facilities.NHibernateIntegration-vs2008.csproj", "{A3135261-0009-4F9C-A339-2900143E20F0}"
EndProject
Project("{FAE04EC0-301F-11D3-BF4B-00C04F79EFBC}") = "Castle.Facilities.NHibernateIntegration.Tests-vs2008", "Facilities\NHibernateIntegration\Castle.Facilities.NHibernateIntegration.Tests\Castle.Facilities.NHibernateIntegration.Tests-vs2008.csproj", "{BAD20F91-0A6C-401C-8368-B8FFF7E256BA}"
EndProject
Project("{FAE04EC0-301F-11D3-BF4B-00C04F79EFBC}") = "Castle.Facilities.Synchronize-vs2008", "Facilities\Synchronize\Castle.Facilities.Synchronize\Castle.Facilities.Synchronize-vs2008.csproj", "{60C7AA6D-7DF1-432C-9E93-C01A64747ABD}"
EndProject
Project("{FAE04EC0-301F-11D3-BF4B-00C04F79EFBC}") = "Castle.Facilities.Synchronize.Tests-vs2008", "Facilities\Synchronize\Castle.Facilities.Synchronize.Tests\Castle.Facilities.Synchronize.Tests-vs2008.csproj", "{8AC538A8-8801-47E4-A96C-A0EC8AF6C341}"
EndProject
Project("{FAE04EC0-301F-11D3-BF4B-00C04F79EFBC}") = "Castle.Facilities.Db4oIntegration.Tests-vs2008", "Facilities\Db4o\Castle.Facilities.Db4oIntegration.Tests\Castle.Facilities.Db4oIntegration.Tests-vs2008.csproj", "{EC7ABF4F-A17B-4607-BD56-2C6DA35340C0}"
EndProject
Project("{FAE04EC0-301F-11D3-BF4B-00C04F79EFBC}") = "Castle.Facilities.Db4oIntegration-vs2008", "Facilities\Db4o\Castle.Facilities.Db4oIntegration\Castle.Facilities.Db4oIntegration-vs2008.csproj", "{7491F9EB-B0D8-4E40-B5DE-C4CE1229C33A}"
EndProject
Project("{FAE04EC0-301F-11D3-BF4B-00C04F79EFBC}") = "Castle.Facilities.Remoting.Tests-vs2008", "Facilities\Remoting\Castle.Facilities.Remoting.Tests\Castle.Facilities.Remoting.Tests-vs2008.csproj", "{19F55512-3F9D-4032-B195-223E51F47635}"
EndProject
Project("{FAE04EC0-301F-11D3-BF4B-00C04F79EFBC}") = "Castle.Facilities.Remoting.TestComponents-vs2008", "Facilities\Remoting\Castle.Facilities.Remoting.TestsComponents\Castle.Facilities.Remoting.TestComponents-vs2008.csproj", "{07B01B42-54DC-4A99-B856-0EA5515684AC}"
EndProject
Project("{FAE04EC0-301F-11D3-BF4B-00C04F79EFBC}") = "Castle.Facilities.WcfIntegration-vs2008", "Facilities\Wcf\Castle.Facilities.WcfIntegration\Castle.Facilities.WcfIntegration-vs2008.csproj", "{0F1CAD31-322E-4266-B3A0-BB424E1AE0A9}"
EndProject
Project("{FAE04EC0-301F-11D3-BF4B-00C04F79EFBC}") = "Castle.Facilities.WcfIntegration.Tests-vs2008", "Facilities\Wcf\Castle.Facilities.WcfIntegration.Tests\Castle.Facilities.WcfIntegration.Tests-vs2008.csproj", "{A3CF9ED0-BE9A-4534-B756-3D680D607B0C}"
EndProject
Project("{FAE04EC0-301F-11D3-BF4B-00C04F79EFBC}") = "Castle.Facilities.WcfIntegration.Demo-vs2008", "Facilities\Wcf\Castle.Facilities.WcfIntegration.Demo\Castle.Facilities.WcfIntegration.Demo-vs2008.csproj", "{BCDBC6AC-C85A-4564-AB6E-354262BB1A87}"
EndProject
Global
	GlobalSection(SolutionConfigurationPlatforms) = preSolution
		Debug|Any CPU = Debug|Any CPU
		Release|Any CPU = Release|Any CPU
	EndGlobalSection
	GlobalSection(ProjectConfigurationPlatforms) = postSolution
		{E4FA5B53-7D36-429E-8E5C-53D5479242BA}.Debug|Any CPU.ActiveCfg = Debug|Any CPU
		{E4FA5B53-7D36-429E-8E5C-53D5479242BA}.Debug|Any CPU.Build.0 = Debug|Any CPU
		{E4FA5B53-7D36-429E-8E5C-53D5479242BA}.Release|Any CPU.ActiveCfg = Release|Any CPU
		{E4FA5B53-7D36-429E-8E5C-53D5479242BA}.Release|Any CPU.Build.0 = Release|Any CPU
		{087AD3BF-5E40-450D-8138-FBB5F57AC474}.Debug|Any CPU.ActiveCfg = Debug|Any CPU
		{087AD3BF-5E40-450D-8138-FBB5F57AC474}.Debug|Any CPU.Build.0 = Debug|Any CPU
		{087AD3BF-5E40-450D-8138-FBB5F57AC474}.Release|Any CPU.ActiveCfg = Release|Any CPU
		{087AD3BF-5E40-450D-8138-FBB5F57AC474}.Release|Any CPU.Build.0 = Release|Any CPU
		{FA79D6B4-30B1-444A-A627-ED283BF6406B}.Debug|Any CPU.ActiveCfg = Debug|Any CPU
		{FA79D6B4-30B1-444A-A627-ED283BF6406B}.Debug|Any CPU.Build.0 = Debug|Any CPU
		{FA79D6B4-30B1-444A-A627-ED283BF6406B}.Release|Any CPU.ActiveCfg = Release|Any CPU
		{FA79D6B4-30B1-444A-A627-ED283BF6406B}.Release|Any CPU.Build.0 = Release|Any CPU
		{D680B5DB-B943-4BB5-891A-1695DEF86A3A}.Debug|Any CPU.ActiveCfg = Debug|Any CPU
		{D680B5DB-B943-4BB5-891A-1695DEF86A3A}.Debug|Any CPU.Build.0 = Debug|Any CPU
		{D680B5DB-B943-4BB5-891A-1695DEF86A3A}.Release|Any CPU.ActiveCfg = Release|Any CPU
		{D680B5DB-B943-4BB5-891A-1695DEF86A3A}.Release|Any CPU.Build.0 = Release|Any CPU
		{0F611C1B-EDFD-46E6-9C3A-95420946E9CC}.Debug|Any CPU.ActiveCfg = Debug|Any CPU
		{0F611C1B-EDFD-46E6-9C3A-95420946E9CC}.Debug|Any CPU.Build.0 = Debug|Any CPU
		{0F611C1B-EDFD-46E6-9C3A-95420946E9CC}.Release|Any CPU.ActiveCfg = Release|Any CPU
		{0F611C1B-EDFD-46E6-9C3A-95420946E9CC}.Release|Any CPU.Build.0 = Release|Any CPU
		{67CDFD3A-450F-4CD4-9401-EF15361E2713}.Debug|Any CPU.ActiveCfg = Debug|Any CPU
		{67CDFD3A-450F-4CD4-9401-EF15361E2713}.Debug|Any CPU.Build.0 = Debug|Any CPU
		{67CDFD3A-450F-4CD4-9401-EF15361E2713}.Release|Any CPU.ActiveCfg = Release|Any CPU
		{67CDFD3A-450F-4CD4-9401-EF15361E2713}.Release|Any CPU.Build.0 = Release|Any CPU
		{2DE7CC8C-6F06-43BC-A7B6-9466BEDEAC28}.Debug|Any CPU.ActiveCfg = Debug|Any CPU
		{2DE7CC8C-6F06-43BC-A7B6-9466BEDEAC28}.Debug|Any CPU.Build.0 = Debug|Any CPU
		{2DE7CC8C-6F06-43BC-A7B6-9466BEDEAC28}.Release|Any CPU.ActiveCfg = Release|Any CPU
		{2DE7CC8C-6F06-43BC-A7B6-9466BEDEAC28}.Release|Any CPU.Build.0 = Release|Any CPU
		{FE432670-73A1-499D-A353-28FC902A43C8}.Debug|Any CPU.ActiveCfg = Debug|Any CPU
		{FE432670-73A1-499D-A353-28FC902A43C8}.Debug|Any CPU.Build.0 = Debug|Any CPU
		{FE432670-73A1-499D-A353-28FC902A43C8}.Release|Any CPU.ActiveCfg = Release|Any CPU
		{FE432670-73A1-499D-A353-28FC902A43C8}.Release|Any CPU.Build.0 = Release|Any CPU
		{10AE9F9A-C23F-44D0-9E78-B4C125597ECE}.Debug|Any CPU.ActiveCfg = Debug|Any CPU
		{10AE9F9A-C23F-44D0-9E78-B4C125597ECE}.Debug|Any CPU.Build.0 = Debug|Any CPU
		{10AE9F9A-C23F-44D0-9E78-B4C125597ECE}.Release|Any CPU.ActiveCfg = Release|Any CPU
		{10AE9F9A-C23F-44D0-9E78-B4C125597ECE}.Release|Any CPU.Build.0 = Release|Any CPU
		{E1B10210-6A42-4993-B383-0F6AAC255A24}.Debug|Any CPU.ActiveCfg = Debug|Any CPU
		{E1B10210-6A42-4993-B383-0F6AAC255A24}.Debug|Any CPU.Build.0 = Debug|Any CPU
		{E1B10210-6A42-4993-B383-0F6AAC255A24}.Release|Any CPU.ActiveCfg = Release|Any CPU
		{E1B10210-6A42-4993-B383-0F6AAC255A24}.Release|Any CPU.Build.0 = Release|Any CPU
		{8C6AADEB-D099-4D2A-8F5B-4EBC12AC9159}.Debug|Any CPU.ActiveCfg = Debug|Any CPU
		{8C6AADEB-D099-4D2A-8F5B-4EBC12AC9159}.Debug|Any CPU.Build.0 = Debug|Any CPU
		{8C6AADEB-D099-4D2A-8F5B-4EBC12AC9159}.Release|Any CPU.ActiveCfg = Release|Any CPU
		{8C6AADEB-D099-4D2A-8F5B-4EBC12AC9159}.Release|Any CPU.Build.0 = Release|Any CPU
		{EF9313A4-C6E0-40F7-9E3F-530D547D3AEF}.Debug|Any CPU.ActiveCfg = Debug|Any CPU
		{EF9313A4-C6E0-40F7-9E3F-530D547D3AEF}.Debug|Any CPU.Build.0 = Debug|Any CPU
		{EF9313A4-C6E0-40F7-9E3F-530D547D3AEF}.Release|Any CPU.ActiveCfg = Release|Any CPU
		{EF9313A4-C6E0-40F7-9E3F-530D547D3AEF}.Release|Any CPU.Build.0 = Release|Any CPU
		{60EFCB9B-E3FF-46A5-A2D2-D9F0EF75D5FE}.Debug|Any CPU.ActiveCfg = Debug|Any CPU
		{60EFCB9B-E3FF-46A5-A2D2-D9F0EF75D5FE}.Debug|Any CPU.Build.0 = Debug|Any CPU
		{60EFCB9B-E3FF-46A5-A2D2-D9F0EF75D5FE}.Release|Any CPU.ActiveCfg = Release|Any CPU
		{60EFCB9B-E3FF-46A5-A2D2-D9F0EF75D5FE}.Release|Any CPU.Build.0 = Release|Any CPU
		{CB3A30A6-56D4-4F4F-9AEF-DA55E1FF6D74}.Debug|Any CPU.ActiveCfg = Debug|Any CPU
		{CB3A30A6-56D4-4F4F-9AEF-DA55E1FF6D74}.Debug|Any CPU.Build.0 = Debug|Any CPU
		{CB3A30A6-56D4-4F4F-9AEF-DA55E1FF6D74}.Release|Any CPU.ActiveCfg = Release|Any CPU
		{CB3A30A6-56D4-4F4F-9AEF-DA55E1FF6D74}.Release|Any CPU.Build.0 = Release|Any CPU
		{4C945D49-02E9-43F2-9202-E7A6E7C56E77}.Debug|Any CPU.ActiveCfg = Debug|Any CPU
		{4C945D49-02E9-43F2-9202-E7A6E7C56E77}.Debug|Any CPU.Build.0 = Debug|Any CPU
		{4C945D49-02E9-43F2-9202-E7A6E7C56E77}.Release|Any CPU.ActiveCfg = Release|Any CPU
		{4C945D49-02E9-43F2-9202-E7A6E7C56E77}.Release|Any CPU.Build.0 = Release|Any CPU
		{50BE4C5D-4535-4449-AB5B-8DF92F005386}.Debug|Any CPU.ActiveCfg = Debug|Any CPU
		{50BE4C5D-4535-4449-AB5B-8DF92F005386}.Debug|Any CPU.Build.0 = Debug|Any CPU
		{50BE4C5D-4535-4449-AB5B-8DF92F005386}.Release|Any CPU.ActiveCfg = Release|Any CPU
		{50BE4C5D-4535-4449-AB5B-8DF92F005386}.Release|Any CPU.Build.0 = Release|Any CPU
		{98F19522-C9B8-400D-8A12-DABB3DA9411D}.Debug|Any CPU.ActiveCfg = Debug|Any CPU
		{98F19522-C9B8-400D-8A12-DABB3DA9411D}.Debug|Any CPU.Build.0 = Debug|Any CPU
		{98F19522-C9B8-400D-8A12-DABB3DA9411D}.Release|Any CPU.ActiveCfg = Release|Any CPU
		{98F19522-C9B8-400D-8A12-DABB3DA9411D}.Release|Any CPU.Build.0 = Release|Any CPU
		{57ED99CE-404E-4029-A98A-2159E2E70E22}.Debug|Any CPU.ActiveCfg = Debug|Any CPU
		{57ED99CE-404E-4029-A98A-2159E2E70E22}.Debug|Any CPU.Build.0 = Debug|Any CPU
		{57ED99CE-404E-4029-A98A-2159E2E70E22}.Release|Any CPU.ActiveCfg = Release|Any CPU
		{57ED99CE-404E-4029-A98A-2159E2E70E22}.Release|Any CPU.Build.0 = Release|Any CPU
		{9698FE03-CD65-4FBC-B734-7326674A4894}.Debug|Any CPU.ActiveCfg = Debug|Any CPU
		{9698FE03-CD65-4FBC-B734-7326674A4894}.Debug|Any CPU.Build.0 = Debug|Any CPU
		{9698FE03-CD65-4FBC-B734-7326674A4894}.Release|Any CPU.ActiveCfg = Release|Any CPU
		{9698FE03-CD65-4FBC-B734-7326674A4894}.Release|Any CPU.Build.0 = Release|Any CPU
		{AA95F54F-BEC7-469A-B420-B19D1BBB8C3F}.Debug|Any CPU.ActiveCfg = Debug|Any CPU
		{AA95F54F-BEC7-469A-B420-B19D1BBB8C3F}.Debug|Any CPU.Build.0 = Debug|Any CPU
		{AA95F54F-BEC7-469A-B420-B19D1BBB8C3F}.Release|Any CPU.ActiveCfg = Release|Any CPU
		{AA95F54F-BEC7-469A-B420-B19D1BBB8C3F}.Release|Any CPU.Build.0 = Release|Any CPU
		{F1FF896B-573D-4B67-83FB-EB9CA947188D}.Debug|Any CPU.ActiveCfg = Debug|Any CPU
		{F1FF896B-573D-4B67-83FB-EB9CA947188D}.Debug|Any CPU.Build.0 = Debug|Any CPU
		{F1FF896B-573D-4B67-83FB-EB9CA947188D}.Release|Any CPU.ActiveCfg = Release|Any CPU
		{F1FF896B-573D-4B67-83FB-EB9CA947188D}.Release|Any CPU.Build.0 = Release|Any CPU
		{B1DEC754-7B3F-4F3F-A99E-CB475C1AAFA2}.Debug|Any CPU.ActiveCfg = Debug|Any CPU
		{B1DEC754-7B3F-4F3F-A99E-CB475C1AAFA2}.Debug|Any CPU.Build.0 = Debug|Any CPU
		{B1DEC754-7B3F-4F3F-A99E-CB475C1AAFA2}.Release|Any CPU.ActiveCfg = Release|Any CPU
		{B1DEC754-7B3F-4F3F-A99E-CB475C1AAFA2}.Release|Any CPU.Build.0 = Release|Any CPU
		{CFF1D57F-9FEB-4941-B8FE-8E28F4A8AAC7}.Debug|Any CPU.ActiveCfg = Debug|Any CPU
		{CFF1D57F-9FEB-4941-B8FE-8E28F4A8AAC7}.Debug|Any CPU.Build.0 = Debug|Any CPU
		{CFF1D57F-9FEB-4941-B8FE-8E28F4A8AAC7}.Release|Any CPU.ActiveCfg = Release|Any CPU
		{CFF1D57F-9FEB-4941-B8FE-8E28F4A8AAC7}.Release|Any CPU.Build.0 = Release|Any CPU
		{B92EA46A-CD01-4717-ABE8-AA73C4F17AAB}.Debug|Any CPU.ActiveCfg = Debug|Any CPU
		{B92EA46A-CD01-4717-ABE8-AA73C4F17AAB}.Debug|Any CPU.Build.0 = Debug|Any CPU
		{B92EA46A-CD01-4717-ABE8-AA73C4F17AAB}.Release|Any CPU.ActiveCfg = Release|Any CPU
		{B92EA46A-CD01-4717-ABE8-AA73C4F17AAB}.Release|Any CPU.Build.0 = Release|Any CPU
		{280217E9-688D-4F02-B64A-78D2B3AA7BAB}.Debug|Any CPU.ActiveCfg = Debug|Any CPU
		{280217E9-688D-4F02-B64A-78D2B3AA7BAB}.Debug|Any CPU.Build.0 = Debug|Any CPU
		{280217E9-688D-4F02-B64A-78D2B3AA7BAB}.Release|Any CPU.ActiveCfg = Release|Any CPU
		{280217E9-688D-4F02-B64A-78D2B3AA7BAB}.Release|Any CPU.Build.0 = Release|Any CPU
		{652F95D4-86E2-40B6-919D-CFC6E449386B}.Debug|Any CPU.ActiveCfg = Debug|Any CPU
		{652F95D4-86E2-40B6-919D-CFC6E449386B}.Debug|Any CPU.Build.0 = Debug|Any CPU
		{652F95D4-86E2-40B6-919D-CFC6E449386B}.Release|Any CPU.ActiveCfg = Release|Any CPU
		{652F95D4-86E2-40B6-919D-CFC6E449386B}.Release|Any CPU.Build.0 = Release|Any CPU
		{19F7C7B1-9620-4F42-8F62-7C8D68EA825A}.Debug|Any CPU.ActiveCfg = Debug|Any CPU
		{19F7C7B1-9620-4F42-8F62-7C8D68EA825A}.Debug|Any CPU.Build.0 = Debug|Any CPU
		{19F7C7B1-9620-4F42-8F62-7C8D68EA825A}.Release|Any CPU.ActiveCfg = Release|Any CPU
		{19F7C7B1-9620-4F42-8F62-7C8D68EA825A}.Release|Any CPU.Build.0 = Release|Any CPU
		{DA3F2E47-AB8A-4CEC-9EDE-81DFC029E53F}.Debug|Any CPU.ActiveCfg = Debug|Any CPU
		{DA3F2E47-AB8A-4CEC-9EDE-81DFC029E53F}.Debug|Any CPU.Build.0 = Debug|Any CPU
		{DA3F2E47-AB8A-4CEC-9EDE-81DFC029E53F}.Release|Any CPU.ActiveCfg = Release|Any CPU
		{DA3F2E47-AB8A-4CEC-9EDE-81DFC029E53F}.Release|Any CPU.Build.0 = Release|Any CPU
		{EC393863-333E-49CE-94A6-654B9F323954}.Debug|Any CPU.ActiveCfg = Debug|Any CPU
		{EC393863-333E-49CE-94A6-654B9F323954}.Debug|Any CPU.Build.0 = Debug|Any CPU
		{EC393863-333E-49CE-94A6-654B9F323954}.Release|Any CPU.ActiveCfg = Release|Any CPU
		{EC393863-333E-49CE-94A6-654B9F323954}.Release|Any CPU.Build.0 = Release|Any CPU
		{6C51A1E3-7F20-4696-BFD6-829134678341}.Debug|Any CPU.ActiveCfg = Debug|Any CPU
		{6C51A1E3-7F20-4696-BFD6-829134678341}.Debug|Any CPU.Build.0 = Debug|Any CPU
		{6C51A1E3-7F20-4696-BFD6-829134678341}.Release|Any CPU.ActiveCfg = Release|Any CPU
		{6C51A1E3-7F20-4696-BFD6-829134678341}.Release|Any CPU.Build.0 = Release|Any CPU
		{ECCA4D19-65D7-4EED-B8EC-56AF79F41E69}.Debug|Any CPU.ActiveCfg = Debug|Any CPU
		{ECCA4D19-65D7-4EED-B8EC-56AF79F41E69}.Debug|Any CPU.Build.0 = Debug|Any CPU
		{ECCA4D19-65D7-4EED-B8EC-56AF79F41E69}.Release|Any CPU.ActiveCfg = Release|Any CPU
		{ECCA4D19-65D7-4EED-B8EC-56AF79F41E69}.Release|Any CPU.Build.0 = Release|Any CPU
		{CC39D6D0-2467-4DD5-A53E-92D580B60038}.Debug|Any CPU.ActiveCfg = Debug|Any CPU
		{CC39D6D0-2467-4DD5-A53E-92D580B60038}.Debug|Any CPU.Build.0 = Debug|Any CPU
		{CC39D6D0-2467-4DD5-A53E-92D580B60038}.Release|Any CPU.ActiveCfg = Release|Any CPU
		{CC39D6D0-2467-4DD5-A53E-92D580B60038}.Release|Any CPU.Build.0 = Release|Any CPU
		{2409063E-BE05-4596-A677-758096D1C759}.Debug|Any CPU.ActiveCfg = Debug|Any CPU
		{2409063E-BE05-4596-A677-758096D1C759}.Debug|Any CPU.Build.0 = Debug|Any CPU
		{2409063E-BE05-4596-A677-758096D1C759}.Release|Any CPU.ActiveCfg = Release|Any CPU
		{2409063E-BE05-4596-A677-758096D1C759}.Release|Any CPU.Build.0 = Release|Any CPU
		{BB60A834-F753-4091-9709-676B6A9F0188}.Debug|Any CPU.ActiveCfg = Debug|Any CPU
		{BB60A834-F753-4091-9709-676B6A9F0188}.Debug|Any CPU.Build.0 = Debug|Any CPU
		{BB60A834-F753-4091-9709-676B6A9F0188}.Release|Any CPU.ActiveCfg = Release|Any CPU
		{BB60A834-F753-4091-9709-676B6A9F0188}.Release|Any CPU.Build.0 = Release|Any CPU
		{E572DC59-2A96-482F-BE39-E938AB47EA9D}.Debug|Any CPU.ActiveCfg = Debug|Any CPU
		{E572DC59-2A96-482F-BE39-E938AB47EA9D}.Debug|Any CPU.Build.0 = Debug|Any CPU
		{E572DC59-2A96-482F-BE39-E938AB47EA9D}.Release|Any CPU.ActiveCfg = Release|Any CPU
		{E572DC59-2A96-482F-BE39-E938AB47EA9D}.Release|Any CPU.Build.0 = Release|Any CPU
		{844F5EC4-9224-42A9-986D-CE645AC970F2}.Debug|Any CPU.ActiveCfg = Debug|Any CPU
		{844F5EC4-9224-42A9-986D-CE645AC970F2}.Debug|Any CPU.Build.0 = Debug|Any CPU
		{844F5EC4-9224-42A9-986D-CE645AC970F2}.Release|Any CPU.ActiveCfg = Release|Any CPU
		{844F5EC4-9224-42A9-986D-CE645AC970F2}.Release|Any CPU.Build.0 = Release|Any CPU
		{86CAA470-BFAC-4D14-B4C2-C5BEFE3AD003}.Debug|Any CPU.ActiveCfg = Debug|Any CPU
		{86CAA470-BFAC-4D14-B4C2-C5BEFE3AD003}.Debug|Any CPU.Build.0 = Debug|Any CPU
		{86CAA470-BFAC-4D14-B4C2-C5BEFE3AD003}.Release|Any CPU.ActiveCfg = Release|Any CPU
		{86CAA470-BFAC-4D14-B4C2-C5BEFE3AD003}.Release|Any CPU.Build.0 = Release|Any CPU
		{26AA3359-6571-4575-845D-ED05E4EDB586}.Debug|Any CPU.ActiveCfg = Debug|Any CPU
		{26AA3359-6571-4575-845D-ED05E4EDB586}.Debug|Any CPU.Build.0 = Debug|Any CPU
		{26AA3359-6571-4575-845D-ED05E4EDB586}.Release|Any CPU.ActiveCfg = Release|Any CPU
		{26AA3359-6571-4575-845D-ED05E4EDB586}.Release|Any CPU.Build.0 = Release|Any CPU
		{B39CC8B7-1391-40AF-9DA3-BF294CB16383}.Debug|Any CPU.ActiveCfg = Debug|Any CPU
		{B39CC8B7-1391-40AF-9DA3-BF294CB16383}.Debug|Any CPU.Build.0 = Debug|Any CPU
		{B39CC8B7-1391-40AF-9DA3-BF294CB16383}.Release|Any CPU.ActiveCfg = Release|Any CPU
		{B39CC8B7-1391-40AF-9DA3-BF294CB16383}.Release|Any CPU.Build.0 = Release|Any CPU
		{9962F772-E75C-4998-A45B-3CD99C2E2903}.Debug|Any CPU.ActiveCfg = Debug|Any CPU
		{9962F772-E75C-4998-A45B-3CD99C2E2903}.Debug|Any CPU.Build.0 = Debug|Any CPU
		{9962F772-E75C-4998-A45B-3CD99C2E2903}.Release|Any CPU.ActiveCfg = Release|Any CPU
		{9962F772-E75C-4998-A45B-3CD99C2E2903}.Release|Any CPU.Build.0 = Release|Any CPU
		{8A7E5413-3F2C-4C09-92A7-F5A3AC9F2F93}.Debug|Any CPU.ActiveCfg = Debug|Any CPU
		{8A7E5413-3F2C-4C09-92A7-F5A3AC9F2F93}.Debug|Any CPU.Build.0 = Debug|Any CPU
		{8A7E5413-3F2C-4C09-92A7-F5A3AC9F2F93}.Release|Any CPU.ActiveCfg = Release|Any CPU
		{8A7E5413-3F2C-4C09-92A7-F5A3AC9F2F93}.Release|Any CPU.Build.0 = Release|Any CPU
		{0C47AD89-6D32-4FD8-963F-EF29075EED68}.Debug|Any CPU.ActiveCfg = Debug|Any CPU
		{0C47AD89-6D32-4FD8-963F-EF29075EED68}.Debug|Any CPU.Build.0 = Debug|Any CPU
		{0C47AD89-6D32-4FD8-963F-EF29075EED68}.Release|Any CPU.ActiveCfg = Release|Any CPU
		{0C47AD89-6D32-4FD8-963F-EF29075EED68}.Release|Any CPU.Build.0 = Release|Any CPU
		{ED24B4A4-1147-45C4-9DE4-D1AEE3878FAD}.Debug|Any CPU.ActiveCfg = Debug|Any CPU
		{ED24B4A4-1147-45C4-9DE4-D1AEE3878FAD}.Debug|Any CPU.Build.0 = Debug|Any CPU
		{ED24B4A4-1147-45C4-9DE4-D1AEE3878FAD}.Release|Any CPU.ActiveCfg = Release|Any CPU
		{ED24B4A4-1147-45C4-9DE4-D1AEE3878FAD}.Release|Any CPU.Build.0 = Release|Any CPU
		{BECD2438-F285-480D-919E-D295752D92A1}.Debug|Any CPU.ActiveCfg = Debug|Any CPU
		{BECD2438-F285-480D-919E-D295752D92A1}.Debug|Any CPU.Build.0 = Debug|Any CPU
		{BECD2438-F285-480D-919E-D295752D92A1}.Release|Any CPU.ActiveCfg = Release|Any CPU
		{BECD2438-F285-480D-919E-D295752D92A1}.Release|Any CPU.Build.0 = Release|Any CPU
		{D4E7ED6A-C283-4697-BC76-74EBC84F8455}.Debug|Any CPU.ActiveCfg = Debug|Any CPU
		{D4E7ED6A-C283-4697-BC76-74EBC84F8455}.Debug|Any CPU.Build.0 = Debug|Any CPU
		{D4E7ED6A-C283-4697-BC76-74EBC84F8455}.Release|Any CPU.ActiveCfg = Release|Any CPU
		{D4E7ED6A-C283-4697-BC76-74EBC84F8455}.Release|Any CPU.Build.0 = Release|Any CPU
		{8B029508-E9E0-4646-A5AF-68B4015D8C61}.Debug|Any CPU.ActiveCfg = Debug|Any CPU
		{8B029508-E9E0-4646-A5AF-68B4015D8C61}.Debug|Any CPU.Build.0 = Debug|Any CPU
		{8B029508-E9E0-4646-A5AF-68B4015D8C61}.Release|Any CPU.ActiveCfg = Release|Any CPU
		{8B029508-E9E0-4646-A5AF-68B4015D8C61}.Release|Any CPU.Build.0 = Release|Any CPU
		{9A3F9825-B974-4F92-86A2-21FC3A444392}.Debug|Any CPU.ActiveCfg = Debug|Any CPU
		{9A3F9825-B974-4F92-86A2-21FC3A444392}.Debug|Any CPU.Build.0 = Debug|Any CPU
		{9A3F9825-B974-4F92-86A2-21FC3A444392}.Release|Any CPU.ActiveCfg = Release|Any CPU
		{9A3F9825-B974-4F92-86A2-21FC3A444392}.Release|Any CPU.Build.0 = Release|Any CPU
		{5CE5406D-92AB-45ED-A4C9-921745E38BE1}.Debug|Any CPU.ActiveCfg = Debug|Any CPU
		{5CE5406D-92AB-45ED-A4C9-921745E38BE1}.Debug|Any CPU.Build.0 = Debug|Any CPU
		{5CE5406D-92AB-45ED-A4C9-921745E38BE1}.Release|Any CPU.ActiveCfg = Release|Any CPU
		{5CE5406D-92AB-45ED-A4C9-921745E38BE1}.Release|Any CPU.Build.0 = Release|Any CPU
		{0C9EE31D-A700-485B-948A-68E4A3614E71}.Debug|Any CPU.ActiveCfg = Debug|Any CPU
		{0C9EE31D-A700-485B-948A-68E4A3614E71}.Debug|Any CPU.Build.0 = Debug|Any CPU
		{0C9EE31D-A700-485B-948A-68E4A3614E71}.Release|Any CPU.ActiveCfg = Release|Any CPU
		{0C9EE31D-A700-485B-948A-68E4A3614E71}.Release|Any CPU.Build.0 = Release|Any CPU
		{32D54D33-206F-44EE-8329-8480ABE049B1}.Debug|Any CPU.ActiveCfg = Debug|Any CPU
		{32D54D33-206F-44EE-8329-8480ABE049B1}.Debug|Any CPU.Build.0 = Debug|Any CPU
		{32D54D33-206F-44EE-8329-8480ABE049B1}.Release|Any CPU.ActiveCfg = Release|Any CPU
		{32D54D33-206F-44EE-8329-8480ABE049B1}.Release|Any CPU.Build.0 = Release|Any CPU
		{8F649EDC-B84C-4F20-81AD-221ACA465E1D}.Debug|Any CPU.ActiveCfg = Debug|Any CPU
		{8F649EDC-B84C-4F20-81AD-221ACA465E1D}.Debug|Any CPU.Build.0 = Debug|Any CPU
		{8F649EDC-B84C-4F20-81AD-221ACA465E1D}.Release|Any CPU.ActiveCfg = Release|Any CPU
		{8F649EDC-B84C-4F20-81AD-221ACA465E1D}.Release|Any CPU.Build.0 = Release|Any CPU
		{A3135261-0009-4F9C-A339-2900143E20F0}.Debug|Any CPU.ActiveCfg = Debug|Any CPU
		{A3135261-0009-4F9C-A339-2900143E20F0}.Debug|Any CPU.Build.0 = Debug|Any CPU
		{A3135261-0009-4F9C-A339-2900143E20F0}.Release|Any CPU.ActiveCfg = Release|Any CPU
		{A3135261-0009-4F9C-A339-2900143E20F0}.Release|Any CPU.Build.0 = Release|Any CPU
		{BAD20F91-0A6C-401C-8368-B8FFF7E256BA}.Debug|Any CPU.ActiveCfg = Debug|Any CPU
		{BAD20F91-0A6C-401C-8368-B8FFF7E256BA}.Debug|Any CPU.Build.0 = Debug|Any CPU
		{BAD20F91-0A6C-401C-8368-B8FFF7E256BA}.Release|Any CPU.ActiveCfg = Release|Any CPU
		{BAD20F91-0A6C-401C-8368-B8FFF7E256BA}.Release|Any CPU.Build.0 = Release|Any CPU
		{60C7AA6D-7DF1-432C-9E93-C01A64747ABD}.Debug|Any CPU.ActiveCfg = Debug|Any CPU
		{60C7AA6D-7DF1-432C-9E93-C01A64747ABD}.Debug|Any CPU.Build.0 = Debug|Any CPU
		{60C7AA6D-7DF1-432C-9E93-C01A64747ABD}.Release|Any CPU.ActiveCfg = Release|Any CPU
		{60C7AA6D-7DF1-432C-9E93-C01A64747ABD}.Release|Any CPU.Build.0 = Release|Any CPU
		{8AC538A8-8801-47E4-A96C-A0EC8AF6C341}.Debug|Any CPU.ActiveCfg = Debug|Any CPU
		{8AC538A8-8801-47E4-A96C-A0EC8AF6C341}.Debug|Any CPU.Build.0 = Debug|Any CPU
		{8AC538A8-8801-47E4-A96C-A0EC8AF6C341}.Release|Any CPU.ActiveCfg = Release|Any CPU
		{8AC538A8-8801-47E4-A96C-A0EC8AF6C341}.Release|Any CPU.Build.0 = Release|Any CPU
		{EC7ABF4F-A17B-4607-BD56-2C6DA35340C0}.Debug|Any CPU.ActiveCfg = Debug|Any CPU
		{EC7ABF4F-A17B-4607-BD56-2C6DA35340C0}.Debug|Any CPU.Build.0 = Debug|Any CPU
		{EC7ABF4F-A17B-4607-BD56-2C6DA35340C0}.Release|Any CPU.ActiveCfg = Release|Any CPU
		{EC7ABF4F-A17B-4607-BD56-2C6DA35340C0}.Release|Any CPU.Build.0 = Release|Any CPU
		{7491F9EB-B0D8-4E40-B5DE-C4CE1229C33A}.Debug|Any CPU.ActiveCfg = Debug|Any CPU
		{7491F9EB-B0D8-4E40-B5DE-C4CE1229C33A}.Debug|Any CPU.Build.0 = Debug|Any CPU
		{7491F9EB-B0D8-4E40-B5DE-C4CE1229C33A}.Release|Any CPU.ActiveCfg = Release|Any CPU
		{7491F9EB-B0D8-4E40-B5DE-C4CE1229C33A}.Release|Any CPU.Build.0 = Release|Any CPU
		{19F55512-3F9D-4032-B195-223E51F47635}.Debug|Any CPU.ActiveCfg = Debug|Any CPU
		{19F55512-3F9D-4032-B195-223E51F47635}.Debug|Any CPU.Build.0 = Debug|Any CPU
		{19F55512-3F9D-4032-B195-223E51F47635}.Release|Any CPU.ActiveCfg = Release|Any CPU
		{19F55512-3F9D-4032-B195-223E51F47635}.Release|Any CPU.Build.0 = Release|Any CPU
		{07B01B42-54DC-4A99-B856-0EA5515684AC}.Debug|Any CPU.ActiveCfg = Debug|Any CPU
		{07B01B42-54DC-4A99-B856-0EA5515684AC}.Debug|Any CPU.Build.0 = Debug|Any CPU
		{07B01B42-54DC-4A99-B856-0EA5515684AC}.Release|Any CPU.ActiveCfg = Release|Any CPU
		{07B01B42-54DC-4A99-B856-0EA5515684AC}.Release|Any CPU.Build.0 = Release|Any CPU
		{0F1CAD31-322E-4266-B3A0-BB424E1AE0A9}.Debug|Any CPU.ActiveCfg = Debug|Any CPU
		{0F1CAD31-322E-4266-B3A0-BB424E1AE0A9}.Debug|Any CPU.Build.0 = Debug|Any CPU
		{0F1CAD31-322E-4266-B3A0-BB424E1AE0A9}.Release|Any CPU.ActiveCfg = Release|Any CPU
		{0F1CAD31-322E-4266-B3A0-BB424E1AE0A9}.Release|Any CPU.Build.0 = Release|Any CPU
		{A3CF9ED0-BE9A-4534-B756-3D680D607B0C}.Debug|Any CPU.ActiveCfg = Debug|Any CPU
		{A3CF9ED0-BE9A-4534-B756-3D680D607B0C}.Debug|Any CPU.Build.0 = Debug|Any CPU
		{A3CF9ED0-BE9A-4534-B756-3D680D607B0C}.Release|Any CPU.ActiveCfg = Release|Any CPU
		{A3CF9ED0-BE9A-4534-B756-3D680D607B0C}.Release|Any CPU.Build.0 = Release|Any CPU
		{BCDBC6AC-C85A-4564-AB6E-354262BB1A87}.Debug|Any CPU.ActiveCfg = Debug|Any CPU
		{BCDBC6AC-C85A-4564-AB6E-354262BB1A87}.Debug|Any CPU.Build.0 = Debug|Any CPU
		{BCDBC6AC-C85A-4564-AB6E-354262BB1A87}.Release|Any CPU.ActiveCfg = Release|Any CPU
		{BCDBC6AC-C85A-4564-AB6E-354262BB1A87}.Release|Any CPU.Build.0 = Release|Any CPU
	EndGlobalSection
	GlobalSection(SolutionProperties) = preSolution
		HideSolutionNode = FALSE
	EndGlobalSection
	GlobalSection(NestedProjects) = preSolution
		{E4FA5B53-7D36-429E-8E5C-53D5479242BA} = {9052ED13-642D-4978-8EA1-13D82C9885F1}
		{087AD3BF-5E40-450D-8138-FBB5F57AC474} = {9052ED13-642D-4978-8EA1-13D82C9885F1}
		{FA79D6B4-30B1-444A-A627-ED283BF6406B} = {951A212C-D059-4A40-A0AB-EC3AB7965A8B}
		{D680B5DB-B943-4BB5-891A-1695DEF86A3A} = {951A212C-D059-4A40-A0AB-EC3AB7965A8B}
		{0F611C1B-EDFD-46E6-9C3A-95420946E9CC} = {951A212C-D059-4A40-A0AB-EC3AB7965A8B}
		{67CDFD3A-450F-4CD4-9401-EF15361E2713} = {951A212C-D059-4A40-A0AB-EC3AB7965A8B}
		{2DE7CC8C-6F06-43BC-A7B6-9466BEDEAC28} = {BCC8BF00-1EAE-4DE8-B8B2-D52B0D75E14C}
		{FE432670-73A1-499D-A353-28FC902A43C8} = {BCC8BF00-1EAE-4DE8-B8B2-D52B0D75E14C}
		{10AE9F9A-C23F-44D0-9E78-B4C125597ECE} = {BCC8BF00-1EAE-4DE8-B8B2-D52B0D75E14C}
		{E1B10210-6A42-4993-B383-0F6AAC255A24} = {BCC8BF00-1EAE-4DE8-B8B2-D52B0D75E14C}
		{8C6AADEB-D099-4D2A-8F5B-4EBC12AC9159} = {1F578847-1A2F-4355-AB94-9A295FB5FDB1}
		{EF9313A4-C6E0-40F7-9E3F-530D547D3AEF} = {1F578847-1A2F-4355-AB94-9A295FB5FDB1}
		{60EFCB9B-E3FF-46A5-A2D2-D9F0EF75D5FE} = {1F578847-1A2F-4355-AB94-9A295FB5FDB1}
		{CB3A30A6-56D4-4F4F-9AEF-DA55E1FF6D74} = {1F578847-1A2F-4355-AB94-9A295FB5FDB1}
		{4C945D49-02E9-43F2-9202-E7A6E7C56E77} = {DDE8BA15-563E-460B-8AE8-D61F2380C11C}
		{50BE4C5D-4535-4449-AB5B-8DF92F005386} = {DDE8BA15-563E-460B-8AE8-D61F2380C11C}
		{98F19522-C9B8-400D-8A12-DABB3DA9411D} = {DDE8BA15-563E-460B-8AE8-D61F2380C11C}
		{57ED99CE-404E-4029-A98A-2159E2E70E22} = {DDE8BA15-563E-460B-8AE8-D61F2380C11C}
		{9698FE03-CD65-4FBC-B734-7326674A4894} = {DDE8BA15-563E-460B-8AE8-D61F2380C11C}
		{AA95F54F-BEC7-469A-B420-B19D1BBB8C3F} = {DDE8BA15-563E-460B-8AE8-D61F2380C11C}
		{F1FF896B-573D-4B67-83FB-EB9CA947188D} = {DDE8BA15-563E-460B-8AE8-D61F2380C11C}
		{B1DEC754-7B3F-4F3F-A99E-CB475C1AAFA2} = {DDE8BA15-563E-460B-8AE8-D61F2380C11C}
		{CFF1D57F-9FEB-4941-B8FE-8E28F4A8AAC7} = {DDE8BA15-563E-460B-8AE8-D61F2380C11C}
		{B92EA46A-CD01-4717-ABE8-AA73C4F17AAB} = {DDE8BA15-563E-460B-8AE8-D61F2380C11C}
		{280217E9-688D-4F02-B64A-78D2B3AA7BAB} = {DDE8BA15-563E-460B-8AE8-D61F2380C11C}
		{652F95D4-86E2-40B6-919D-CFC6E449386B} = {C9EEC47E-95A8-4B99-803C-330448623768}
		{19F7C7B1-9620-4F42-8F62-7C8D68EA825A} = {C9EEC47E-95A8-4B99-803C-330448623768}
		{DA3F2E47-AB8A-4CEC-9EDE-81DFC029E53F} = {C9EEC47E-95A8-4B99-803C-330448623768}
		{EC393863-333E-49CE-94A6-654B9F323954} = {C8EA9F25-3026-443C-A573-EAFB1D100B1C}
		{6C51A1E3-7F20-4696-BFD6-829134678341} = {C8EA9F25-3026-443C-A573-EAFB1D100B1C}
		{ECCA4D19-65D7-4EED-B8EC-56AF79F41E69} = {C8EA9F25-3026-443C-A573-EAFB1D100B1C}
		{CC39D6D0-2467-4DD5-A53E-92D580B60038} = {C8EA9F25-3026-443C-A573-EAFB1D100B1C}
		{2409063E-BE05-4596-A677-758096D1C759} = {C8EA9F25-3026-443C-A573-EAFB1D100B1C}
		{BB60A834-F753-4091-9709-676B6A9F0188} = {C8EA9F25-3026-443C-A573-EAFB1D100B1C}
		{E572DC59-2A96-482F-BE39-E938AB47EA9D} = {C8EA9F25-3026-443C-A573-EAFB1D100B1C}
		{844F5EC4-9224-42A9-986D-CE645AC970F2} = {C8EA9F25-3026-443C-A573-EAFB1D100B1C}
		{86CAA470-BFAC-4D14-B4C2-C5BEFE3AD003} = {C8EA9F25-3026-443C-A573-EAFB1D100B1C}
		{26AA3359-6571-4575-845D-ED05E4EDB586} = {C8EA9F25-3026-443C-A573-EAFB1D100B1C}
		{B39CC8B7-1391-40AF-9DA3-BF294CB16383} = {C8EA9F25-3026-443C-A573-EAFB1D100B1C}
		{9962F772-E75C-4998-A45B-3CD99C2E2903} = {428C0315-1FD7-49F9-B2D2-0EA782AA3D64}
		{8A7E5413-3F2C-4C09-92A7-F5A3AC9F2F93} = {428C0315-1FD7-49F9-B2D2-0EA782AA3D64}
		{0C47AD89-6D32-4FD8-963F-EF29075EED68} = {428C0315-1FD7-49F9-B2D2-0EA782AA3D64}
		{ED24B4A4-1147-45C4-9DE4-D1AEE3878FAD} = {428C0315-1FD7-49F9-B2D2-0EA782AA3D64}
		{BECD2438-F285-480D-919E-D295752D92A1} = {428C0315-1FD7-49F9-B2D2-0EA782AA3D64}
		{D4E7ED6A-C283-4697-BC76-74EBC84F8455} = {428C0315-1FD7-49F9-B2D2-0EA782AA3D64}
		{8B029508-E9E0-4646-A5AF-68B4015D8C61} = {428C0315-1FD7-49F9-B2D2-0EA782AA3D64}
		{9A3F9825-B974-4F92-86A2-21FC3A444392} = {428C0315-1FD7-49F9-B2D2-0EA782AA3D64}
		{5CE5406D-92AB-45ED-A4C9-921745E38BE1} = {428C0315-1FD7-49F9-B2D2-0EA782AA3D64}
		{0C9EE31D-A700-485B-948A-68E4A3614E71} = {428C0315-1FD7-49F9-B2D2-0EA782AA3D64}
		{32D54D33-206F-44EE-8329-8480ABE049B1} = {428C0315-1FD7-49F9-B2D2-0EA782AA3D64}
		{8F649EDC-B84C-4F20-81AD-221ACA465E1D} = {428C0315-1FD7-49F9-B2D2-0EA782AA3D64}
		{A3135261-0009-4F9C-A339-2900143E20F0} = {428C0315-1FD7-49F9-B2D2-0EA782AA3D64}
		{BAD20F91-0A6C-401C-8368-B8FFF7E256BA} = {428C0315-1FD7-49F9-B2D2-0EA782AA3D64}
		{60C7AA6D-7DF1-432C-9E93-C01A64747ABD} = {428C0315-1FD7-49F9-B2D2-0EA782AA3D64}
		{8AC538A8-8801-47E4-A96C-A0EC8AF6C341} = {428C0315-1FD7-49F9-B2D2-0EA782AA3D64}
		{EC7ABF4F-A17B-4607-BD56-2C6DA35340C0} = {428C0315-1FD7-49F9-B2D2-0EA782AA3D64}
		{7491F9EB-B0D8-4E40-B5DE-C4CE1229C33A} = {428C0315-1FD7-49F9-B2D2-0EA782AA3D64}
		{19F55512-3F9D-4032-B195-223E51F47635} = {428C0315-1FD7-49F9-B2D2-0EA782AA3D64}
		{07B01B42-54DC-4A99-B856-0EA5515684AC} = {428C0315-1FD7-49F9-B2D2-0EA782AA3D64}
		{0F1CAD31-322E-4266-B3A0-BB424E1AE0A9} = {428C0315-1FD7-49F9-B2D2-0EA782AA3D64}
		{A3CF9ED0-BE9A-4534-B756-3D680D607B0C} = {428C0315-1FD7-49F9-B2D2-0EA782AA3D64}
		{BCDBC6AC-C85A-4564-AB6E-354262BB1A87} = {428C0315-1FD7-49F9-B2D2-0EA782AA3D64}
	EndGlobalSection
EndGlobal
