
Microsoft Visual Studio Solution File, Format Version 10.00
# Visual Studio 2008
Project("{2150E333-8FDC-42A3-9474-1A3956D46DE8}") = "Base", "Base", "{1B38B402-156C-4E8B-88F3-750781E1345F}"
EndProject
Project("{2150E333-8FDC-42A3-9474-1A3956D46DE8}") = "Components", "Components", "{AC69A479-FE04-4C57-BD01-CCB391546FF6}"
EndProject
Project("{FAE04EC0-301F-11D3-BF4B-00C04F79EFBC}") = "Castle.Core-vs2008", "..\..\Core\Castle.Core\Castle.Core-vs2008.csproj", "{E4FA5B53-7D36-429E-8E5C-53D5479242BA}"
EndProject
Project("{FAE04EC0-301F-11D3-BF4B-00C04F79EFBC}") = "Castle.Components.Pagination-vs2008", "Castle.Components.Pagination\Castle.Components.Pagination-vs2008.csproj", "{03FF90E2-1DDC-4E60-BDEA-86BF9B31130C}"
EndProject
Project("{2150E333-8FDC-42A3-9474-1A3956D46DE8}") = "Tests", "Tests", "{ACCA2D31-3394-4BFD-9D4B-3DD2AD613526}"
EndProject
Project("{FAE04EC0-301F-11D3-BF4B-00C04F79EFBC}") = "Castle.Components.Pagination.Tests-vs2008", "Castle.Components.Pagination.Tests\Castle.Components.Pagination.Tests-vs2008.csproj", "{B6512835-8CA7-44C0-9D2B-C2884D7D2DCF}"
EndProject
Global
	GlobalSection(SolutionConfigurationPlatforms) = preSolution
		Debug|Any CPU = Debug|Any CPU
		Release|Any CPU = Release|Any CPU
	EndGlobalSection
	GlobalSection(ProjectConfigurationPlatforms) = postSolution
		{E4FA5B53-7D36-429E-8E5C-53D5479242BA}.Debug|Any CPU.ActiveCfg = Debug|Any CPU
		{E4FA5B53-7D36-429E-8E5C-53D5479242BA}.Debug|Any CPU.Build.0 = Debug|Any CPU
		{E4FA5B53-7D36-429E-8E5C-53D5479242BA}.Release|Any CPU.ActiveCfg = Release|Any CPU
		{E4FA5B53-7D36-429E-8E5C-53D5479242BA}.Release|Any CPU.Build.0 = Release|Any CPU
		{03FF90E2-1DDC-4E60-BDEA-86BF9B31130C}.Debug|Any CPU.ActiveCfg = Debug|Any CPU
		{03FF90E2-1DDC-4E60-BDEA-86BF9B31130C}.Debug|Any CPU.Build.0 = Debug|Any CPU
		{03FF90E2-1DDC-4E60-BDEA-86BF9B31130C}.Release|Any CPU.ActiveCfg = Release|Any CPU
		{03FF90E2-1DDC-4E60-BDEA-86BF9B31130C}.Release|Any CPU.Build.0 = Release|Any CPU
		{B6512835-8CA7-44C0-9D2B-C2884D7D2DCF}.Debug|Any CPU.ActiveCfg = Debug|Any CPU
		{B6512835-8CA7-44C0-9D2B-C2884D7D2DCF}.Debug|Any CPU.Build.0 = Debug|Any CPU
		{B6512835-8CA7-44C0-9D2B-C2884D7D2DCF}.Release|Any CPU.ActiveCfg = Release|Any CPU
		{B6512835-8CA7-44C0-9D2B-C2884D7D2DCF}.Release|Any CPU.Build.0 = Release|Any CPU
	EndGlobalSection
	GlobalSection(SolutionProperties) = preSolution
		HideSolutionNode = FALSE
	EndGlobalSection
	GlobalSection(NestedProjects) = preSolution
		{E4FA5B53-7D36-429E-8E5C-53D5479242BA} = {AC69A479-FE04-4C57-BD01-CCB391546FF6}
		{03FF90E2-1DDC-4E60-BDEA-86BF9B31130C} = {AC69A479-FE04-4C57-BD01-CCB391546FF6}
		{B6512835-8CA7-44C0-9D2B-C2884D7D2DCF} = {ACCA2D31-3394-4BFD-9D4B-3DD2AD613526}
	EndGlobalSection
EndGlobal
