
Microsoft Visual Studio Solution File, Format Version 9.00
# Visual Studio 2005
Project("{FAE04EC0-301F-11D3-BF4B-00C04F79EFBC}") = "NShop", "NShop\NShop.csproj", "{2D60FAEA-A2BA-410A-BF65-5AED522C5B9D}"
EndProject
Project("{FAE04EC0-301F-11D3-BF4B-00C04F79EFBC}") = "Castle.MicroKernel-2-0", "..\..\..\InversionOfControl\Castle.MicroKernel\Castle.MicroKernel-2-0.csproj", "{8C6AADEB-D099-4D2A-8F5B-4EBC12AC9159}"
EndProject
Project("{FAE04EC0-301F-11D3-BF4B-00C04F79EFBC}") = "Castle.Model-2-0", "..\..\..\InversionOfControl\Castle.Model\Castle.Model-2-0.csproj", "{6F052973-C8E0-41EB-BAAF-B052509B5597}"
EndProject
Project("{FAE04EC0-301F-11D3-BF4B-00C04F79EFBC}") = "Castle.Windsor-2-0", "..\..\..\InversionOfControl\Castle.Windsor\Castle.Windsor-2-0.csproj", "{60EFCB9B-E3FF-46A5-A2D2-D9F0EF75D5FE}"
EndProject
Global
	GlobalSection(SolutionConfigurationPlatforms) = preSolution
		Debug|Any CPU = Debug|Any CPU
		Release|Any CPU = Release|Any CPU
	EndGlobalSection
	GlobalSection(ProjectConfigurationPlatforms) = postSolution
		{2D60FAEA-A2BA-410A-BF65-5AED522C5B9D}.Debug|Any CPU.ActiveCfg = Debug|Any CPU
		{2D60FAEA-A2BA-410A-BF65-5AED522C5B9D}.Debug|Any CPU.Build.0 = Debug|Any CPU
		{2D60FAEA-A2BA-410A-BF65-5AED522C5B9D}.Release|Any CPU.ActiveCfg = Release|Any CPU
		{2D60FAEA-A2BA-410A-BF65-5AED522C5B9D}.Release|Any CPU.Build.0 = Release|Any CPU
		{8C6AADEB-D099-4D2A-8F5B-4EBC12AC9159}.Debug|Any CPU.ActiveCfg = Debug|Any CPU
		{8C6AADEB-D099-4D2A-8F5B-4EBC12AC9159}.Debug|Any CPU.Build.0 = Debug|Any CPU
		{8C6AADEB-D099-4D2A-8F5B-4EBC12AC9159}.Release|Any CPU.ActiveCfg = Release|Any CPU
		{8C6AADEB-D099-4D2A-8F5B-4EBC12AC9159}.Release|Any CPU.Build.0 = Release|Any CPU
		{6F052973-C8E0-41EB-BAAF-B052509B5597}.Debug|Any CPU.ActiveCfg = Debug|Any CPU
		{6F052973-C8E0-41EB-BAAF-B052509B5597}.Debug|Any CPU.Build.0 = Debug|Any CPU
		{6F052973-C8E0-41EB-BAAF-B052509B5597}.Release|Any CPU.ActiveCfg = Release|Any CPU
		{6F052973-C8E0-41EB-BAAF-B052509B5597}.Release|Any CPU.Build.0 = Release|Any CPU
		{60EFCB9B-E3FF-46A5-A2D2-D9F0EF75D5FE}.Debug|Any CPU.ActiveCfg = Debug|Any CPU
		{60EFCB9B-E3FF-46A5-A2D2-D9F0EF75D5FE}.Debug|Any CPU.Build.0 = Debug|Any CPU
		{60EFCB9B-E3FF-46A5-A2D2-D9F0EF75D5FE}.Release|Any CPU.ActiveCfg = Release|Any CPU
		{60EFCB9B-E3FF-46A5-A2D2-D9F0EF75D5FE}.Release|Any CPU.Build.0 = Release|Any CPU
	EndGlobalSection
	GlobalSection(SolutionProperties) = preSolution
		HideSolutionNode = FALSE
	EndGlobalSection
EndGlobal
