Microsoft Visual Studio Solution File, Format Version 8.00
Project("{FAE04EC0-301F-11D3-BF4B-00C04F79EFBC}") = "Castle.Facilities.Startable", "Castle.Facilities.Startable\Castle.Facilities.Startable.csproj", "{FB937092-633B-49A1-BC1E-37B8D5EEFBB0}"
	ProjectSection(ProjectDependencies) = postProject
	EndProjectSection
EndProject
Project("{FAE04EC0-301F-11D3-BF4B-00C04F79EFBC}") = "Castle.Facilities.Startable.Tests", "Castle.Facilities.Startable.Tests\Castle.Facilities.Startable.Tests.csproj", "{EC041291-4687-47DA-975D-E5A541BF6432}"
	ProjectSection(ProjectDependencies) = postProject
	EndProjectSection
EndProject
Global
	GlobalSection(SolutionConfiguration) = preSolution
		Debug = Debug
		Release = Release
	EndGlobalSection
	GlobalSection(ProjectConfiguration) = postSolution
		{FB937092-633B-49A1-BC1E-37B8D5EEFBB0}.Debug.ActiveCfg = Debug|.NET
		{FB937092-633B-49A1-BC1E-37B8D5EEFBB0}.Debug.Build.0 = Debug|.NET
		{FB937092-633B-49A1-BC1E-37B8D5EEFBB0}.Release.ActiveCfg = Release|.NET
		{FB937092-633B-49A1-BC1E-37B8D5EEFBB0}.Release.Build.0 = Release|.NET
		{EC041291-4687-47DA-975D-E5A541BF6432}.Debug.ActiveCfg = Debug|.NET
		{EC041291-4687-47DA-975D-E5A541BF6432}.Debug.Build.0 = Debug|.NET
		{EC041291-4687-47DA-975D-E5A541BF6432}.Release.ActiveCfg = Release|.NET
		{EC041291-4687-47DA-975D-E5A541BF6432}.Release.Build.0 = Release|.NET
	EndGlobalSection
	GlobalSection(SolutionItems) = postSolution
		Changes.txt = Changes.txt
		default.build = default.build
		License.txt = License.txt
		Readme.txt = Readme.txt
	EndGlobalSection
	GlobalSection(ExtensibilityGlobals) = postSolution
	EndGlobalSection
	GlobalSection(ExtensibilityAddIns) = postSolution
	EndGlobalSection
EndGlobal
