Microsoft Visual Studio Solution File, Format Version 10.00
# Visual Studio 2008
Project("{FAE04EC0-301F-11D3-BF4B-00C04F79EFBC}") = "FormHelperSample-vs2008", "FormHelperSample\FormHelperSample-vs2008.csproj", "{CCFA9819-B85E-437F-A08C-5EEC3F4F927E}"
EndProject
Global
	GlobalSection(SolutionConfigurationPlatforms) = preSolution
		Debug|Any CPU = Debug|Any CPU
		Release|Any CPU = Release|Any CPU
	EndGlobalSection
	GlobalSection(ProjectConfigurationPlatforms) = postSolution
		{CCFA9819-B85E-437F-A08C-5EEC3F4F927E}.Debug|Any CPU.ActiveCfg = Debug|Any CPU
		{CCFA9819-B85E-437F-A08C-5EEC3F4F927E}.Debug|Any CPU.Build.0 = Debug|Any CPU
		{CCFA9819-B85E-437F-A08C-5EEC3F4F927E}.Release|Any CPU.ActiveCfg = Release|Any CPU
		{CCFA9819-B85E-437F-A08C-5EEC3F4F927E}.Release|Any CPU.Build.0 = Release|Any CPU
	EndGlobalSection
	GlobalSection(SolutionProperties) = preSolution
		HideSolutionNode = FALSE
	EndGlobalSection
EndGlobal
