
Microsoft Visual Studio Solution File, Format Version 9.00
# Visual Studio 2005
Project("{FAE04EC0-301F-11D3-BF4B-00C04F79EFBC}") = "Core", "src\Core\Core.csproj", "{F0B91A6B-6189-41CC-9835-438F4BBB9C21}"
EndProject
Project("{FAE04EC0-301F-11D3-BF4B-00C04F79EFBC}") = "Tests", "src\Tests\Tests.csproj", "{8B2BBD3A-DC3A-4DC0-B2A9-4FA2AE9AAEE2}"
EndProject
Project("{FAE04EC0-301F-11D3-BF4B-00C04F79EFBC}") = "Web", "src\Web\Web.csproj", "{BEC1E408-44F3-4C97-9E66-A7031CF90809}"
EndProject
Global
	GlobalSection(SolutionConfigurationPlatforms) = preSolution
		Debug|Any CPU = Debug|Any CPU
		Release|Any CPU = Release|Any CPU
	EndGlobalSection
	GlobalSection(ProjectConfigurationPlatforms) = postSolution
		{F0B91A6B-6189-41CC-9835-438F4BBB9C21}.Debug|Any CPU.ActiveCfg = Debug|Any CPU
		{F0B91A6B-6189-41CC-9835-438F4BBB9C21}.Debug|Any CPU.Build.0 = Debug|Any CPU
		{F0B91A6B-6189-41CC-9835-438F4BBB9C21}.Release|Any CPU.ActiveCfg = Release|Any CPU
		{F0B91A6B-6189-41CC-9835-438F4BBB9C21}.Release|Any CPU.Build.0 = Release|Any CPU
		{8B2BBD3A-DC3A-4DC0-B2A9-4FA2AE9AAEE2}.Debug|Any CPU.ActiveCfg = Debug|Any CPU
		{8B2BBD3A-DC3A-4DC0-B2A9-4FA2AE9AAEE2}.Debug|Any CPU.Build.0 = Debug|Any CPU
		{8B2BBD3A-DC3A-4DC0-B2A9-4FA2AE9AAEE2}.Release|Any CPU.ActiveCfg = Release|Any CPU
		{8B2BBD3A-DC3A-4DC0-B2A9-4FA2AE9AAEE2}.Release|Any CPU.Build.0 = Release|Any CPU
		{BEC1E408-44F3-4C97-9E66-A7031CF90809}.Debug|Any CPU.ActiveCfg = Debug|Any CPU
		{BEC1E408-44F3-4C97-9E66-A7031CF90809}.Debug|Any CPU.Build.0 = Debug|Any CPU
		{BEC1E408-44F3-4C97-9E66-A7031CF90809}.Release|Any CPU.ActiveCfg = Release|Any CPU
		{BEC1E408-44F3-4C97-9E66-A7031CF90809}.Release|Any CPU.Build.0 = Release|Any CPU
	EndGlobalSection
	GlobalSection(SolutionProperties) = preSolution
		HideSolutionNode = FALSE
	EndGlobalSection
EndGlobal
