Microsoft Visual Studio Solution File, Format Version 8.00
Project("{FAE04EC0-301F-11D3-BF4B-00C04F79EFBC}") = "Castle.Facilities.AspectSharp", "Castle.Facilities.AspectSharp\Castle.Facilities.AspectSharp-vs2003.csproj", "{E276ABC2-D29D-436F-856C-0CBC0D4F02B5}"
	ProjectSection(ProjectDependencies) = postProject
	EndProjectSection
EndProject
Project("{FAE04EC0-301F-11D3-BF4B-00C04F79EFBC}") = "Castle.Facilities.AspectSharp.Tests", "Castle.Facilities.AspectSharp.Tests\Castle.Facilities.AspectSharp.Tests-vs2003.csproj", "{A4C8F37D-553D-48AD-8DD3-0AB0B09E43FC}"
	ProjectSection(ProjectDependencies) = postProject
	EndProjectSection
EndProject
Global
	GlobalSection(SolutionConfiguration) = preSolution
		Debug = Debug
		Release = Release
	EndGlobalSection
	GlobalSection(ProjectConfiguration) = postSolution
		{E276ABC2-D29D-436F-856C-0CBC0D4F02B5}.Debug.ActiveCfg = Debug|.NET
		{E276ABC2-D29D-436F-856C-0CBC0D4F02B5}.Debug.Build.0 = Debug|.NET
		{E276ABC2-D29D-436F-856C-0CBC0D4F02B5}.Release.ActiveCfg = Release|.NET
		{E276ABC2-D29D-436F-856C-0CBC0D4F02B5}.Release.Build.0 = Release|.NET
		{A4C8F37D-553D-48AD-8DD3-0AB0B09E43FC}.Debug.ActiveCfg = Debug|.NET
		{A4C8F37D-553D-48AD-8DD3-0AB0B09E43FC}.Debug.Build.0 = Debug|.NET
		{A4C8F37D-553D-48AD-8DD3-0AB0B09E43FC}.Release.ActiveCfg = Release|.NET
		{A4C8F37D-553D-48AD-8DD3-0AB0B09E43FC}.Release.Build.0 = Release|.NET
	EndGlobalSection
	GlobalSection(ExtensibilityGlobals) = postSolution
	EndGlobalSection
	GlobalSection(ExtensibilityAddIns) = postSolution
	EndGlobalSection
EndGlobal
