Microsoft Visual Studio Solution File, Format Version 9.00
# Visual Studio 2005
Project("{2150E333-8FDC-42A3-9474-1A3956D46DE8}") = "Solution Items", "Solution Items", "{F9A88F20-64E5-442C-8C20-10C69A39EF4C}"
	ProjectSection(SolutionItems) = preProject
		Changes.txt = Changes.txt
		Know issues.txt = Know issues.txt
		License.txt = License.txt
		Readme.txt = Readme.txt
	EndProjectSection
EndProject
Project("{FAE04EC0-301F-11D3-BF4B-00C04F79EFBC}") = "Castle.MicroKernel-vs2005", "Castle.MicroKernel\Castle.MicroKernel-vs2005.csproj", "{8C6AADEB-D099-4D2A-8F5B-4EBC12AC9159}"
EndProject
Project("{FAE04EC0-301F-11D3-BF4B-00C04F79EFBC}") = "Castle.Windsor-vs2005", "Castle.Windsor\Castle.Windsor-vs2005.csproj", "{60EFCB9B-E3FF-46A5-A2D2-D9F0EF75D5FE}"
EndProject
Project("{FAE04EC0-301F-11D3-BF4B-00C04F79EFBC}") = "Castle.MicroKernel.Tests-vs2005", "Castle.MicroKernel.Tests\Castle.MicroKernel.Tests-vs2005.csproj", "{EF9313A4-C6E0-40F7-9E3F-530D547D3AEF}"
EndProject
Project("{FAE04EC0-301F-11D3-BF4B-00C04F79EFBC}") = "Castle.Windsor.Tests-vs2005", "Castle.Windsor.Tests\Castle.Windsor.Tests-vs2005.csproj", "{CB3A30A6-56D4-4F4F-9AEF-DA55E1FF6D74}"
EndProject
Project("{FAE04EC0-301F-11D3-BF4B-00C04F79EFBC}") = "Castle.Core-vs2005", "..\Core\Castle.Core\Castle.Core-vs2005.csproj", "{C3D02148-5E0F-4C35-A38E-D59308AA4DAC}"
EndProject
Project("{FAE04EC0-301F-11D3-BF4B-00C04F79EFBC}") = "Castle.DynamicProxy-net-2-0", "..\Tools\Castle.DynamicProxy2\Castle.DynamicProxy\Castle.DynamicProxy-net-2-0.csproj", "{2DE7CC8C-6F06-43BC-A7B6-9466BEDEAC28}"
EndProject
Project("{FAE04EC0-301F-11D3-BF4B-00C04F79EFBC}") = "Castle.DynamicProxy.Tests", "..\Tools\Castle.DynamicProxy2\Castle.DynamicProxy.Tests\Castle.DynamicProxy.Tests.csproj", "{FE432670-73A1-499D-A353-28FC902A43C8}"
EndProject
Global
	GlobalSection(SolutionConfigurationPlatforms) = preSolution
		Debug|Any CPU = Debug|Any CPU
		Release|Any CPU = Release|Any CPU
	EndGlobalSection
	GlobalSection(ProjectConfigurationPlatforms) = postSolution
		{8C6AADEB-D099-4D2A-8F5B-4EBC12AC9159}.Debug|Any CPU.ActiveCfg = Debug|Any CPU
		{8C6AADEB-D099-4D2A-8F5B-4EBC12AC9159}.Debug|Any CPU.Build.0 = Debug|Any CPU
		{8C6AADEB-D099-4D2A-8F5B-4EBC12AC9159}.Release|Any CPU.ActiveCfg = Release|Any CPU
		{8C6AADEB-D099-4D2A-8F5B-4EBC12AC9159}.Release|Any CPU.Build.0 = Release|Any CPU
		{60EFCB9B-E3FF-46A5-A2D2-D9F0EF75D5FE}.Debug|Any CPU.ActiveCfg = Debug|Any CPU
		{60EFCB9B-E3FF-46A5-A2D2-D9F0EF75D5FE}.Debug|Any CPU.Build.0 = Debug|Any CPU
		{60EFCB9B-E3FF-46A5-A2D2-D9F0EF75D5FE}.Release|Any CPU.ActiveCfg = Release|Any CPU
		{60EFCB9B-E3FF-46A5-A2D2-D9F0EF75D5FE}.Release|Any CPU.Build.0 = Release|Any CPU
		{EF9313A4-C6E0-40F7-9E3F-530D547D3AEF}.Debug|Any CPU.ActiveCfg = Debug|Any CPU
		{EF9313A4-C6E0-40F7-9E3F-530D547D3AEF}.Debug|Any CPU.Build.0 = Debug|Any CPU
		{EF9313A4-C6E0-40F7-9E3F-530D547D3AEF}.Release|Any CPU.ActiveCfg = Release|Any CPU
		{EF9313A4-C6E0-40F7-9E3F-530D547D3AEF}.Release|Any CPU.Build.0 = Release|Any CPU
		{CB3A30A6-56D4-4F4F-9AEF-DA55E1FF6D74}.Debug|Any CPU.ActiveCfg = Debug|Any CPU
		{CB3A30A6-56D4-4F4F-9AEF-DA55E1FF6D74}.Debug|Any CPU.Build.0 = Debug|Any CPU
		{CB3A30A6-56D4-4F4F-9AEF-DA55E1FF6D74}.Release|Any CPU.ActiveCfg = Release|Any CPU
		{CB3A30A6-56D4-4F4F-9AEF-DA55E1FF6D74}.Release|Any CPU.Build.0 = Release|Any CPU
		{C3D02148-5E0F-4C35-A38E-D59308AA4DAC}.Debug|Any CPU.ActiveCfg = Debug|Any CPU
		{C3D02148-5E0F-4C35-A38E-D59308AA4DAC}.Debug|Any CPU.Build.0 = Debug|Any CPU
		{C3D02148-5E0F-4C35-A38E-D59308AA4DAC}.Release|Any CPU.ActiveCfg = Release|Any CPU
		{C3D02148-5E0F-4C35-A38E-D59308AA4DAC}.Release|Any CPU.Build.0 = Release|Any CPU
		{2DE7CC8C-6F06-43BC-A7B6-9466BEDEAC28}.Debug|Any CPU.ActiveCfg = Debug|Any CPU
		{2DE7CC8C-6F06-43BC-A7B6-9466BEDEAC28}.Debug|Any CPU.Build.0 = Debug|Any CPU
		{2DE7CC8C-6F06-43BC-A7B6-9466BEDEAC28}.Release|Any CPU.ActiveCfg = Release|Any CPU
		{2DE7CC8C-6F06-43BC-A7B6-9466BEDEAC28}.Release|Any CPU.Build.0 = Release|Any CPU
		{FE432670-73A1-499D-A353-28FC902A43C8}.Debug|Any CPU.ActiveCfg = Debug|Any CPU
		{FE432670-73A1-499D-A353-28FC902A43C8}.Debug|Any CPU.Build.0 = Debug|Any CPU
		{FE432670-73A1-499D-A353-28FC902A43C8}.Release|Any CPU.ActiveCfg = Release|Any CPU
		{FE432670-73A1-499D-A353-28FC902A43C8}.Release|Any CPU.Build.0 = Release|Any CPU
	EndGlobalSection
	GlobalSection(SolutionProperties) = preSolution
		HideSolutionNode = FALSE
	EndGlobalSection
EndGlobal
