Microsoft Visual Studio Solution File, Format Version 8.00
Project("{FAE04EC0-301F-11D3-BF4B-00C04F79EFBC}") = "Castle.Services.Logging", "Castle.Services.Logging\Castle.Services.Logging-vs2003.csproj", "{1AFAEC30-152C-43E2-B37C-E713419D20B8}"
	ProjectSection(ProjectDependencies) = postProject
	EndProjectSection
EndProject
Project("{FAE04EC0-301F-11D3-BF4B-00C04F79EFBC}") = "Castle.Services.Logging.log4netIntegration", "Castle.Services.Logging.log4netIntegration\Castle.Services.Logging.log4netIntegration-vs2003.csproj", "{FA79D6B4-30B1-444A-A627-ED283BF6406B}"
	ProjectSection(ProjectDependencies) = postProject
	EndProjectSection
EndProject
Project("{FAE04EC0-301F-11D3-BF4B-00C04F79EFBC}") = "Castle.Services.Logging.NLogIntegration", "Castle.Services.Logging.NLogIntegration\Castle.Services.Logging.NLogIntegration-vs2003.csproj", "{D680B5DB-B943-4BB5-891A-1695DEF86A3A}"
	ProjectSection(ProjectDependencies) = postProject
	EndProjectSection
EndProject
Global
	GlobalSection(SolutionConfiguration) = preSolution
		Debug = Debug
		Release = Release
	EndGlobalSection
	GlobalSection(ProjectDependencies) = postSolution
	EndGlobalSection
	GlobalSection(ProjectConfiguration) = postSolution
		{1AFAEC30-152C-43E2-B37C-E713419D20B8}.Debug.ActiveCfg = Debug|.NET
		{1AFAEC30-152C-43E2-B37C-E713419D20B8}.Debug.Build.0 = Debug|.NET
		{1AFAEC30-152C-43E2-B37C-E713419D20B8}.Release.ActiveCfg = Release|.NET
		{1AFAEC30-152C-43E2-B37C-E713419D20B8}.Release.Build.0 = Release|.NET
		{FA79D6B4-30B1-444A-A627-ED283BF6406B}.Debug.ActiveCfg = Debug|.NET
		{FA79D6B4-30B1-444A-A627-ED283BF6406B}.Debug.Build.0 = Debug|.NET
		{FA79D6B4-30B1-444A-A627-ED283BF6406B}.Release.ActiveCfg = Release|.NET
		{FA79D6B4-30B1-444A-A627-ED283BF6406B}.Release.Build.0 = Release|.NET
		{D680B5DB-B943-4BB5-891A-1695DEF86A3A}.Debug.ActiveCfg = Debug|.NET
		{D680B5DB-B943-4BB5-891A-1695DEF86A3A}.Debug.Build.0 = Debug|.NET
		{D680B5DB-B943-4BB5-891A-1695DEF86A3A}.Release.ActiveCfg = Release|.NET
		{D680B5DB-B943-4BB5-891A-1695DEF86A3A}.Release.Build.0 = Release|.NET
	EndGlobalSection
	GlobalSection(SolutionItems) = postSolution
		logging.build = logging.build
	EndGlobalSection
	GlobalSection(ExtensibilityGlobals) = postSolution
	EndGlobalSection
	GlobalSection(ExtensibilityAddIns) = postSolution
	EndGlobalSection
EndGlobal
