Microsoft Visual Studio Solution File, Format Version 8.00
Project("{FAE04EC0-301F-11D3-BF4B-00C04F79EFBC}") = "Castle.Services.Logging", "Castle.Services.Logging\Castle.Services.Logging.csproj", "{1AFAEC30-152C-43E2-B37C-E713419D20B8}"
	ProjectSection(ProjectDependencies) = postProject
	EndProjectSection
EndProject
Project("{FAE04EC0-301F-11D3-BF4B-00C04F79EFBC}") = "Castle.Services.Logging.Tests", "Castle.Services.Logging.Tests\Castle.Services.Logging.Tests.csproj", "{455A1B2F-DEBD-47FD-8891-5C0C70046B3B}"
	ProjectSection(ProjectDependencies) = postProject
	EndProjectSection
EndProject
Project("{FAE04EC0-301F-11D3-BF4B-00C04F79EFBC}") = "Castle.Services.Logging.Web", "Castle.Services.Logging.Web\Castle.Services.Logging.Web.csproj", "{0D24700D-4CB9-4600-83BC-9C4FB5B184A8}"
	ProjectSection(ProjectDependencies) = postProject
	EndProjectSection
EndProject
Project("{FAE04EC0-301F-11D3-BF4B-00C04F79EFBC}") = "Castle.Services.Logging.Log4Net", "Castle.Services.Logging.Log4Net\Castle.Services.Logging.Log4Net.csproj", "{59D07186-2AFB-4CC1-B43D-2A40DD5D93FF}"
	ProjectSection(ProjectDependencies) = postProject
	EndProjectSection
EndProject
Global
	GlobalSection(SolutionConfiguration) = preSolution
		Debug = Debug
		Release = Release
	EndGlobalSection
	GlobalSection(ProjectConfiguration) = postSolution
		{1AFAEC30-152C-43E2-B37C-E713419D20B8}.Debug.ActiveCfg = Debug|.NET
		{1AFAEC30-152C-43E2-B37C-E713419D20B8}.Debug.Build.0 = Debug|.NET
		{1AFAEC30-152C-43E2-B37C-E713419D20B8}.Release.ActiveCfg = Release|.NET
		{1AFAEC30-152C-43E2-B37C-E713419D20B8}.Release.Build.0 = Release|.NET
		{455A1B2F-DEBD-47FD-8891-5C0C70046B3B}.Debug.ActiveCfg = Debug|.NET
		{455A1B2F-DEBD-47FD-8891-5C0C70046B3B}.Debug.Build.0 = Debug|.NET
		{455A1B2F-DEBD-47FD-8891-5C0C70046B3B}.Release.ActiveCfg = Release|.NET
		{455A1B2F-DEBD-47FD-8891-5C0C70046B3B}.Release.Build.0 = Release|.NET
		{0D24700D-4CB9-4600-83BC-9C4FB5B184A8}.Debug.ActiveCfg = Debug|.NET
		{0D24700D-4CB9-4600-83BC-9C4FB5B184A8}.Debug.Build.0 = Debug|.NET
		{0D24700D-4CB9-4600-83BC-9C4FB5B184A8}.Release.ActiveCfg = Release|.NET
		{0D24700D-4CB9-4600-83BC-9C4FB5B184A8}.Release.Build.0 = Release|.NET
		{59D07186-2AFB-4CC1-B43D-2A40DD5D93FF}.Debug.ActiveCfg = Debug|.NET
		{59D07186-2AFB-4CC1-B43D-2A40DD5D93FF}.Debug.Build.0 = Debug|.NET
		{59D07186-2AFB-4CC1-B43D-2A40DD5D93FF}.Release.ActiveCfg = Release|.NET
		{59D07186-2AFB-4CC1-B43D-2A40DD5D93FF}.Release.Build.0 = Release|.NET
	EndGlobalSection
	GlobalSection(ExtensibilityGlobals) = postSolution
	EndGlobalSection
	GlobalSection(ExtensibilityAddIns) = postSolution
	EndGlobalSection
EndGlobal
