
Microsoft Visual Studio Solution File, Format Version 10.00
# Visual Studio 2008
Project("{FAE04EC0-301F-11D3-BF4B-00C04F79EFBC}") = "BlogSample-vs2008", "BlogSample\BlogSample-vs2008.csproj", "{21D53700-22BA-4D9C-92C1-82045B5F7FF9}"
EndProject
Project("{FAE04EC0-301F-11D3-BF4B-00C04F79EFBC}") = "MoreComplexSample-vs2008", "MoreComplexSample\MoreComplexSample-vs2008.csproj", "{B5E9CEAD-2380-4264-B8CB-9CC704C2AA4E}"
EndProject
Project("{FAE04EC0-301F-11D3-BF4B-00C04F79EFBC}") = "TableHierarchySample-vs2008", "TableHierarchySample\TableHierarchySample-vs2008.csproj", "{54A98216-E321-4261-8EC5-92DEB43F3CB5}"
EndProject
Global
	GlobalSection(SolutionConfigurationPlatforms) = preSolution
		Debug|Any CPU = Debug|Any CPU
		Release|Any CPU = Release|Any CPU
	EndGlobalSection
	GlobalSection(ProjectConfigurationPlatforms) = postSolution
		{21D53700-22BA-4D9C-92C1-82045B5F7FF9}.Debug|Any CPU.ActiveCfg = Debug|Any CPU
		{21D53700-22BA-4D9C-92C1-82045B5F7FF9}.Debug|Any CPU.Build.0 = Debug|Any CPU
		{21D53700-22BA-4D9C-92C1-82045B5F7FF9}.Release|Any CPU.ActiveCfg = Release|Any CPU
		{21D53700-22BA-4D9C-92C1-82045B5F7FF9}.Release|Any CPU.Build.0 = Release|Any CPU
		{B5E9CEAD-2380-4264-B8CB-9CC704C2AA4E}.Debug|Any CPU.ActiveCfg = Debug|Any CPU
		{B5E9CEAD-2380-4264-B8CB-9CC704C2AA4E}.Debug|Any CPU.Build.0 = Debug|Any CPU
		{B5E9CEAD-2380-4264-B8CB-9CC704C2AA4E}.Release|Any CPU.ActiveCfg = Release|Any CPU
		{B5E9CEAD-2380-4264-B8CB-9CC704C2AA4E}.Release|Any CPU.Build.0 = Release|Any CPU
		{54A98216-E321-4261-8EC5-92DEB43F3CB5}.Debug|Any CPU.ActiveCfg = Debug|Any CPU
		{54A98216-E321-4261-8EC5-92DEB43F3CB5}.Debug|Any CPU.Build.0 = Debug|Any CPU
		{54A98216-E321-4261-8EC5-92DEB43F3CB5}.Release|Any CPU.ActiveCfg = Release|Any CPU
		{54A98216-E321-4261-8EC5-92DEB43F3CB5}.Release|Any CPU.Build.0 = Release|Any CPU
	EndGlobalSection
	GlobalSection(SolutionProperties) = preSolution
		HideSolutionNode = FALSE
	EndGlobalSection
EndGlobal
