
Microsoft Visual Studio Solution File, Format Version 9.00
# Visual Studio 2005
Project("{FAE04EC0-301F-11D3-BF4B-00C04F79EFBC}") = "Castle.Components.Common.EmailSender-vs2005", "Castle.Components.Common.EmailSender\Castle.Components.Common.EmailSender-vs2005.csproj", "{CFF1D57F-9FEB-4941-B8FE-8E28F4A8AAC7}"
EndProject
Project("{FAE04EC0-301F-11D3-BF4B-00C04F79EFBC}") = "Castle.Components.Common.EmailSender.SmtpEmailSender-vs2005", "Castle.Components.Common.EmailSender.SmtpEmailSender\Castle.Components.Common.EmailSender.SmtpEmailSender-vs2005.csproj", "{41E2E9C8-765B-4DAD-ADB7-5C9C66C1C28D}"
EndProject
Project("{FAE04EC0-301F-11D3-BF4B-00C04F79EFBC}") = "Castle.Components.Common.EmailSender.MockSender-vs2005", "Castle.Components.Common.EmailSender.MockSender\Castle.Components.Common.EmailSender.MockSender-vs2005.csproj", "{1DA92714-7B61-48AB-B0E7-C06A1C6EE04C}"
EndProject
Project("{FAE04EC0-301F-11D3-BF4B-00C04F79EFBC}") = "Castle.Components.Common.EmailSender.Tests-vs2005", "Castle.Components.Common.EmailSender.Tests\Castle.Components.Common.EmailSender.Tests-vs2005.csproj", "{3962C62D-CE40-47D0-AE53-26A4C4AEFA06}"
EndProject
Project("{FAE04EC0-301F-11D3-BF4B-00C04F79EFBC}") = "Castle.Components.Common.EmailSender.DotNet2Sender", "Castle.Components.Common.EmailSender.DotNet2Sender\Castle.Components.Common.EmailSender.DotNet2Sender.csproj", "{4D344B22-75DF-4E26-8E96-1FCB7CD00935}"
EndProject
Project("{FAE04EC0-301F-11D3-BF4B-00C04F79EFBC}") = "Castle.Components.Common.EmailSender2", "Castle.Components.Common.EmailSender2\Castle.Components.Common.EmailSender2.csproj", "{6729A622-CD96-40C7-B585-971377F1BD6E}"
EndProject
Project("{FAE04EC0-301F-11D3-BF4B-00C04F79EFBC}") = "Castle.Components.Common.EmailSender.MockSender2", "Castle.Components.Common.EmailSender.MockSender2\Castle.Components.Common.EmailSender.MockSender2.csproj", "{E3BCC83C-2BAE-4E0F-8E48-A5D25B26EF3D}"
EndProject
Project("{FAE04EC0-301F-11D3-BF4B-00C04F79EFBC}") = "Castle.Components.Common.EmailSender2.Tests", "Castle.Components.Common.EmailSender2.Tests\Castle.Components.Common.EmailSender2.Tests.csproj", "{929B1BB6-DD4A-4846-BF60-244908E1D899}"
EndProject
Global
	GlobalSection(SolutionConfigurationPlatforms) = preSolution
		Debug|Any CPU = Debug|Any CPU
		Release|Any CPU = Release|Any CPU
	EndGlobalSection
	GlobalSection(ProjectConfigurationPlatforms) = postSolution
		{CFF1D57F-9FEB-4941-B8FE-8E28F4A8AAC7}.Debug|Any CPU.ActiveCfg = Debug|Any CPU
		{CFF1D57F-9FEB-4941-B8FE-8E28F4A8AAC7}.Debug|Any CPU.Build.0 = Debug|Any CPU
		{CFF1D57F-9FEB-4941-B8FE-8E28F4A8AAC7}.Release|Any CPU.ActiveCfg = Release|Any CPU
		{CFF1D57F-9FEB-4941-B8FE-8E28F4A8AAC7}.Release|Any CPU.Build.0 = Release|Any CPU
		{41E2E9C8-765B-4DAD-ADB7-5C9C66C1C28D}.Debug|Any CPU.ActiveCfg = Debug|Any CPU
		{41E2E9C8-765B-4DAD-ADB7-5C9C66C1C28D}.Debug|Any CPU.Build.0 = Debug|Any CPU
		{41E2E9C8-765B-4DAD-ADB7-5C9C66C1C28D}.Release|Any CPU.ActiveCfg = Release|Any CPU
		{41E2E9C8-765B-4DAD-ADB7-5C9C66C1C28D}.Release|Any CPU.Build.0 = Release|Any CPU
		{1DA92714-7B61-48AB-B0E7-C06A1C6EE04C}.Debug|Any CPU.ActiveCfg = Debug|Any CPU
		{1DA92714-7B61-48AB-B0E7-C06A1C6EE04C}.Debug|Any CPU.Build.0 = Debug|Any CPU
		{1DA92714-7B61-48AB-B0E7-C06A1C6EE04C}.Release|Any CPU.ActiveCfg = Release|Any CPU
		{1DA92714-7B61-48AB-B0E7-C06A1C6EE04C}.Release|Any CPU.Build.0 = Release|Any CPU
		{3962C62D-CE40-47D0-AE53-26A4C4AEFA06}.Debug|Any CPU.ActiveCfg = Debug|Any CPU
		{3962C62D-CE40-47D0-AE53-26A4C4AEFA06}.Debug|Any CPU.Build.0 = Debug|Any CPU
		{3962C62D-CE40-47D0-AE53-26A4C4AEFA06}.Release|Any CPU.ActiveCfg = Release|Any CPU
		{3962C62D-CE40-47D0-AE53-26A4C4AEFA06}.Release|Any CPU.Build.0 = Release|Any CPU
		{4D344B22-75DF-4E26-8E96-1FCB7CD00935}.Debug|Any CPU.ActiveCfg = Debug|Any CPU
		{4D344B22-75DF-4E26-8E96-1FCB7CD00935}.Debug|Any CPU.Build.0 = Debug|Any CPU
		{4D344B22-75DF-4E26-8E96-1FCB7CD00935}.Release|Any CPU.ActiveCfg = Release|Any CPU
		{4D344B22-75DF-4E26-8E96-1FCB7CD00935}.Release|Any CPU.Build.0 = Release|Any CPU
		{6729A622-CD96-40C7-B585-971377F1BD6E}.Debug|Any CPU.ActiveCfg = Debug|Any CPU
		{6729A622-CD96-40C7-B585-971377F1BD6E}.Debug|Any CPU.Build.0 = Debug|Any CPU
		{6729A622-CD96-40C7-B585-971377F1BD6E}.Release|Any CPU.ActiveCfg = Release|Any CPU
		{6729A622-CD96-40C7-B585-971377F1BD6E}.Release|Any CPU.Build.0 = Release|Any CPU
		{E3BCC83C-2BAE-4E0F-8E48-A5D25B26EF3D}.Debug|Any CPU.ActiveCfg = Debug|Any CPU
		{E3BCC83C-2BAE-4E0F-8E48-A5D25B26EF3D}.Debug|Any CPU.Build.0 = Debug|Any CPU
		{E3BCC83C-2BAE-4E0F-8E48-A5D25B26EF3D}.Release|Any CPU.ActiveCfg = Release|Any CPU
		{E3BCC83C-2BAE-4E0F-8E48-A5D25B26EF3D}.Release|Any CPU.Build.0 = Release|Any CPU
		{929B1BB6-DD4A-4846-BF60-244908E1D899}.Debug|Any CPU.ActiveCfg = Debug|Any CPU
		{929B1BB6-DD4A-4846-BF60-244908E1D899}.Debug|Any CPU.Build.0 = Debug|Any CPU
		{929B1BB6-DD4A-4846-BF60-244908E1D899}.Release|Any CPU.ActiveCfg = Release|Any CPU
		{929B1BB6-DD4A-4846-BF60-244908E1D899}.Release|Any CPU.Build.0 = Release|Any CPU
	EndGlobalSection
	GlobalSection(SolutionProperties) = preSolution
		HideSolutionNode = FALSE
	EndGlobalSection
EndGlobal
