Microsoft Visual Studio Solution File, Format Version 8.00
Project("{FAE04EC0-301F-11D3-BF4B-00C04F79EFBC}") = "Castle.ManagementExtensions", "Castle.ManagementExtensions.csproj", "{1FBC7823-D95B-481C-9715-14EE2CEDD13A}"
	ProjectSection(ProjectDependencies) = postProject
	EndProjectSection
EndProject
Project("{FAE04EC0-301F-11D3-BF4B-00C04F79EFBC}") = "Castle.ManagementExtensions.Test", "..\ManagementExtensionsTest\Castle.ManagementExtensions.Test.csproj", "{69375E7E-BDC1-488A-BA0C-12D9EED2D159}"
	ProjectSection(ProjectDependencies) = postProject
	EndProjectSection
EndProject
Global
	GlobalSection(SolutionConfiguration) = preSolution
		Debug = Debug
		Release = Release
	EndGlobalSection
	GlobalSection(ProjectConfiguration) = postSolution
		{1FBC7823-D95B-481C-9715-14EE2CEDD13A}.Debug.ActiveCfg = Debug|.NET
		{1FBC7823-D95B-481C-9715-14EE2CEDD13A}.Debug.Build.0 = Debug|.NET
		{1FBC7823-D95B-481C-9715-14EE2CEDD13A}.Release.ActiveCfg = Release|.NET
		{1FBC7823-D95B-481C-9715-14EE2CEDD13A}.Release.Build.0 = Release|.NET
		{69375E7E-BDC1-488A-BA0C-12D9EED2D159}.Debug.ActiveCfg = Debug|.NET
		{69375E7E-BDC1-488A-BA0C-12D9EED2D159}.Debug.Build.0 = Debug|.NET
		{69375E7E-BDC1-488A-BA0C-12D9EED2D159}.Release.ActiveCfg = Release|.NET
		{69375E7E-BDC1-488A-BA0C-12D9EED2D159}.Release.Build.0 = Release|.NET
	EndGlobalSection
	GlobalSection(ExtensibilityGlobals) = postSolution
	EndGlobalSection
	GlobalSection(ExtensibilityAddIns) = postSolution
	EndGlobalSection
EndGlobal
