Microsoft Visual Studio Solution File, Format Version 9.00
# Visual Studio 2005
Project("{FAE04EC0-301F-11D3-BF4B-00C04F79EFBC}") = "Castle.VSNetIntegration.CastleWizards-vs2005", "Castle.VSNetIntegration.CastleWizards\Castle.VSNetIntegration.CastleWizards-vs2005.csproj", "{5D0ACCAB-2AFD-4FA9-B5DB-6F176046CB45}"
EndProject
Project("{FAE04EC0-301F-11D3-BF4B-00C04F79EFBC}") = "Castle.VSNetIntegration.Shared-vs2005", "Castle.VSNetIntegration.Shared\Castle.VSNetIntegration.Shared-vs2005.csproj", "{BF52CF83-B91B-4CA5-81EB-1424D5988735}"
EndProject
Global
	GlobalSection(SolutionConfigurationPlatforms) = preSolution
		Debug|Any CPU = Debug|Any CPU
		Release|Any CPU = Release|Any CPU
	EndGlobalSection
	GlobalSection(ProjectConfigurationPlatforms) = postSolution
		{5D0ACCAB-2AFD-4FA9-B5DB-6F176046CB45}.Debug|Any CPU.ActiveCfg = Debug|Any CPU
		{5D0ACCAB-2AFD-4FA9-B5DB-6F176046CB45}.Debug|Any CPU.Build.0 = Debug|Any CPU
		{5D0ACCAB-2AFD-4FA9-B5DB-6F176046CB45}.Release|Any CPU.ActiveCfg = Release|Any CPU
		{5D0ACCAB-2AFD-4FA9-B5DB-6F176046CB45}.Release|Any CPU.Build.0 = Release|Any CPU
		{BF52CF83-B91B-4CA5-81EB-1424D5988735}.Debug|Any CPU.ActiveCfg = Debug|Any CPU
		{BF52CF83-B91B-4CA5-81EB-1424D5988735}.Debug|Any CPU.Build.0 = Debug|Any CPU
		{BF52CF83-B91B-4CA5-81EB-1424D5988735}.Release|Any CPU.ActiveCfg = Release|Any CPU
		{BF52CF83-B91B-4CA5-81EB-1424D5988735}.Release|Any CPU.Build.0 = Release|Any CPU
	EndGlobalSection
	GlobalSection(SolutionProperties) = preSolution
		HideSolutionNode = FALSE
	EndGlobalSection
EndGlobal
