Microsoft Visual Studio Solution File, Format Version 10.00
# Visual Studio 2008
Project("{FAE04EC0-301F-11D3-BF4B-00C04F79EFBC}") = "AutoCompletionSample-vs2008", "AjaxSample\AutoCompletionSample\AutoCompletionSample-vs2008.csproj", "{2E38D6C2-C914-4B75-BF7C-C25C5F1EC6A4}"
	ProjectSection(WebsiteProperties) = preProject
		Debug.AspNetCompiler.Debug = "True"
		Release.AspNetCompiler.Debug = "False"
	EndProjectSection
EndProject
Project("{FAE04EC0-301F-11D3-BF4B-00C04F79EFBC}") = "AuthenticationUsingFilters-vs2008", "AuthenticationUsingFilters\AuthenticationUsingFilters\AuthenticationUsingFilters-vs2008.csproj", "{0241A68F-5728-4EA1-A620-A62AC43072A0}"
	ProjectSection(WebsiteProperties) = preProject
		Debug.AspNetCompiler.Debug = "True"
		Release.AspNetCompiler.Debug = "False"
	EndProjectSection
EndProject
Project("{FAE04EC0-301F-11D3-BF4B-00C04F79EFBC}") = "AuthenticationUsingForms-vs2008", "AuthenticationUsingForms\AuthenticationUsingForms\AuthenticationUsingForms-vs2008.csproj", "{B7C964D6-B4CF-48E7-884D-3FA7CCE52DD3}"
	ProjectSection(WebsiteProperties) = preProject
		Debug.AspNetCompiler.Debug = "True"
		Release.AspNetCompiler.Debug = "False"
	EndProjectSection
EndProject
Project("{FAE04EC0-301F-11D3-BF4B-00C04F79EFBC}") = "BinderSample.Web-vs2008", "BinderSample\BinderSample.Web\BinderSample.Web-vs2008.csproj", "{466784AE-DE64-4CD4-900C-683921659E73}"
	ProjectSection(WebsiteProperties) = preProject
		Debug.AspNetCompiler.Debug = "True"
		Release.AspNetCompiler.Debug = "False"
	EndProjectSection
EndProject
Project("{FAE04EC0-301F-11D3-BF4B-00C04F79EFBC}") = "DataBindSample-vs2008", "DataBindSample\DataBindSample\DataBindSample-vs2008.csproj", "{E2534CB7-B53E-4206-AAD7-6F01D754B573}"
	ProjectSection(WebsiteProperties) = preProject
		Debug.AspNetCompiler.Debug = "True"
		Release.AspNetCompiler.Debug = "False"
	EndProjectSection
EndProject
Project("{FAE04EC0-301F-11D3-BF4B-00C04F79EFBC}") = "DiggExample-vs2008", "DiggPaginationSample\DiggExample\DiggExample-vs2008.csproj", "{ABD04890-D8CA-43B6-9237-5BEF0A347D63}"
EndProject
Project("{FAE04EC0-301F-11D3-BF4B-00C04F79EFBC}") = "DynActProvSample-vs2008", "DynActProvSample\DynActProvSample\DynActProvSample-vs2008.csproj", "{4CB76D61-0719-448B-909A-CCEC33A7D5CF}"
	ProjectSection(WebsiteProperties) = preProject
		Debug.AspNetCompiler.Debug = "True"
		Release.AspNetCompiler.Debug = "False"
	EndProjectSection
EndProject
Project("{FAE04EC0-301F-11D3-BF4B-00C04F79EFBC}") = "FormHelperSample-vs2008", "FormHelperSample\FormHelperSample\FormHelperSample-vs2008.csproj", "{CCFA9819-B85E-437F-A08C-5EEC3F4F927E}"
	ProjectSection(WebsiteProperties) = preProject
		Debug.AspNetCompiler.Debug = "True"
		Release.AspNetCompiler.Debug = "False"
	EndProjectSection
EndProject
Project("{FAE04EC0-301F-11D3-BF4B-00C04F79EFBC}") = "JSGenExample-vs2008", "JSGenExample\JSGenExample-vs2008.csproj", "{1C7BBC90-0132-41A2-84CC-69D3D5843708}"
	ProjectSection(WebsiteProperties) = preProject
		Debug.AspNetCompiler.Debug = "True"
		Release.AspNetCompiler.Debug = "False"
	EndProjectSection
EndProject
Project("{FAE04EC0-301F-11D3-BF4B-00C04F79EFBC}") = "LocalizationSample-vs2008", "LocalizationSample\LocalizationSample\LocalizationSample-vs2008.csproj", "{36EC2E61-1D8E-4C36-96B5-DB15B8D47A76}"
	ProjectSection(WebsiteProperties) = preProject
		Debug.AspNetCompiler.Debug = "True"
		Release.AspNetCompiler.Debug = "False"
	EndProjectSection
EndProject
Project("{FAE04EC0-301F-11D3-BF4B-00C04F79EFBC}") = "MoviesDemo-vs2008", "MoviesDemo\MoviesDemo-vs2008.csproj", "{2F1243A9-7AE5-4DDF-827D-B2F4FBA19FB0}"
EndProject
Project("{FAE04EC0-301F-11D3-BF4B-00C04F79EFBC}") = "SampleSite-vs2008", "SampleSite\SampleSite-vs2008.csproj", "{9C1A8F54-77AC-4530-9A93-74828ECACA42}"
	ProjectSection(WebsiteProperties) = preProject
		Debug.AspNetCompiler.Debug = "True"
		Release.AspNetCompiler.Debug = "False"
	EndProjectSection
EndProject
Project("{FAE04EC0-301F-11D3-BF4B-00C04F79EFBC}") = "SendingEmailSample-vs2008", "SendingEmailSample\SendingEmailSample\SendingEmailSample-vs2008.csproj", "{F6F316AD-E0F8-49F1-ACA8-EABA6FCDD215}"
	ProjectSection(WebsiteProperties) = preProject
		Debug.AspNetCompiler.Debug = "True"
		Release.AspNetCompiler.Debug = "False"
	EndProjectSection
EndProject
Project("{FAE04EC0-301F-11D3-BF4B-00C04F79EFBC}") = "SimpleBindingSample-vs2008", "SimpleBindingSample\SimpleBindingSample\SimpleBindingSample-vs2008.csproj", "{4C598667-6D9D-48D0-AC0F-E38C54EC04CD}"
	ProjectSection(WebsiteProperties) = preProject
		Debug.AspNetCompiler.Debug = "True"
		Release.AspNetCompiler.Debug = "False"
	EndProjectSection
EndProject
Project("{FAE04EC0-301F-11D3-BF4B-00C04F79EFBC}") = "ViewComponentSample-vs2008", "ViewComponentSample\ViewComponentSample\ViewComponentSample-vs2008.csproj", "{7A4FBFE7-C987-4F77-8B36-9B1403C9E5CA}"
	ProjectSection(WebsiteProperties) = preProject
		Debug.AspNetCompiler.Debug = "True"
		Release.AspNetCompiler.Debug = "False"
	EndProjectSection
EndProject
Project("{FAE04EC0-301F-11D3-BF4B-00C04F79EFBC}") = "WizardSampleSite-vs2008", "WizardSample\WizardSampleSite\WizardSampleSite-vs2008.csproj", "{D2958D15-2739-4C03-B490-4F67559C0CC3}"
	ProjectSection(WebsiteProperties) = preProject
		Debug.AspNetCompiler.Debug = "True"
		Release.AspNetCompiler.Debug = "False"
	EndProjectSection
EndProject
Global
	GlobalSection(SolutionConfigurationPlatforms) = preSolution
		Debug|Any CPU = Debug|Any CPU
		Release|Any CPU = Release|Any CPU
	EndGlobalSection
	GlobalSection(ProjectConfigurationPlatforms) = postSolution
		{2E38D6C2-C914-4B75-BF7C-C25C5F1EC6A4}.Debug|Any CPU.ActiveCfg = Debug|Any CPU
		{2E38D6C2-C914-4B75-BF7C-C25C5F1EC6A4}.Debug|Any CPU.Build.0 = Debug|Any CPU
		{2E38D6C2-C914-4B75-BF7C-C25C5F1EC6A4}.Release|Any CPU.ActiveCfg = Release|Any CPU
		{2E38D6C2-C914-4B75-BF7C-C25C5F1EC6A4}.Release|Any CPU.Build.0 = Release|Any CPU
		{0241A68F-5728-4EA1-A620-A62AC43072A0}.Debug|Any CPU.ActiveCfg = Debug|Any CPU
		{0241A68F-5728-4EA1-A620-A62AC43072A0}.Debug|Any CPU.Build.0 = Debug|Any CPU
		{0241A68F-5728-4EA1-A620-A62AC43072A0}.Release|Any CPU.ActiveCfg = Release|Any CPU
		{0241A68F-5728-4EA1-A620-A62AC43072A0}.Release|Any CPU.Build.0 = Release|Any CPU
		{B7C964D6-B4CF-48E7-884D-3FA7CCE52DD3}.Debug|Any CPU.ActiveCfg = Debug|Any CPU
		{B7C964D6-B4CF-48E7-884D-3FA7CCE52DD3}.Debug|Any CPU.Build.0 = Debug|Any CPU
		{B7C964D6-B4CF-48E7-884D-3FA7CCE52DD3}.Release|Any CPU.ActiveCfg = Release|Any CPU
		{B7C964D6-B4CF-48E7-884D-3FA7CCE52DD3}.Release|Any CPU.Build.0 = Release|Any CPU
		{466784AE-DE64-4CD4-900C-683921659E73}.Debug|Any CPU.ActiveCfg = Debug|Any CPU
		{466784AE-DE64-4CD4-900C-683921659E73}.Debug|Any CPU.Build.0 = Debug|Any CPU
		{466784AE-DE64-4CD4-900C-683921659E73}.Release|Any CPU.ActiveCfg = Release|Any CPU
		{466784AE-DE64-4CD4-900C-683921659E73}.Release|Any CPU.Build.0 = Release|Any CPU
		{E2534CB7-B53E-4206-AAD7-6F01D754B573}.Debug|Any CPU.ActiveCfg = Debug|Any CPU
		{E2534CB7-B53E-4206-AAD7-6F01D754B573}.Debug|Any CPU.Build.0 = Debug|Any CPU
		{E2534CB7-B53E-4206-AAD7-6F01D754B573}.Release|Any CPU.ActiveCfg = Release|Any CPU
		{E2534CB7-B53E-4206-AAD7-6F01D754B573}.Release|Any CPU.Build.0 = Release|Any CPU
		{ABD04890-D8CA-43B6-9237-5BEF0A347D63}.Debug|Any CPU.ActiveCfg = Debug|Any CPU
		{ABD04890-D8CA-43B6-9237-5BEF0A347D63}.Debug|Any CPU.Build.0 = Debug|Any CPU
		{ABD04890-D8CA-43B6-9237-5BEF0A347D63}.Release|Any CPU.ActiveCfg = Release|Any CPU
		{ABD04890-D8CA-43B6-9237-5BEF0A347D63}.Release|Any CPU.Build.0 = Release|Any CPU
		{4CB76D61-0719-448B-909A-CCEC33A7D5CF}.Debug|Any CPU.ActiveCfg = Debug|Any CPU
		{4CB76D61-0719-448B-909A-CCEC33A7D5CF}.Debug|Any CPU.Build.0 = Debug|Any CPU
		{4CB76D61-0719-448B-909A-CCEC33A7D5CF}.Release|Any CPU.ActiveCfg = Release|Any CPU
		{4CB76D61-0719-448B-909A-CCEC33A7D5CF}.Release|Any CPU.Build.0 = Release|Any CPU
		{CCFA9819-B85E-437F-A08C-5EEC3F4F927E}.Debug|Any CPU.ActiveCfg = Debug|Any CPU
		{CCFA9819-B85E-437F-A08C-5EEC3F4F927E}.Debug|Any CPU.Build.0 = Debug|Any CPU
		{CCFA9819-B85E-437F-A08C-5EEC3F4F927E}.Release|Any CPU.ActiveCfg = Release|Any CPU
		{CCFA9819-B85E-437F-A08C-5EEC3F4F927E}.Release|Any CPU.Build.0 = Release|Any CPU
		{1C7BBC90-0132-41A2-84CC-69D3D5843708}.Debug|Any CPU.ActiveCfg = Debug|Any CPU
		{1C7BBC90-0132-41A2-84CC-69D3D5843708}.Debug|Any CPU.Build.0 = Debug|Any CPU
		{1C7BBC90-0132-41A2-84CC-69D3D5843708}.Release|Any CPU.ActiveCfg = Release|Any CPU
		{1C7BBC90-0132-41A2-84CC-69D3D5843708}.Release|Any CPU.Build.0 = Release|Any CPU
		{36EC2E61-1D8E-4C36-96B5-DB15B8D47A76}.Debug|Any CPU.ActiveCfg = Debug|Any CPU
		{36EC2E61-1D8E-4C36-96B5-DB15B8D47A76}.Debug|Any CPU.Build.0 = Debug|Any CPU
		{36EC2E61-1D8E-4C36-96B5-DB15B8D47A76}.Release|Any CPU.ActiveCfg = Release|Any CPU
		{36EC2E61-1D8E-4C36-96B5-DB15B8D47A76}.Release|Any CPU.Build.0 = Release|Any CPU
		{2F1243A9-7AE5-4DDF-827D-B2F4FBA19FB0}.Debug|Any CPU.ActiveCfg = Debug|Any CPU
		{2F1243A9-7AE5-4DDF-827D-B2F4FBA19FB0}.Debug|Any CPU.Build.0 = Debug|Any CPU
		{2F1243A9-7AE5-4DDF-827D-B2F4FBA19FB0}.Release|Any CPU.ActiveCfg = Release|Any CPU
		{2F1243A9-7AE5-4DDF-827D-B2F4FBA19FB0}.Release|Any CPU.Build.0 = Release|Any CPU
		{9C1A8F54-77AC-4530-9A93-74828ECACA42}.Debug|Any CPU.ActiveCfg = Debug|Any CPU
		{9C1A8F54-77AC-4530-9A93-74828ECACA42}.Debug|Any CPU.Build.0 = Debug|Any CPU
		{9C1A8F54-77AC-4530-9A93-74828ECACA42}.Release|Any CPU.ActiveCfg = Release|Any CPU
		{9C1A8F54-77AC-4530-9A93-74828ECACA42}.Release|Any CPU.Build.0 = Release|Any CPU
		{F6F316AD-E0F8-49F1-ACA8-EABA6FCDD215}.Debug|Any CPU.ActiveCfg = Debug|Any CPU
		{F6F316AD-E0F8-49F1-ACA8-EABA6FCDD215}.Debug|Any CPU.Build.0 = Debug|Any CPU
		{F6F316AD-E0F8-49F1-ACA8-EABA6FCDD215}.Release|Any CPU.ActiveCfg = Release|Any CPU
		{F6F316AD-E0F8-49F1-ACA8-EABA6FCDD215}.Release|Any CPU.Build.0 = Release|Any CPU
		{4C598667-6D9D-48D0-AC0F-E38C54EC04CD}.Debug|Any CPU.ActiveCfg = Debug|Any CPU
		{4C598667-6D9D-48D0-AC0F-E38C54EC04CD}.Debug|Any CPU.Build.0 = Debug|Any CPU
		{4C598667-6D9D-48D0-AC0F-E38C54EC04CD}.Release|Any CPU.ActiveCfg = Release|Any CPU
		{4C598667-6D9D-48D0-AC0F-E38C54EC04CD}.Release|Any CPU.Build.0 = Release|Any CPU
		{7A4FBFE7-C987-4F77-8B36-9B1403C9E5CA}.Debug|Any CPU.ActiveCfg = Debug|Any CPU
		{7A4FBFE7-C987-4F77-8B36-9B1403C9E5CA}.Debug|Any CPU.Build.0 = Debug|Any CPU
		{7A4FBFE7-C987-4F77-8B36-9B1403C9E5CA}.Release|Any CPU.ActiveCfg = Release|Any CPU
		{7A4FBFE7-C987-4F77-8B36-9B1403C9E5CA}.Release|Any CPU.Build.0 = Release|Any CPU
		{D2958D15-2739-4C03-B490-4F67559C0CC3}.Debug|Any CPU.ActiveCfg = Debug|Any CPU
		{D2958D15-2739-4C03-B490-4F67559C0CC3}.Debug|Any CPU.Build.0 = Debug|Any CPU
		{D2958D15-2739-4C03-B490-4F67559C0CC3}.Release|Any CPU.ActiveCfg = Release|Any CPU
		{D2958D15-2739-4C03-B490-4F67559C0CC3}.Release|Any CPU.Build.0 = Release|Any CPU
	EndGlobalSection
	GlobalSection(SolutionProperties) = preSolution
		HideSolutionNode = FALSE
	EndGlobalSection
EndGlobal
