Microsoft Visual Studio Solution File, Format Version 8.00
Project("{FAE04EC0-301F-11D3-BF4B-00C04F79EFBC}") = "Castle.MonoRail.Framework", "Castle.MonoRail.Framework\Castle.MonoRail.Framework.csproj", "{EC393863-333E-49CE-94A6-654B9F323954}"
	ProjectSection(ProjectDependencies) = postProject
	EndProjectSection
EndProject
Project("{FAE04EC0-301F-11D3-BF4B-00C04F79EFBC}") = "Castle.MonoRail.Engine", "Castle.MonoRail.Engine\Castle.MonoRail.Engine.csproj", "{057D2BF7-45FF-41B6-8D2D-0B164FA3B9FD}"
	ProjectSection(ProjectDependencies) = postProject
	EndProjectSection
EndProject
Project("{FAE04EC0-301F-11D3-BF4B-00C04F79EFBC}") = "Castle.MonoRail.Engine.Tests", "Castle.MonoRail.Engine.Tests\Castle.MonoRail.Engine.Tests.csproj", "{12A3B0DA-079D-4337-AF70-798596FDB9FE}"
	ProjectSection(ProjectDependencies) = postProject
	EndProjectSection
EndProject
Project("{FAE04EC0-301F-11D3-BF4B-00C04F79EFBC}") = "Castle.MonoRail.Framework.Tests", "Castle.MonoRail.Framework.Tests\Castle.MonoRail.Framework.Tests.csproj", "{844F5EC4-9224-42A9-986D-CE645AC970F2}"
	ProjectSection(ProjectDependencies) = postProject
	EndProjectSection
EndProject
Project("{FAE04EC0-301F-11D3-BF4B-00C04F79EFBC}") = "Castle.MonoRail.Generator", "Castle.MonoRail.Generator\Castle.MonoRail.Generator.csproj", "{30F513CB-9520-4E43-A845-3185D76F38B9}"
	ProjectSection(ProjectDependencies) = postProject
	EndProjectSection
EndProject
Project("{FAE04EC0-301F-11D3-BF4B-00C04F79EFBC}") = "TestSite", "TestSite\TestSite.csproj", "{7439F3D3-5F1B-4D03-ADE1-8EB85F711A53}"
	ProjectSection(ProjectDependencies) = postProject
	EndProjectSection
EndProject
Project("{FAE04EC0-301F-11D3-BF4B-00C04F79EFBC}") = "Castle.MonoRail.TestSupport", "Castle.MonoRail.TestSupport\Castle.MonoRail.TestSupport.csproj", "{E572DC59-2A96-482F-BE39-E938AB47EA9D}"
	ProjectSection(ProjectDependencies) = postProject
	EndProjectSection
EndProject
Global
	GlobalSection(SolutionConfiguration) = preSolution
		Debug = Debug
		Release = Release
	EndGlobalSection
	GlobalSection(ProjectConfiguration) = postSolution
		{EC393863-333E-49CE-94A6-654B9F323954}.Debug.ActiveCfg = Debug|.NET
		{EC393863-333E-49CE-94A6-654B9F323954}.Debug.Build.0 = Debug|.NET
		{EC393863-333E-49CE-94A6-654B9F323954}.Release.ActiveCfg = Release|.NET
		{EC393863-333E-49CE-94A6-654B9F323954}.Release.Build.0 = Release|.NET
		{057D2BF7-45FF-41B6-8D2D-0B164FA3B9FD}.Debug.ActiveCfg = Debug|.NET
		{057D2BF7-45FF-41B6-8D2D-0B164FA3B9FD}.Debug.Build.0 = Debug|.NET
		{057D2BF7-45FF-41B6-8D2D-0B164FA3B9FD}.Release.ActiveCfg = Release|.NET
		{057D2BF7-45FF-41B6-8D2D-0B164FA3B9FD}.Release.Build.0 = Release|.NET
		{12A3B0DA-079D-4337-AF70-798596FDB9FE}.Debug.ActiveCfg = Debug|.NET
		{12A3B0DA-079D-4337-AF70-798596FDB9FE}.Debug.Build.0 = Debug|.NET
		{12A3B0DA-079D-4337-AF70-798596FDB9FE}.Release.ActiveCfg = Release|.NET
		{12A3B0DA-079D-4337-AF70-798596FDB9FE}.Release.Build.0 = Release|.NET
		{844F5EC4-9224-42A9-986D-CE645AC970F2}.Debug.ActiveCfg = Debug|.NET
		{844F5EC4-9224-42A9-986D-CE645AC970F2}.Debug.Build.0 = Debug|.NET
		{844F5EC4-9224-42A9-986D-CE645AC970F2}.Release.ActiveCfg = Release|.NET
		{844F5EC4-9224-42A9-986D-CE645AC970F2}.Release.Build.0 = Release|.NET
		{30F513CB-9520-4E43-A845-3185D76F38B9}.Debug.ActiveCfg = Debug|.NET
		{30F513CB-9520-4E43-A845-3185D76F38B9}.Debug.Build.0 = Debug|.NET
		{30F513CB-9520-4E43-A845-3185D76F38B9}.Release.ActiveCfg = Release|.NET
		{30F513CB-9520-4E43-A845-3185D76F38B9}.Release.Build.0 = Release|.NET
		{7439F3D3-5F1B-4D03-ADE1-8EB85F711A53}.Debug.ActiveCfg = Debug|.NET
		{7439F3D3-5F1B-4D03-ADE1-8EB85F711A53}.Debug.Build.0 = Debug|.NET
		{7439F3D3-5F1B-4D03-ADE1-8EB85F711A53}.Release.ActiveCfg = Release|.NET
		{7439F3D3-5F1B-4D03-ADE1-8EB85F711A53}.Release.Build.0 = Release|.NET
		{E572DC59-2A96-482F-BE39-E938AB47EA9D}.Debug.ActiveCfg = Debug|.NET
		{E572DC59-2A96-482F-BE39-E938AB47EA9D}.Debug.Build.0 = Debug|.NET
		{E572DC59-2A96-482F-BE39-E938AB47EA9D}.Release.ActiveCfg = Release|.NET
		{E572DC59-2A96-482F-BE39-E938AB47EA9D}.Release.Build.0 = Release|.NET
	EndGlobalSection
	GlobalSection(SolutionItems) = postSolution
		Changes.txt = Changes.txt
		License.txt = License.txt
		monorail.build = monorail.build
		Readme.txt = Readme.txt
	EndGlobalSection
	GlobalSection(ExtensibilityGlobals) = postSolution
	EndGlobalSection
	GlobalSection(ExtensibilityAddIns) = postSolution
	EndGlobalSection
EndGlobal
