Microsoft Visual Studio Solution File, Format Version 9.00
# Visual Studio 2005
Project("{FAE04EC1-301F-11D3-BF4B-00C04F79EFBC}") = "App", "app\app.csproj", "<%= AppGuid %>"
EndProject
Project("{FAE04EC1-301F-11D3-BF4B-00C04F79EFBC}") = "Test", "test\test.csproj", "<%= TestGuid %>"
EndProject
Global
	GlobalSection(SolutionConfigurationPlatforms) = preSolution
		Debug|Any CPU = Debug|Any CPU
		Release|Any CPU = Release|Any CPU
	EndGlobalSection
	GlobalSection(ProjectConfigurationPlatforms) = postSolution
		<%= AppGuid %>.Debug|Any CPU.ActiveCfg = Debug|Any CPU
		<%= AppGuid %>.Debug|Any CPU.Build.0 = Debug|Any CPU
		<%= AppGuid %>.Release|Any CPU.ActiveCfg = Release|Any CPU
		<%= AppGuid %>.Release|Any CPU.Build.0 = Release|Any CPU
		<%= TestGuid %>.Debug|Any CPU.ActiveCfg = Debug|Any CPU
		<%= TestGuid %>.Debug|Any CPU.Build.0 = Debug|Any CPU
		<%= TestGuid %>.Release|Any CPU.ActiveCfg = Release|Any CPU
		<%= TestGuid %>.Release|Any CPU.Build.0 = Release|Any CPU
	EndGlobalSection
	GlobalSection(SolutionProperties) = preSolution
		HideSolutionNode = FALSE
	EndGlobalSection
EndGlobal
