Microsoft Visual Studio Solution File, Format Version 8.00
Project("{FAE04EC0-301F-11D3-BF4B-00C04F79EFBC}") = "Castle.Rook.Compiler", "Castle.Rook.Compiler\Castle.Rook.Compiler.csproj", "{CA2D5B6C-FC9E-4EDC-9B30-F353449DF3A9}"
	ProjectSection(ProjectDependencies) = postProject
	EndProjectSection
EndProject
Project("{FAE04EC0-301F-11D3-BF4B-00C04F79EFBC}") = "Castle.Rook.Compiler.Tests", "Castle.Rook.Compiler.Tests\Castle.Rook.Compiler.Tests.csproj", "{B7DB3507-DF20-44BC-AD17-24430CE085A5}"
	ProjectSection(ProjectDependencies) = postProject
	EndProjectSection
EndProject
Project("{FAE04EC0-301F-11D3-BF4B-00C04F79EFBC}") = "ASTViewer", "ASTViewer\ASTViewer.csproj", "{3DAB5835-8F16-46A0-B1D8-AD86E99329AC}"
	ProjectSection(ProjectDependencies) = postProject
	EndProjectSection
EndProject
Global
	GlobalSection(SolutionConfiguration) = preSolution
		Debug = Debug
		Release = Release
	EndGlobalSection
	GlobalSection(ProjectConfiguration) = postSolution
		{CA2D5B6C-FC9E-4EDC-9B30-F353449DF3A9}.Debug.ActiveCfg = Debug|.NET
		{CA2D5B6C-FC9E-4EDC-9B30-F353449DF3A9}.Debug.Build.0 = Debug|.NET
		{CA2D5B6C-FC9E-4EDC-9B30-F353449DF3A9}.Release.ActiveCfg = Release|.NET
		{CA2D5B6C-FC9E-4EDC-9B30-F353449DF3A9}.Release.Build.0 = Release|.NET
		{B7DB3507-DF20-44BC-AD17-24430CE085A5}.Debug.ActiveCfg = Debug|.NET
		{B7DB3507-DF20-44BC-AD17-24430CE085A5}.Debug.Build.0 = Debug|.NET
		{B7DB3507-DF20-44BC-AD17-24430CE085A5}.Release.ActiveCfg = Release|.NET
		{B7DB3507-DF20-44BC-AD17-24430CE085A5}.Release.Build.0 = Release|.NET
		{3DAB5835-8F16-46A0-B1D8-AD86E99329AC}.Debug.ActiveCfg = Debug|.NET
		{3DAB5835-8F16-46A0-B1D8-AD86E99329AC}.Debug.Build.0 = Debug|.NET
		{3DAB5835-8F16-46A0-B1D8-AD86E99329AC}.Release.ActiveCfg = Release|.NET
		{3DAB5835-8F16-46A0-B1D8-AD86E99329AC}.Release.Build.0 = Release|.NET
	EndGlobalSection
	GlobalSection(ExtensibilityGlobals) = postSolution
	EndGlobalSection
	GlobalSection(ExtensibilityAddIns) = postSolution
	EndGlobalSection
EndGlobal
