Microsoft Visual Studio Solution File, Format Version 9.00
# Visual Studio 2005
Project("{FAE04EC0-301F-11D3-BF4B-00C04F79EFBC}") = "MRProject", "MRProject.csproj", "{315C710A-8072-48DE-9982-65455F0AA414}"
EndProject
Project("{FAE04EC0-301F-11D3-BF4B-00C04F79EFBC}") = "MRProjectTest", "..\MRProjectTest\MRProjectTest.csproj", "{135D74F9-91D7-44F9-B94D-D753E4F46621}"
EndProject
Global
	GlobalSection(SolutionConfigurationPlatforms) = preSolution
		Debug|Any CPU = Debug|Any CPU
		Release|Any CPU = Release|Any CPU
	EndGlobalSection
	GlobalSection(ProjectConfigurationPlatforms) = postSolution
		{315C710A-8072-48DE-9982-65455F0AA414}.Debug|Any CPU.ActiveCfg = Debug|Any CPU
		{315C710A-8072-48DE-9982-65455F0AA414}.Debug|Any CPU.Build.0 = Debug|Any CPU
		{315C710A-8072-48DE-9982-65455F0AA414}.Release|Any CPU.ActiveCfg = Release|Any CPU
		{315C710A-8072-48DE-9982-65455F0AA414}.Release|Any CPU.Build.0 = Release|Any CPU
		{135D74F9-91D7-44F9-B94D-D753E4F46621}.Debug|Any CPU.ActiveCfg = Debug|Any CPU
		{135D74F9-91D7-44F9-B94D-D753E4F46621}.Debug|Any CPU.Build.0 = Debug|Any CPU
		{135D74F9-91D7-44F9-B94D-D753E4F46621}.Release|Any CPU.ActiveCfg = Release|Any CPU
		{135D74F9-91D7-44F9-B94D-D753E4F46621}.Release|Any CPU.Build.0 = Release|Any CPU
	EndGlobalSection
	GlobalSection(SolutionProperties) = preSolution
		HideSolutionNode = FALSE
	EndGlobalSection
EndGlobal
