
Microsoft Visual Studio Solution File, Format Version 10.00
# Visual Studio 2008
Project("{FAE04EC0-301F-11D3-BF4B-00C04F79EFBC}") = "AutoCompletionSample-vs2008", "AutoCompletionSample\AutoCompletionSample-vs2008.csproj", "{2E38D6C2-C914-4B75-BF7C-C25C5F1EC6A4}"
EndProject
Global
	GlobalSection(SolutionConfigurationPlatforms) = preSolution
		Debug|Any CPU = Debug|Any CPU
		Release|Any CPU = Release|Any CPU
	EndGlobalSection
	GlobalSection(ProjectConfigurationPlatforms) = postSolution
		{2E38D6C2-C914-4B75-BF7C-C25C5F1EC6A4}.Debug|Any CPU.ActiveCfg = Debug|Any CPU
		{2E38D6C2-C914-4B75-BF7C-C25C5F1EC6A4}.Debug|Any CPU.Build.0 = Debug|Any CPU
		{2E38D6C2-C914-4B75-BF7C-C25C5F1EC6A4}.Release|Any CPU.ActiveCfg = Release|Any CPU
		{2E38D6C2-C914-4B75-BF7C-C25C5F1EC6A4}.Release|Any CPU.Build.0 = Release|Any CPU
	EndGlobalSection
	GlobalSection(SolutionProperties) = preSolution
		HideSolutionNode = FALSE
	EndGlobalSection
EndGlobal
