Microsoft Visual Studio Solution File, Format Version 9.00
# Visual Studio 2005
Project("{FAE04EC0-301F-11D3-BF4B-00C04F79EFBC}") = "Castle.Facilities.IBatisNetIntegration-vs2005", "Castle.Facilities.IBatisNetIntegration\Castle.Facilities.IBatisNetIntegration-vs2005.csproj", "{5CE5406D-92AB-45ED-A4C9-921745E38BE1}"
EndProject
Project("{FAE04EC0-301F-11D3-BF4B-00C04F79EFBC}") = "Castle.Facilities.IBatisNetIntegration.Tests-vs2005", "Castle.Facilities.IBatisNetIntegration.Tests\Castle.Facilities.IBatisNetIntegration.Tests-vs2005.csproj", "{0C9EE31D-A700-485B-948A-68E4A3614E71}"
EndProject
Project("{2150E333-8FDC-42A3-9474-1A3956D46DE8}") = "Solution Items", "Solution Items", "{11C34A85-723D-4A1C-8365-81A5E47CA4CD}"
	ProjectSection(SolutionItems) = preProject
		Castle.mdb = Castle.mdb
		Changes.txt = Changes.txt
		DataBase.config = DataBase.config
		default.build = default.build
		License.txt = License.txt
		bin\providers.config = bin\providers.config
		Readme.txt = Readme.txt
		bin\SqlMap.config = bin\SqlMap.config
		usage.txt = usage.txt
	EndProjectSection
EndProject
Global
	GlobalSection(SolutionConfigurationPlatforms) = preSolution
		Debug|Any CPU = Debug|Any CPU
		Release|Any CPU = Release|Any CPU
	EndGlobalSection
	GlobalSection(ProjectConfigurationPlatforms) = postSolution
		{5CE5406D-92AB-45ED-A4C9-921745E38BE1}.Debug|Any CPU.ActiveCfg = Debug|Any CPU
		{5CE5406D-92AB-45ED-A4C9-921745E38BE1}.Debug|Any CPU.Build.0 = Debug|Any CPU
		{5CE5406D-92AB-45ED-A4C9-921745E38BE1}.Release|Any CPU.ActiveCfg = Release|Any CPU
		{5CE5406D-92AB-45ED-A4C9-921745E38BE1}.Release|Any CPU.Build.0 = Release|Any CPU
		{0C9EE31D-A700-485B-948A-68E4A3614E71}.Debug|Any CPU.ActiveCfg = Debug|Any CPU
		{0C9EE31D-A700-485B-948A-68E4A3614E71}.Debug|Any CPU.Build.0 = Debug|Any CPU
		{0C9EE31D-A700-485B-948A-68E4A3614E71}.Release|Any CPU.ActiveCfg = Release|Any CPU
		{0C9EE31D-A700-485B-948A-68E4A3614E71}.Release|Any CPU.Build.0 = Release|Any CPU
	EndGlobalSection
	GlobalSection(SolutionProperties) = preSolution
		HideSolutionNode = FALSE
	EndGlobalSection
EndGlobal
