Microsoft Visual Studio Solution File, Format Version 9.00
# Visual Studio 2005
Project("{FAE04EC0-301F-11D3-BF4B-00C04F79EFBC}") = "Castle.Facilities.Prevalence-vs2005", "Castle.Facilities.Prevalence\Castle.Facilities.Prevalence-vs2005.csproj", "{483BE30E-0045-4C3D-9DFF-ED6421CBAB4E}"
EndProject
Project("{FAE04EC0-301F-11D3-BF4B-00C04F79EFBC}") = "Castle.Facilities.Prevalence.Tests-vs2005", "Castle.Facilities.Prevalence.Tests\Castle.Facilities.Prevalence.Tests-vs2005.csproj", "{B0E1BF89-A26B-42F0-BC89-5310B22F5C78}"
EndProject
Global
	GlobalSection(SolutionConfigurationPlatforms) = preSolution
		Debug|Any CPU = Debug|Any CPU
		Release|Any CPU = Release|Any CPU
	EndGlobalSection
	GlobalSection(ProjectConfigurationPlatforms) = postSolution
		{483BE30E-0045-4C3D-9DFF-ED6421CBAB4E}.Debug|Any CPU.ActiveCfg = Debug|Any CPU
		{483BE30E-0045-4C3D-9DFF-ED6421CBAB4E}.Debug|Any CPU.Build.0 = Debug|Any CPU
		{483BE30E-0045-4C3D-9DFF-ED6421CBAB4E}.Release|Any CPU.ActiveCfg = Release|Any CPU
		{483BE30E-0045-4C3D-9DFF-ED6421CBAB4E}.Release|Any CPU.Build.0 = Release|Any CPU
		{B0E1BF89-A26B-42F0-BC89-5310B22F5C78}.Debug|Any CPU.ActiveCfg = Debug|Any CPU
		{B0E1BF89-A26B-42F0-BC89-5310B22F5C78}.Debug|Any CPU.Build.0 = Debug|Any CPU
		{B0E1BF89-A26B-42F0-BC89-5310B22F5C78}.Release|Any CPU.ActiveCfg = Release|Any CPU
		{B0E1BF89-A26B-42F0-BC89-5310B22F5C78}.Release|Any CPU.Build.0 = Release|Any CPU
	EndGlobalSection
	GlobalSection(SolutionProperties) = preSolution
		HideSolutionNode = FALSE
	EndGlobalSection
EndGlobal
