Microsoft Visual Studio Solution File, Format Version 8.00
Project("{FAE04EC0-301F-11D3-BF4B-00C04F79EFBC}") = "DataBindSample", "DataBindSample\DataBindSample.csproj", "{0FCA8F7F-3D66-4459-91A4-EF93CE22938E}"
	ProjectSection(ProjectDependencies) = postProject
	EndProjectSection
EndProject
Global
	GlobalSection(SolutionConfiguration) = preSolution
		Debug = Debug
		Release = Release
	EndGlobalSection
	GlobalSection(ProjectDependencies) = postSolution
	EndGlobalSection
	GlobalSection(ProjectConfiguration) = postSolution
		{0FCA8F7F-3D66-4459-91A4-EF93CE22938E}.Debug.ActiveCfg = Debug|.NET
		{0FCA8F7F-3D66-4459-91A4-EF93CE22938E}.Debug.Build.0 = Debug|.NET
		{0FCA8F7F-3D66-4459-91A4-EF93CE22938E}.Release.ActiveCfg = Release|.NET
		{0FCA8F7F-3D66-4459-91A4-EF93CE22938E}.Release.Build.0 = Release|.NET
	EndGlobalSection
	GlobalSection(ExtensibilityGlobals) = postSolution
	EndGlobalSection
	GlobalSection(ExtensibilityAddIns) = postSolution
	EndGlobalSection
EndGlobal
