Microsoft Visual Studio Solution File, Format Version 9.00
# Visual Studio 2005
Project("{FAE04EC0-301F-11D3-BF4B-00C04F79EFBC}") = "DataBindSample-vs2005", "DataBindSample\DataBindSample-vs2005.csproj", "{0FCA8F7F-3D66-4459-91A4-EF93CE22938E}"
	ProjectSection(WebsiteProperties) = preProject
		Debug.AspNetCompiler.Debug = "True"
		Release.AspNetCompiler.Debug = "False"
	EndProjectSection
EndProject
Global
	GlobalSection(SolutionConfigurationPlatforms) = preSolution
		Debug|Any CPU = Debug|Any CPU
		Release|Any CPU = Release|Any CPU
	EndGlobalSection
	GlobalSection(ProjectConfigurationPlatforms) = postSolution
		{0FCA8F7F-3D66-4459-91A4-EF93CE22938E}.Debug|Any CPU.ActiveCfg = Debug|Any CPU
		{0FCA8F7F-3D66-4459-91A4-EF93CE22938E}.Debug|Any CPU.Build.0 = Debug|Any CPU
		{0FCA8F7F-3D66-4459-91A4-EF93CE22938E}.Release|Any CPU.ActiveCfg = Release|Any CPU
		{0FCA8F7F-3D66-4459-91A4-EF93CE22938E}.Release|Any CPU.Build.0 = Release|Any CPU
	EndGlobalSection
	GlobalSection(SolutionProperties) = preSolution
		HideSolutionNode = FALSE
	EndGlobalSection
EndGlobal
