Microsoft Visual Studio Solution File, Format Version 10.00
# Visual Studio 2008
Project("{FAE04EC0-301F-11D3-BF4B-00C04F79EFBC}") = "PetStore.Web-vs2008", "PetStore.Web\PetStore.Web-vs2008.csproj", "{5537DCB6-D3F1-4704-96BA-83FAEC9981D7}"
EndProject
Project("{FAE04EC0-301F-11D3-BF4B-00C04F79EFBC}") = "PetStore.Model-vs2008", "PetStore.Model\PetStore.Model-vs2008.csproj", "{932E2BF7-5E0B-42AA-A364-0138A150872E}"
EndProject
Project("{FAE04EC0-301F-11D3-BF4B-00C04F79EFBC}") = "PetStore.Service-vs2008", "PetStore.Service\PetStore.Service-vs2008.csproj", "{5AA760BE-5153-498F-A9D9-CDB628A7E110}"
EndProject
Project("{FAE04EC0-301F-11D3-BF4B-00C04F79EFBC}") = "PetStore.Model.Tests", "PetStore.Model.Tests\PetStore.Model.Tests.csproj", "{6A19D3FA-4B4A-47C9-AD9D-4801B4BADDF1}"
EndProject
Global
	GlobalSection(SolutionConfigurationPlatforms) = preSolution
		Debug|Any CPU = Debug|Any CPU
		Release|Any CPU = Release|Any CPU
	EndGlobalSection
	GlobalSection(ProjectConfigurationPlatforms) = postSolution
		{5537DCB6-D3F1-4704-96BA-83FAEC9981D7}.Debug|Any CPU.ActiveCfg = Debug|Any CPU
		{5537DCB6-D3F1-4704-96BA-83FAEC9981D7}.Debug|Any CPU.Build.0 = Debug|Any CPU
		{5537DCB6-D3F1-4704-96BA-83FAEC9981D7}.Release|Any CPU.ActiveCfg = Release|Any CPU
		{5537DCB6-D3F1-4704-96BA-83FAEC9981D7}.Release|Any CPU.Build.0 = Release|Any CPU
		{932E2BF7-5E0B-42AA-A364-0138A150872E}.Debug|Any CPU.ActiveCfg = Debug|Any CPU
		{932E2BF7-5E0B-42AA-A364-0138A150872E}.Debug|Any CPU.Build.0 = Debug|Any CPU
		{932E2BF7-5E0B-42AA-A364-0138A150872E}.Release|Any CPU.ActiveCfg = Release|Any CPU
		{932E2BF7-5E0B-42AA-A364-0138A150872E}.Release|Any CPU.Build.0 = Release|Any CPU
		{5AA760BE-5153-498F-A9D9-CDB628A7E110}.Debug|Any CPU.ActiveCfg = Debug|Any CPU
		{5AA760BE-5153-498F-A9D9-CDB628A7E110}.Debug|Any CPU.Build.0 = Debug|Any CPU
		{5AA760BE-5153-498F-A9D9-CDB628A7E110}.Release|Any CPU.ActiveCfg = Release|Any CPU
		{5AA760BE-5153-498F-A9D9-CDB628A7E110}.Release|Any CPU.Build.0 = Release|Any CPU
		{6A19D3FA-4B4A-47C9-AD9D-4801B4BADDF1}.Debug|Any CPU.ActiveCfg = Debug|Any CPU
		{6A19D3FA-4B4A-47C9-AD9D-4801B4BADDF1}.Debug|Any CPU.Build.0 = Debug|Any CPU
		{6A19D3FA-4B4A-47C9-AD9D-4801B4BADDF1}.Release|Any CPU.ActiveCfg = Release|Any CPU
		{6A19D3FA-4B4A-47C9-AD9D-4801B4BADDF1}.Release|Any CPU.Build.0 = Release|Any CPU
	EndGlobalSection
	GlobalSection(SolutionProperties) = preSolution
		HideSolutionNode = FALSE
	EndGlobalSection
EndGlobal
