Microsoft Visual Studio Solution File, Format Version 8.00
Project("{FAE04EC0-301F-11D3-BF4B-00C04F79EFBC}") = "pre-commit", "pre-commit\pre-commit.csproj", "{FD76F62E-34FE-4BDB-8EB0-DA870AF8092A}"
	ProjectSection(ProjectDependencies) = postProject
	EndProjectSection
EndProject
Project("{FAE04EC0-301F-11D3-BF4B-00C04F79EFBC}") = "Hooks", "Hooks\Hooks.csproj", "{B305CE9B-931A-461C-893E-1116BB4FEE4A}"
	ProjectSection(ProjectDependencies) = postProject
	EndProjectSection
EndProject
Project("{FAE04EC0-301F-11D3-BF4B-00C04F79EFBC}") = "CastleProjectHooks", "CastleProjectHooks\CastleProjectHooks.csproj", "{1492A878-42DA-4287-89A2-4B7943AD99C4}"
	ProjectSection(ProjectDependencies) = postProject
	EndProjectSection
EndProject
Project("{FAE04EC0-301F-11D3-BF4B-00C04F79EFBC}") = "Hooks.Tests", "Hooks.Tests\Hooks.Tests.csproj", "{6BC532DA-82BE-4C2E-8E00-22E8DD5C47E4}"
	ProjectSection(ProjectDependencies) = postProject
	EndProjectSection
EndProject
Project("{FAE04EC0-301F-11D3-BF4B-00C04F79EFBC}") = "CastleProjectHooks.Tests", "CastleProjectHooks.Tests\CastleProjectHooks.Tests.csproj", "{345FFDBB-90AD-42ED-AC14-6CFB498FB857}"
	ProjectSection(ProjectDependencies) = postProject
	EndProjectSection
EndProject
Global
	GlobalSection(SolutionConfiguration) = preSolution
		Debug = Debug
		Release = Release
	EndGlobalSection
	GlobalSection(ProjectConfiguration) = postSolution
		{FD76F62E-34FE-4BDB-8EB0-DA870AF8092A}.Debug.ActiveCfg = Debug|.NET
		{FD76F62E-34FE-4BDB-8EB0-DA870AF8092A}.Debug.Build.0 = Debug|.NET
		{FD76F62E-34FE-4BDB-8EB0-DA870AF8092A}.Release.ActiveCfg = Release|.NET
		{FD76F62E-34FE-4BDB-8EB0-DA870AF8092A}.Release.Build.0 = Release|.NET
		{B305CE9B-931A-461C-893E-1116BB4FEE4A}.Debug.ActiveCfg = Debug|.NET
		{B305CE9B-931A-461C-893E-1116BB4FEE4A}.Debug.Build.0 = Debug|.NET
		{B305CE9B-931A-461C-893E-1116BB4FEE4A}.Release.ActiveCfg = Release|.NET
		{B305CE9B-931A-461C-893E-1116BB4FEE4A}.Release.Build.0 = Release|.NET
		{1492A878-42DA-4287-89A2-4B7943AD99C4}.Debug.ActiveCfg = Debug|.NET
		{1492A878-42DA-4287-89A2-4B7943AD99C4}.Debug.Build.0 = Debug|.NET
		{1492A878-42DA-4287-89A2-4B7943AD99C4}.Release.ActiveCfg = Release|.NET
		{1492A878-42DA-4287-89A2-4B7943AD99C4}.Release.Build.0 = Release|.NET
		{6BC532DA-82BE-4C2E-8E00-22E8DD5C47E4}.Debug.ActiveCfg = Debug|.NET
		{6BC532DA-82BE-4C2E-8E00-22E8DD5C47E4}.Debug.Build.0 = Debug|.NET
		{6BC532DA-82BE-4C2E-8E00-22E8DD5C47E4}.Release.ActiveCfg = Release|.NET
		{6BC532DA-82BE-4C2E-8E00-22E8DD5C47E4}.Release.Build.0 = Release|.NET
		{345FFDBB-90AD-42ED-AC14-6CFB498FB857}.Debug.ActiveCfg = Debug|.NET
		{345FFDBB-90AD-42ED-AC14-6CFB498FB857}.Debug.Build.0 = Debug|.NET
		{345FFDBB-90AD-42ED-AC14-6CFB498FB857}.Release.ActiveCfg = Release|.NET
		{345FFDBB-90AD-42ED-AC14-6CFB498FB857}.Release.Build.0 = Release|.NET
	EndGlobalSection
	GlobalSection(SolutionItems) = postSolution
		Hooks.config = Hooks.config
		Hooks.txt = Hooks.txt
		How to install.txt = How to install.txt
	EndGlobalSection
	GlobalSection(ExtensibilityGlobals) = postSolution
	EndGlobalSection
	GlobalSection(ExtensibilityAddIns) = postSolution
	EndGlobalSection
EndGlobal
