Microsoft Visual Studio Solution File, Format Version 8.00
Project("{FAE04EC0-301F-11D3-BF4B-00C04F79EFBC}") = "ClientApp", "ClientApp\ClientApp.csproj", "{03ACDF04-B61B-42A1-8FD5-1314AEDDC7FC}"
	ProjectSection(ProjectDependencies) = postProject
	EndProjectSection
EndProject
Project("{FAE04EC0-301F-11D3-BF4B-00C04F79EFBC}") = "ServerApp", "ServerApp\ServerApp.csproj", "{62A41085-59F5-4FCA-887A-C4C311895787}"
	ProjectSection(ProjectDependencies) = postProject
	EndProjectSection
EndProject
Project("{FAE04EC0-301F-11D3-BF4B-00C04F79EFBC}") = "Example.Shared", "Example.Shared\Example.Shared.csproj", "{17A66712-63EF-46B6-96EA-0FA8D0AEA83B}"
	ProjectSection(ProjectDependencies) = postProject
	EndProjectSection
EndProject
Global
	GlobalSection(SolutionConfiguration) = preSolution
		Debug = Debug
		Release = Release
	EndGlobalSection
	GlobalSection(ProjectDependencies) = postSolution
	EndGlobalSection
	GlobalSection(ProjectConfiguration) = postSolution
		{03ACDF04-B61B-42A1-8FD5-1314AEDDC7FC}.Debug.ActiveCfg = Debug|.NET
		{03ACDF04-B61B-42A1-8FD5-1314AEDDC7FC}.Debug.Build.0 = Debug|.NET
		{03ACDF04-B61B-42A1-8FD5-1314AEDDC7FC}.Release.ActiveCfg = Release|.NET
		{03ACDF04-B61B-42A1-8FD5-1314AEDDC7FC}.Release.Build.0 = Release|.NET
		{62A41085-59F5-4FCA-887A-C4C311895787}.Debug.ActiveCfg = Debug|.NET
		{62A41085-59F5-4FCA-887A-C4C311895787}.Debug.Build.0 = Debug|.NET
		{62A41085-59F5-4FCA-887A-C4C311895787}.Release.ActiveCfg = Release|.NET
		{62A41085-59F5-4FCA-887A-C4C311895787}.Release.Build.0 = Release|.NET
		{17A66712-63EF-46B6-96EA-0FA8D0AEA83B}.Debug.ActiveCfg = Debug|.NET
		{17A66712-63EF-46B6-96EA-0FA8D0AEA83B}.Debug.Build.0 = Debug|.NET
		{17A66712-63EF-46B6-96EA-0FA8D0AEA83B}.Release.ActiveCfg = Release|.NET
		{17A66712-63EF-46B6-96EA-0FA8D0AEA83B}.Release.Build.0 = Release|.NET
	EndGlobalSection
	GlobalSection(ExtensibilityGlobals) = postSolution
	EndGlobalSection
	GlobalSection(ExtensibilityAddIns) = postSolution
	EndGlobalSection
EndGlobal
