Microsoft Visual Studio Solution File, Format Version 9.00
# Visual Studio 2005
Project("{FAE04EC0-301F-11D3-BF4B-00C04F79EFBC}") = "Castle.Facilities.Remoting.Tests-vs2005", "Castle.Facilities.Remoting.Tests\Castle.Facilities.Remoting.Tests-vs2005.csproj", "{19F55512-3F9D-4032-B195-223E51F47635}"
	ProjectSection(WebsiteProperties) = preProject
		Debug.AspNetCompiler.Debug = "True"
		Release.AspNetCompiler.Debug = "False"
	EndProjectSection
EndProject
Project("{FAE04EC0-301F-11D3-BF4B-00C04F79EFBC}") = "Castle.MicroKernel-vs2005", "..\..\InversionOfControl\Castle.MicroKernel\Castle.MicroKernel-vs2005.csproj", "{8C6AADEB-D099-4D2A-8F5B-4EBC12AC9159}"
	ProjectSection(WebsiteProperties) = preProject
		Debug.AspNetCompiler.Debug = "True"
		Release.AspNetCompiler.Debug = "False"
	EndProjectSection
EndProject
Project("{FAE04EC0-301F-11D3-BF4B-00C04F79EFBC}") = "Castle.Windsor-vs2005", "..\..\InversionOfControl\Castle.Windsor\Castle.Windsor-vs2005.csproj", "{60EFCB9B-E3FF-46A5-A2D2-D9F0EF75D5FE}"
	ProjectSection(WebsiteProperties) = preProject
		Debug.AspNetCompiler.Debug = "True"
		Release.AspNetCompiler.Debug = "False"
	EndProjectSection
EndProject
Project("{FAE04EC0-301F-11D3-BF4B-00C04F79EFBC}") = "Castle.Core-vs2005", "..\..\Core\Castle.Core\Castle.Core-vs2005.csproj", "{E4FA5B53-7D36-429E-8E5C-53D5479242BA}"
	ProjectSection(WebsiteProperties) = preProject
		Debug.AspNetCompiler.Debug = "True"
		Release.AspNetCompiler.Debug = "False"
	EndProjectSection
EndProject
Project("{2150E333-8FDC-42A3-9474-1A3956D46DE8}") = "Solution Items", "Solution Items", "{9FFA929D-86FC-4F0D-B4F0-714155BC7995}"
	ProjectSection(WebsiteProperties) = preProject
		Debug.AspNetCompiler.Debug = "True"
		Release.AspNetCompiler.Debug = "False"
	EndProjectSection
	ProjectSection(SolutionItems) = preProject
		Changes.txt = Changes.txt
		default.build = default.build
		License.txt = License.txt
		Readme.txt = Readme.txt
	EndProjectSection
EndProject
Project("{FAE04EC0-301F-11D3-BF4B-00C04F79EFBC}") = "Castle.Facilities.Remoting.TestComponents-vs2005", "Castle.Facilities.Remoting.TestsComponents\Castle.Facilities.Remoting.TestComponents-vs2005.csproj", "{07B01B42-54DC-4A99-B856-0EA5515684AC}"
	ProjectSection(WebsiteProperties) = preProject
		Debug.AspNetCompiler.Debug = "True"
		Release.AspNetCompiler.Debug = "False"
	EndProjectSection
EndProject
Project("{FAE04EC0-301F-11D3-BF4B-00C04F79EFBC}") = "Castle.DynamicProxy-vs2005", "..\..\Tools\Castle.DynamicProxy2\Castle.DynamicProxy\Castle.DynamicProxy-vs2005.csproj", "{2DE7CC8C-6F06-43BC-A7B6-9466BEDEAC28}"
	ProjectSection(WebsiteProperties) = preProject
		Debug.AspNetCompiler.Debug = "True"
		Release.AspNetCompiler.Debug = "False"
	EndProjectSection
EndProject
Global
	GlobalSection(SolutionConfigurationPlatforms) = preSolution
		Debug|Any CPU = Debug|Any CPU
		Release|Any CPU = Release|Any CPU
	EndGlobalSection
	GlobalSection(ProjectConfigurationPlatforms) = postSolution
		{19F55512-3F9D-4032-B195-223E51F47635}.Debug|Any CPU.ActiveCfg = Debug|Any CPU
		{19F55512-3F9D-4032-B195-223E51F47635}.Debug|Any CPU.Build.0 = Debug|Any CPU
		{19F55512-3F9D-4032-B195-223E51F47635}.Release|Any CPU.ActiveCfg = Release|Any CPU
		{19F55512-3F9D-4032-B195-223E51F47635}.Release|Any CPU.Build.0 = Release|Any CPU
		{8C6AADEB-D099-4D2A-8F5B-4EBC12AC9159}.Debug|Any CPU.ActiveCfg = Debug|Any CPU
		{8C6AADEB-D099-4D2A-8F5B-4EBC12AC9159}.Debug|Any CPU.Build.0 = Debug|Any CPU
		{8C6AADEB-D099-4D2A-8F5B-4EBC12AC9159}.Release|Any CPU.ActiveCfg = Release|Any CPU
		{8C6AADEB-D099-4D2A-8F5B-4EBC12AC9159}.Release|Any CPU.Build.0 = Release|Any CPU
		{60EFCB9B-E3FF-46A5-A2D2-D9F0EF75D5FE}.Debug|Any CPU.ActiveCfg = Debug|Any CPU
		{60EFCB9B-E3FF-46A5-A2D2-D9F0EF75D5FE}.Debug|Any CPU.Build.0 = Debug|Any CPU
		{60EFCB9B-E3FF-46A5-A2D2-D9F0EF75D5FE}.Release|Any CPU.ActiveCfg = Release|Any CPU
		{60EFCB9B-E3FF-46A5-A2D2-D9F0EF75D5FE}.Release|Any CPU.Build.0 = Release|Any CPU
		{E4FA5B53-7D36-429E-8E5C-53D5479242BA}.Debug|Any CPU.ActiveCfg = Debug|Any CPU
		{E4FA5B53-7D36-429E-8E5C-53D5479242BA}.Debug|Any CPU.Build.0 = Debug|Any CPU
		{E4FA5B53-7D36-429E-8E5C-53D5479242BA}.Release|Any CPU.ActiveCfg = Release|Any CPU
		{E4FA5B53-7D36-429E-8E5C-53D5479242BA}.Release|Any CPU.Build.0 = Release|Any CPU
		{07B01B42-54DC-4A99-B856-0EA5515684AC}.Debug|Any CPU.ActiveCfg = Debug|Any CPU
		{07B01B42-54DC-4A99-B856-0EA5515684AC}.Debug|Any CPU.Build.0 = Debug|Any CPU
		{07B01B42-54DC-4A99-B856-0EA5515684AC}.Release|Any CPU.ActiveCfg = Release|Any CPU
		{07B01B42-54DC-4A99-B856-0EA5515684AC}.Release|Any CPU.Build.0 = Release|Any CPU
		{2DE7CC8C-6F06-43BC-A7B6-9466BEDEAC28}.Debug|Any CPU.ActiveCfg = Debug|Any CPU
		{2DE7CC8C-6F06-43BC-A7B6-9466BEDEAC28}.Debug|Any CPU.Build.0 = Debug|Any CPU
		{2DE7CC8C-6F06-43BC-A7B6-9466BEDEAC28}.Release|Any CPU.ActiveCfg = Release|Any CPU
		{2DE7CC8C-6F06-43BC-A7B6-9466BEDEAC28}.Release|Any CPU.Build.0 = Release|Any CPU
	EndGlobalSection
	GlobalSection(SolutionProperties) = preSolution
		HideSolutionNode = FALSE
	EndGlobalSection
EndGlobal
