Microsoft Visual Studio Solution File, Format Version 8.00
Project("{FAE04EC0-301F-11D3-BF4B-00C04F79EFBC}") = "Castle.Facilities.Remoting.TestComponents", "Castle.Facilities.Remoting.TestComponents\Castle.Facilities.Remoting.TestComponents.csproj", "{07B01B42-54DC-4A99-B856-0EA5515684AC}"
	ProjectSection(ProjectDependencies) = postProject
	EndProjectSection
EndProject
Project("{FAE04EC0-301F-11D3-BF4B-00C04F79EFBC}") = "Castle.Facilities.Remoting.Tests", "Castle.Facilities.Remoting.Tests\Castle.Facilities.Remoting.Tests.csproj", "{19F55512-3F9D-4032-B195-223E51F47635}"
	ProjectSection(ProjectDependencies) = postProject
	EndProjectSection
EndProject
Project("{FAE04EC0-301F-11D3-BF4B-00C04F79EFBC}") = "Castle.MicroKernel", "..\..\InversionOfControl\Castle.MicroKernel\Castle.MicroKernel.csproj", "{8C6AADEB-D099-4D2A-8F5B-4EBC12AC9159}"
	ProjectSection(ProjectDependencies) = postProject
	EndProjectSection
EndProject
Project("{FAE04EC0-301F-11D3-BF4B-00C04F79EFBC}") = "Castle.Model", "..\..\InversionOfControl\Castle.Model\Castle.Model.csproj", "{6F052973-C8E0-41EB-BAAF-B052509B5597}"
	ProjectSection(ProjectDependencies) = postProject
	EndProjectSection
EndProject
Project("{FAE04EC0-301F-11D3-BF4B-00C04F79EFBC}") = "Castle.Windsor", "..\..\InversionOfControl\Castle.Windsor\Castle.Windsor.csproj", "{60EFCB9B-E3FF-46A5-A2D2-D9F0EF75D5FE}"
	ProjectSection(ProjectDependencies) = postProject
	EndProjectSection
EndProject
Global
	GlobalSection(SolutionConfiguration) = preSolution
		Debug = Debug
		Release = Release
	EndGlobalSection
	GlobalSection(ProjectConfiguration) = postSolution
		{07B01B42-54DC-4A99-B856-0EA5515684AC}.Debug.ActiveCfg = Debug|.NET
		{07B01B42-54DC-4A99-B856-0EA5515684AC}.Debug.Build.0 = Debug|.NET
		{07B01B42-54DC-4A99-B856-0EA5515684AC}.Release.ActiveCfg = Release|.NET
		{07B01B42-54DC-4A99-B856-0EA5515684AC}.Release.Build.0 = Release|.NET
		{19F55512-3F9D-4032-B195-223E51F47635}.Debug.ActiveCfg = Debug|.NET
		{19F55512-3F9D-4032-B195-223E51F47635}.Debug.Build.0 = Debug|.NET
		{19F55512-3F9D-4032-B195-223E51F47635}.Release.ActiveCfg = Release|.NET
		{19F55512-3F9D-4032-B195-223E51F47635}.Release.Build.0 = Release|.NET
		{8C6AADEB-D099-4D2A-8F5B-4EBC12AC9159}.Debug.ActiveCfg = Debug|.NET
		{8C6AADEB-D099-4D2A-8F5B-4EBC12AC9159}.Debug.Build.0 = Debug|.NET
		{8C6AADEB-D099-4D2A-8F5B-4EBC12AC9159}.Release.ActiveCfg = Release|.NET
		{8C6AADEB-D099-4D2A-8F5B-4EBC12AC9159}.Release.Build.0 = Release|.NET
		{6F052973-C8E0-41EB-BAAF-B052509B5597}.Debug.ActiveCfg = Debug|.NET
		{6F052973-C8E0-41EB-BAAF-B052509B5597}.Debug.Build.0 = Debug|.NET
		{6F052973-C8E0-41EB-BAAF-B052509B5597}.Release.ActiveCfg = Release|.NET
		{6F052973-C8E0-41EB-BAAF-B052509B5597}.Release.Build.0 = Release|.NET
		{60EFCB9B-E3FF-46A5-A2D2-D9F0EF75D5FE}.Debug.ActiveCfg = Debug|.NET
		{60EFCB9B-E3FF-46A5-A2D2-D9F0EF75D5FE}.Debug.Build.0 = Debug|.NET
		{60EFCB9B-E3FF-46A5-A2D2-D9F0EF75D5FE}.Release.ActiveCfg = Release|.NET
		{60EFCB9B-E3FF-46A5-A2D2-D9F0EF75D5FE}.Release.Build.0 = Release|.NET
	EndGlobalSection
	GlobalSection(SolutionItems) = postSolution
		Changes.txt = Changes.txt
		default.build = default.build
		License.txt = License.txt
		Readme.txt = Readme.txt
	EndGlobalSection
	GlobalSection(ExtensibilityGlobals) = postSolution
	EndGlobalSection
	GlobalSection(ExtensibilityAddIns) = postSolution
	EndGlobalSection
EndGlobal
