Microsoft Visual Studio Solution File, Format Version 8.00
Project("{FAE04EC0-301F-11D3-BF4B-00C04F79EFBC}") = "Castle.DynamicProxy.Test", "DynamicProxyTest\Castle.DynamicProxy.Test.csproj", "{EF89321E-FB2A-41B6-85B3-794D50A55CF1}"
	ProjectSection(ProjectDependencies) = postProject
	EndProjectSection
EndProject
Project("{FAE04EC0-301F-11D3-BF4B-00C04F79EFBC}") = "Castle.DynamicProxy", "DynamicProxy\Castle.DynamicProxy.csproj", "{70EE6AF2-1F6D-4CC5-A1B2-C3182F035F67}"
	ProjectSection(ProjectDependencies) = postProject
	EndProjectSection
EndProject
Global
	GlobalSection(SolutionConfiguration) = preSolution
		Debug = Debug
		Release = Release
	EndGlobalSection
	GlobalSection(ProjectConfiguration) = postSolution
		{EF89321E-FB2A-41B6-85B3-794D50A55CF1}.Debug.ActiveCfg = Debug|.NET
		{EF89321E-FB2A-41B6-85B3-794D50A55CF1}.Debug.Build.0 = Debug|.NET
		{EF89321E-FB2A-41B6-85B3-794D50A55CF1}.Release.ActiveCfg = Release|.NET
		{EF89321E-FB2A-41B6-85B3-794D50A55CF1}.Release.Build.0 = Release|.NET
		{70EE6AF2-1F6D-4CC5-A1B2-C3182F035F67}.Debug.ActiveCfg = Debug|.NET
		{70EE6AF2-1F6D-4CC5-A1B2-C3182F035F67}.Debug.Build.0 = Debug|.NET
		{70EE6AF2-1F6D-4CC5-A1B2-C3182F035F67}.Release.ActiveCfg = Release|.NET
		{70EE6AF2-1F6D-4CC5-A1B2-C3182F035F67}.Release.Build.0 = Release|.NET
	EndGlobalSection
	GlobalSection(ExtensibilityGlobals) = postSolution
	EndGlobalSection
	GlobalSection(ExtensibilityAddIns) = postSolution
	EndGlobalSection
EndGlobal
