Microsoft Visual Studio Solution File, Format Version 8.00
Project("{FAE04EC0-301F-11D3-BF4B-00C04F79EFBC}") = "Castle.Facilities.NHibernateIntegration", "Castle.Facilities.NHibernateIntegration\Castle.Facilities.NHibernateIntegration.csproj", "{5CE5406D-92AB-45ED-A4C9-921745E38BE1}"
	ProjectSection(ProjectDependencies) = postProject
	EndProjectSection
EndProject
Project("{FAE04EC0-301F-11D3-BF4B-00C04F79EFBC}") = "Castle.Facilities.NHibernateIntegration.Tests", "Castle.Facilities.NHibernateIntegration.Tests\Castle.Facilities.NHibernateIntegration.Tests.csproj", "{0C9EE31D-A700-485B-948A-68E4A3614E71}"
	ProjectSection(ProjectDependencies) = postProject
	EndProjectSection
EndProject
Project("{FAE04EC0-301F-11D3-BF4B-00C04F79EFBC}") = "Castle.Facilities.NHibernateExtension", "Castle.Facilities.NHibernateExtension\Castle.Facilities.NHibernateExtension.csproj", "{B687632A-D2C9-4E48-B878-D9066FB43434}"
	ProjectSection(ProjectDependencies) = postProject
	EndProjectSection
EndProject
Global
	GlobalSection(SolutionConfiguration) = preSolution
		Debug = Debug
		Release = Release
	EndGlobalSection
	GlobalSection(ProjectConfiguration) = postSolution
		{5CE5406D-92AB-45ED-A4C9-921745E38BE1}.Debug.ActiveCfg = Debug|.NET
		{5CE5406D-92AB-45ED-A4C9-921745E38BE1}.Debug.Build.0 = Debug|.NET
		{5CE5406D-92AB-45ED-A4C9-921745E38BE1}.Release.ActiveCfg = Release|.NET
		{5CE5406D-92AB-45ED-A4C9-921745E38BE1}.Release.Build.0 = Release|.NET
		{0C9EE31D-A700-485B-948A-68E4A3614E71}.Debug.ActiveCfg = Debug|.NET
		{0C9EE31D-A700-485B-948A-68E4A3614E71}.Debug.Build.0 = Debug|.NET
		{0C9EE31D-A700-485B-948A-68E4A3614E71}.Release.ActiveCfg = Release|.NET
		{0C9EE31D-A700-485B-948A-68E4A3614E71}.Release.Build.0 = Release|.NET
		{B687632A-D2C9-4E48-B878-D9066FB43434}.Debug.ActiveCfg = Debug|.NET
		{B687632A-D2C9-4E48-B878-D9066FB43434}.Debug.Build.0 = Debug|.NET
		{B687632A-D2C9-4E48-B878-D9066FB43434}.Release.ActiveCfg = Release|.NET
		{B687632A-D2C9-4E48-B878-D9066FB43434}.Release.Build.0 = Release|.NET
	EndGlobalSection
	GlobalSection(SolutionItems) = postSolution
		bin\Blog.hbm.xml = bin\Blog.hbm.xml
		bin\BlogItem.hbm.xml = bin\BlogItem.hbm.xml
		Changes.txt = Changes.txt
		default.build = default.build
		License.txt = License.txt
		Readme.txt = Readme.txt
	EndGlobalSection
	GlobalSection(ExtensibilityGlobals) = postSolution
	EndGlobalSection
	GlobalSection(ExtensibilityAddIns) = postSolution
	EndGlobalSection
EndGlobal
