Microsoft Visual Studio Solution File, Format Version 10.00
# Visual Studio 2008
Project("{FAE04EC0-301F-11D3-BF4B-00C04F79EFBC}") = "BasicUsage-vs2008", "BasicUsage\BasicUsage-vs2008.csproj", "{83EBB92B-BBAB-45B8-9EDF-C5FBE2DAE98C}"
EndProject
Project("{FAE04EC0-301F-11D3-BF4B-00C04F79EFBC}") = "ExtendingSample-vs2008", "ExtendingSample\ExtendingSample-vs2008.csproj", "{BBEF9D2F-506A-4740-A03D-275A06AB6565}"
EndProject
Project("{FAE04EC0-301F-11D3-BF4B-00C04F79EFBC}") = "AnotherExtendingSample-vs2008", "AnotherExtendingSample\AnotherExtendingSample-vs2008.csproj", "{FCABB2B3-A8BB-4C3A-8D73-B5ACE321BFBB}"
EndProject
Project("{FAE04EC0-301F-11D3-BF4B-00C04F79EFBC}") = "ComplexConfiguration-vs2008", "ComplexConfiguration\ComplexConfiguration-vs2008.csproj", "{CF98E7F0-53C1-4C6E-BF1B-4393490DDB03}"
EndProject
Global
	GlobalSection(SolutionConfigurationPlatforms) = preSolution
		Debug|Any CPU = Debug|Any CPU
		Release|Any CPU = Release|Any CPU
	EndGlobalSection
	GlobalSection(ProjectConfigurationPlatforms) = postSolution
		{83EBB92B-BBAB-45B8-9EDF-C5FBE2DAE98C}.Debug|Any CPU.ActiveCfg = Debug|Any CPU
		{83EBB92B-BBAB-45B8-9EDF-C5FBE2DAE98C}.Debug|Any CPU.Build.0 = Debug|Any CPU
		{83EBB92B-BBAB-45B8-9EDF-C5FBE2DAE98C}.Release|Any CPU.ActiveCfg = Release|Any CPU
		{83EBB92B-BBAB-45B8-9EDF-C5FBE2DAE98C}.Release|Any CPU.Build.0 = Release|Any CPU
		{BBEF9D2F-506A-4740-A03D-275A06AB6565}.Debug|Any CPU.ActiveCfg = Debug|Any CPU
		{BBEF9D2F-506A-4740-A03D-275A06AB6565}.Debug|Any CPU.Build.0 = Debug|Any CPU
		{BBEF9D2F-506A-4740-A03D-275A06AB6565}.Release|Any CPU.ActiveCfg = Release|Any CPU
		{BBEF9D2F-506A-4740-A03D-275A06AB6565}.Release|Any CPU.Build.0 = Release|Any CPU
		{FCABB2B3-A8BB-4C3A-8D73-B5ACE321BFBB}.Debug|Any CPU.ActiveCfg = Debug|Any CPU
		{FCABB2B3-A8BB-4C3A-8D73-B5ACE321BFBB}.Debug|Any CPU.Build.0 = Debug|Any CPU
		{FCABB2B3-A8BB-4C3A-8D73-B5ACE321BFBB}.Release|Any CPU.ActiveCfg = Release|Any CPU
		{FCABB2B3-A8BB-4C3A-8D73-B5ACE321BFBB}.Release|Any CPU.Build.0 = Release|Any CPU
		{CF98E7F0-53C1-4C6E-BF1B-4393490DDB03}.Debug|Any CPU.ActiveCfg = Debug|Any CPU
		{CF98E7F0-53C1-4C6E-BF1B-4393490DDB03}.Release|Any CPU.ActiveCfg = Release|Any CPU
	EndGlobalSection
	GlobalSection(SolutionProperties) = preSolution
		HideSolutionNode = FALSE
	EndGlobalSection
EndGlobal
