Microsoft Visual Studio Solution File, Format Version 9.00
# Visual Studio 2005
Project("{FAE04EC0-301F-11D3-BF4B-00C04F79EFBC}") = "Castle.Facilities.NHibernateIntegration-vs2005", "Castle.Facilities.NHibernateIntegration\Castle.Facilities.NHibernateIntegration-vs2005.csproj", "{A3135261-0009-4F9C-A339-2900143E20F0}"
EndProject
Project("{FAE04EC0-301F-11D3-BF4B-00C04F79EFBC}") = "Castle.Facilities.NHibernateIntegration.Tests-vs2005", "Castle.Facilities.NHibernateIntegration.Tests\Castle.Facilities.NHibernateIntegration.Tests-vs2005.csproj", "{BAD20F91-0A6C-401C-8368-B8FFF7E256BA}"
EndProject
Project("{2150E333-8FDC-42A3-9474-1A3956D46DE8}") = "Solution Items", "Solution Items", "{4850DCAD-4122-4D91-A33C-31ED7B3006BF}"
	ProjectSection(SolutionItems) = preProject
		Changes.txt = Changes.txt
		default.build = default.build
		License.txt = License.txt
		Readme.txt = Readme.txt
		Running the tests.txt = Running the tests.txt
	EndProjectSection
EndProject
Global
	GlobalSection(SolutionConfigurationPlatforms) = preSolution
		Debug|Any CPU = Debug|Any CPU
		Release|Any CPU = Release|Any CPU
	EndGlobalSection
	GlobalSection(ProjectConfigurationPlatforms) = postSolution
		{A3135261-0009-4F9C-A339-2900143E20F0}.Debug|Any CPU.ActiveCfg = Debug|Any CPU
		{A3135261-0009-4F9C-A339-2900143E20F0}.Debug|Any CPU.Build.0 = Debug|Any CPU
		{A3135261-0009-4F9C-A339-2900143E20F0}.Release|Any CPU.ActiveCfg = Release|Any CPU
		{A3135261-0009-4F9C-A339-2900143E20F0}.Release|Any CPU.Build.0 = Release|Any CPU
		{BAD20F91-0A6C-401C-8368-B8FFF7E256BA}.Debug|Any CPU.ActiveCfg = Debug|Any CPU
		{BAD20F91-0A6C-401C-8368-B8FFF7E256BA}.Debug|Any CPU.Build.0 = Debug|Any CPU
		{BAD20F91-0A6C-401C-8368-B8FFF7E256BA}.Release|Any CPU.ActiveCfg = Release|Any CPU
		{BAD20F91-0A6C-401C-8368-B8FFF7E256BA}.Release|Any CPU.Build.0 = Release|Any CPU
	EndGlobalSection
	GlobalSection(SolutionProperties) = preSolution
		HideSolutionNode = FALSE
	EndGlobalSection
EndGlobal
