Microsoft Visual Studio Solution File, Format Version 10.00
# Visual Studio 2008
Project("{FAE04EC0-301F-11D3-BF4B-00C04F79EFBC}") = "WizardSampleSite-vs2008", "WizardSampleSite\WizardSampleSite-vs2008.csproj", "{D2958D15-2739-4C03-B490-4F67559C0CC3}"
EndProject
Project("{FAE04EC0-301F-11D3-BF4B-00C04F79EFBC}") = "Castle.Components.Binder-vs2008", "..\..\..\Components\Binder\Castle.Components.Binder\Castle.Components.Binder-vs2008.csproj", "{98F19522-C9B8-400D-8A12-DABB3DA9411D}"
EndProject
Project("{FAE04EC0-301F-11D3-BF4B-00C04F79EFBC}") = "Castle.Components.Common.EmailSender-vs2008", "..\..\..\Components\EmailSender\Castle.Components.Common.EmailSender\Castle.Components.Common.EmailSender-vs2008.csproj", "{CFF1D57F-9FEB-4941-B8FE-8E28F4A8AAC7}"
EndProject
Project("{FAE04EC0-301F-11D3-BF4B-00C04F79EFBC}") = "Castle.Core-vs2008", "..\..\..\Core\Castle.Core\Castle.Core-vs2008.csproj", "{E4FA5B53-7D36-429E-8E5C-53D5479242BA}"
EndProject
Project("{FAE04EC0-301F-11D3-BF4B-00C04F79EFBC}") = "Castle.MonoRail.Framework-vs2008", "..\..\..\MonoRail\Castle.MonoRail.Framework\Castle.MonoRail.Framework-vs2008.csproj", "{EC393863-333E-49CE-94A6-654B9F323954}"
EndProject
Project("{2150E333-8FDC-42A3-9474-1A3956D46DE8}") = "Dependencies", "Dependencies", "{FDB1E7BB-152B-415F-A1BE-44521B50EE27}"
EndProject
Project("{FAE04EC0-301F-11D3-BF4B-00C04F79EFBC}") = "Castle.MonoRail.Framework.Views.NVelocity-vs2008", "..\..\..\MonoRail\Castle.MonoRail.Framework.Views.NVelocity\Castle.MonoRail.Framework.Views.NVelocity-vs2008.csproj", "{ECCA4D19-65D7-4EED-B8EC-56AF79F41E69}"
EndProject
Global
	GlobalSection(SolutionConfigurationPlatforms) = preSolution
		Debug|Any CPU = Debug|Any CPU
		Release|Any CPU = Release|Any CPU
	EndGlobalSection
	GlobalSection(ProjectConfigurationPlatforms) = postSolution
		{D2958D15-2739-4C03-B490-4F67559C0CC3}.Debug|Any CPU.ActiveCfg = Debug|Any CPU
		{D2958D15-2739-4C03-B490-4F67559C0CC3}.Debug|Any CPU.Build.0 = Debug|Any CPU
		{D2958D15-2739-4C03-B490-4F67559C0CC3}.Release|Any CPU.ActiveCfg = Release|Any CPU
		{D2958D15-2739-4C03-B490-4F67559C0CC3}.Release|Any CPU.Build.0 = Release|Any CPU
		{98F19522-C9B8-400D-8A12-DABB3DA9411D}.Debug|Any CPU.ActiveCfg = Debug|Any CPU
		{98F19522-C9B8-400D-8A12-DABB3DA9411D}.Debug|Any CPU.Build.0 = Debug|Any CPU
		{98F19522-C9B8-400D-8A12-DABB3DA9411D}.Release|Any CPU.ActiveCfg = Release|Any CPU
		{98F19522-C9B8-400D-8A12-DABB3DA9411D}.Release|Any CPU.Build.0 = Release|Any CPU
		{CFF1D57F-9FEB-4941-B8FE-8E28F4A8AAC7}.Debug|Any CPU.ActiveCfg = Debug|Any CPU
		{CFF1D57F-9FEB-4941-B8FE-8E28F4A8AAC7}.Debug|Any CPU.Build.0 = Debug|Any CPU
		{CFF1D57F-9FEB-4941-B8FE-8E28F4A8AAC7}.Release|Any CPU.ActiveCfg = Release|Any CPU
		{CFF1D57F-9FEB-4941-B8FE-8E28F4A8AAC7}.Release|Any CPU.Build.0 = Release|Any CPU
		{E4FA5B53-7D36-429E-8E5C-53D5479242BA}.Debug|Any CPU.ActiveCfg = Debug|Any CPU
		{E4FA5B53-7D36-429E-8E5C-53D5479242BA}.Debug|Any CPU.Build.0 = Debug|Any CPU
		{E4FA5B53-7D36-429E-8E5C-53D5479242BA}.Release|Any CPU.ActiveCfg = Release|Any CPU
		{E4FA5B53-7D36-429E-8E5C-53D5479242BA}.Release|Any CPU.Build.0 = Release|Any CPU
		{EC393863-333E-49CE-94A6-654B9F323954}.Debug|Any CPU.ActiveCfg = Debug|Any CPU
		{EC393863-333E-49CE-94A6-654B9F323954}.Debug|Any CPU.Build.0 = Debug|Any CPU
		{EC393863-333E-49CE-94A6-654B9F323954}.Release|Any CPU.ActiveCfg = Release|Any CPU
		{EC393863-333E-49CE-94A6-654B9F323954}.Release|Any CPU.Build.0 = Release|Any CPU
		{ECCA4D19-65D7-4EED-B8EC-56AF79F41E69}.Debug|Any CPU.ActiveCfg = Debug|Any CPU
		{ECCA4D19-65D7-4EED-B8EC-56AF79F41E69}.Debug|Any CPU.Build.0 = Debug|Any CPU
		{ECCA4D19-65D7-4EED-B8EC-56AF79F41E69}.Release|Any CPU.ActiveCfg = Release|Any CPU
		{ECCA4D19-65D7-4EED-B8EC-56AF79F41E69}.Release|Any CPU.Build.0 = Release|Any CPU
	EndGlobalSection
	GlobalSection(SolutionProperties) = preSolution
		HideSolutionNode = FALSE
	EndGlobalSection
	GlobalSection(NestedProjects) = preSolution
		{ECCA4D19-65D7-4EED-B8EC-56AF79F41E69} = {FDB1E7BB-152B-415F-A1BE-44521B50EE27}
		{98F19522-C9B8-400D-8A12-DABB3DA9411D} = {FDB1E7BB-152B-415F-A1BE-44521B50EE27}
		{EC393863-333E-49CE-94A6-654B9F323954} = {FDB1E7BB-152B-415F-A1BE-44521B50EE27}
		{CFF1D57F-9FEB-4941-B8FE-8E28F4A8AAC7} = {FDB1E7BB-152B-415F-A1BE-44521B50EE27}
		{E4FA5B53-7D36-429E-8E5C-53D5479242BA} = {FDB1E7BB-152B-415F-A1BE-44521B50EE27}
	EndGlobalSection
EndGlobal
