Microsoft Visual Studio Solution File, Format Version 10.00
# Visual Studio 2008
Project("{2150E333-8FDC-42A3-9474-1A3956D46DE8}") = "Solution Items", "Solution Items", "{489743F5-3634-4656-A851-AC8727F736FD}"
	ProjectSection(SolutionItems) = preProject
		activerecord.build = activerecord.build
		License.txt = License.txt
		Readme.txt = Readme.txt
		Running the test cases.txt = Running the test cases.txt
	EndProjectSection
	ProjectSection(FolderStartupServices) = postProject
		{B4F97281-0DBD-4835-9ED8-7DFB966E87FF} = {B4F97281-0DBD-4835-9ED8-7DFB966E87FF}
	EndProjectSection
EndProject
Project("{FAE04EC0-301F-11D3-BF4B-00C04F79EFBC}") = "Castle.ActiveRecord-vs2008", "Castle.ActiveRecord\Castle.ActiveRecord-vs2008.csproj", "{652F95D4-86E2-40B6-919D-CFC6E449386B}"
EndProject
Project("{FAE04EC0-301F-11D3-BF4B-00C04F79EFBC}") = "Castle.ActiveRecord.Tests-vs2008", "Castle.ActiveRecord.Tests\Castle.ActiveRecord.Tests-vs2008.csproj", "{DA3F2E47-AB8A-4CEC-9EDE-81DFC029E53F}"
EndProject
Project("{FAE04EC0-301F-11D3-BF4B-00C04F79EFBC}") = "Castle.ActiveRecord.Framework.Internal.Tests-vs2008", "Castle.ActiveRecord.Framework.Internal.Tests\Castle.ActiveRecord.Framework.Internal.Tests-vs2008.csproj", "{19F7C7B1-9620-4F42-8F62-7C8D68EA825A}"
EndProject
Project("{FAE04EC0-301F-11D3-BF4B-00C04F79EFBC}") = "Castle.ActiveRecord.Tests.Model", "Castle.ActiveRecord.Tests.Model\Castle.ActiveRecord.Tests.Model.csproj", "{DC2D80AC-4641-4798-B059-C90AA162D2AB}"
EndProject
Project("{FAE04EC0-301F-11D3-BF4B-00C04F79EFBC}") = "Castle.ActiveRecord.Linq-vs2008", "Castle.ActiveRecord.Linq\Castle.ActiveRecord.Linq-vs2008.csproj", "{50D39615-29A3-4545-908B-8929EC0853C3}"
EndProject
Project("{FAE04EC0-301F-11D3-BF4B-00C04F79EFBC}") = "Castle.ActiveRecord.Linq.Tests-vs2008", "Castle.ActiveRecord.Linq.Tests\Castle.ActiveRecord.Linq.Tests-vs2008.csproj", "{711C59C5-1885-4A1C-A59C-F1D99C02C4D7}"
EndProject
Project("{2150E333-8FDC-42A3-9474-1A3956D46DE8}") = "Imports", "Imports", "{35EA9DBB-8431-43D8-B767-175B8B04178B}"
EndProject
Project("{FAE04EC0-301F-11D3-BF4B-00C04F79EFBC}") = "Castle.Components.Validator-vs2008", "..\Components\Validator\Castle.Components.Validator\Castle.Components.Validator-vs2008.csproj", "{4C945D49-02E9-43F2-9202-E7A6E7C56E77}"
EndProject
Project("{FAE04EC0-301F-11D3-BF4B-00C04F79EFBC}") = "Castle.Core-vs2008", "..\Core\Castle.Core\Castle.Core-vs2008.csproj", "{E4FA5B53-7D36-429E-8E5C-53D5479242BA}"
EndProject
Global
	GlobalSection(SolutionConfigurationPlatforms) = preSolution
		Debug|Any CPU = Debug|Any CPU
		Release|Any CPU = Release|Any CPU
	EndGlobalSection
	GlobalSection(ProjectConfigurationPlatforms) = postSolution
		{652F95D4-86E2-40B6-919D-CFC6E449386B}.Debug|Any CPU.ActiveCfg = Debug|Any CPU
		{652F95D4-86E2-40B6-919D-CFC6E449386B}.Debug|Any CPU.Build.0 = Debug|Any CPU
		{652F95D4-86E2-40B6-919D-CFC6E449386B}.Release|Any CPU.ActiveCfg = Release|Any CPU
		{652F95D4-86E2-40B6-919D-CFC6E449386B}.Release|Any CPU.Build.0 = Release|Any CPU
		{DA3F2E47-AB8A-4CEC-9EDE-81DFC029E53F}.Debug|Any CPU.ActiveCfg = Debug|Any CPU
		{DA3F2E47-AB8A-4CEC-9EDE-81DFC029E53F}.Debug|Any CPU.Build.0 = Debug|Any CPU
		{DA3F2E47-AB8A-4CEC-9EDE-81DFC029E53F}.Release|Any CPU.ActiveCfg = Release|Any CPU
		{DA3F2E47-AB8A-4CEC-9EDE-81DFC029E53F}.Release|Any CPU.Build.0 = Release|Any CPU
		{19F7C7B1-9620-4F42-8F62-7C8D68EA825A}.Debug|Any CPU.ActiveCfg = Debug|Any CPU
		{19F7C7B1-9620-4F42-8F62-7C8D68EA825A}.Debug|Any CPU.Build.0 = Debug|Any CPU
		{19F7C7B1-9620-4F42-8F62-7C8D68EA825A}.Release|Any CPU.ActiveCfg = Release|Any CPU
		{19F7C7B1-9620-4F42-8F62-7C8D68EA825A}.Release|Any CPU.Build.0 = Release|Any CPU
		{DC2D80AC-4641-4798-B059-C90AA162D2AB}.Debug|Any CPU.ActiveCfg = Debug|Any CPU
		{DC2D80AC-4641-4798-B059-C90AA162D2AB}.Debug|Any CPU.Build.0 = Debug|Any CPU
		{DC2D80AC-4641-4798-B059-C90AA162D2AB}.Release|Any CPU.ActiveCfg = Release|Any CPU
		{DC2D80AC-4641-4798-B059-C90AA162D2AB}.Release|Any CPU.Build.0 = Release|Any CPU
		{50D39615-29A3-4545-908B-8929EC0853C3}.Debug|Any CPU.ActiveCfg = Debug|Any CPU
		{50D39615-29A3-4545-908B-8929EC0853C3}.Debug|Any CPU.Build.0 = Debug|Any CPU
		{50D39615-29A3-4545-908B-8929EC0853C3}.Release|Any CPU.ActiveCfg = Release|Any CPU
		{50D39615-29A3-4545-908B-8929EC0853C3}.Release|Any CPU.Build.0 = Release|Any CPU
		{711C59C5-1885-4A1C-A59C-F1D99C02C4D7}.Debug|Any CPU.ActiveCfg = Debug|Any CPU
		{711C59C5-1885-4A1C-A59C-F1D99C02C4D7}.Debug|Any CPU.Build.0 = Debug|Any CPU
		{711C59C5-1885-4A1C-A59C-F1D99C02C4D7}.Release|Any CPU.ActiveCfg = Release|Any CPU
		{711C59C5-1885-4A1C-A59C-F1D99C02C4D7}.Release|Any CPU.Build.0 = Release|Any CPU
		{4C945D49-02E9-43F2-9202-E7A6E7C56E77}.Debug|Any CPU.ActiveCfg = Debug|Any CPU
		{4C945D49-02E9-43F2-9202-E7A6E7C56E77}.Debug|Any CPU.Build.0 = Debug|Any CPU
		{4C945D49-02E9-43F2-9202-E7A6E7C56E77}.Release|Any CPU.ActiveCfg = Release|Any CPU
		{4C945D49-02E9-43F2-9202-E7A6E7C56E77}.Release|Any CPU.Build.0 = Release|Any CPU
		{E4FA5B53-7D36-429E-8E5C-53D5479242BA}.Debug|Any CPU.ActiveCfg = Debug|Any CPU
		{E4FA5B53-7D36-429E-8E5C-53D5479242BA}.Debug|Any CPU.Build.0 = Debug|Any CPU
		{E4FA5B53-7D36-429E-8E5C-53D5479242BA}.Release|Any CPU.ActiveCfg = Release|Any CPU
		{E4FA5B53-7D36-429E-8E5C-53D5479242BA}.Release|Any CPU.Build.0 = Release|Any CPU
	EndGlobalSection
	GlobalSection(SolutionProperties) = preSolution
		HideSolutionNode = FALSE
	EndGlobalSection
	GlobalSection(NestedProjects) = preSolution
		{4C945D49-02E9-43F2-9202-E7A6E7C56E77} = {35EA9DBB-8431-43D8-B767-175B8B04178B}
		{E4FA5B53-7D36-429E-8E5C-53D5479242BA} = {35EA9DBB-8431-43D8-B767-175B8B04178B}
	EndGlobalSection
	GlobalSection(TextTemplating) = postSolution
		TextTemplating = 1
	EndGlobalSection
EndGlobal
