Microsoft Visual Studio Solution File, Format Version 10.00
# Visual Studio 2008
Project("{FAE04EC0-301F-11D3-BF4B-00C04F79EFBC}") = "GettingStartedPart1-vs2008", "GettingStartedPart1\GettingStartedPart1-vs2008.csproj", "{A29D30CC-20C2-4A2A-8C00-F4E076D00A03}"
EndProject
Global
	GlobalSection(SolutionConfigurationPlatforms) = preSolution
		Debug|Any CPU = Debug|Any CPU
		Release|Any CPU = Release|Any CPU
	EndGlobalSection
	GlobalSection(ProjectConfigurationPlatforms) = postSolution
		{A29D30CC-20C2-4A2A-8C00-F4E076D00A03}.Debug|Any CPU.ActiveCfg = Debug|Any CPU
		{A29D30CC-20C2-4A2A-8C00-F4E076D00A03}.Debug|Any CPU.Build.0 = Debug|Any CPU
		{A29D30CC-20C2-4A2A-8C00-F4E076D00A03}.Release|Any CPU.ActiveCfg = Release|Any CPU
		{A29D30CC-20C2-4A2A-8C00-F4E076D00A03}.Release|Any CPU.Build.0 = Release|Any CPU
	EndGlobalSection
	GlobalSection(SolutionProperties) = preSolution
		HideSolutionNode = FALSE
	EndGlobalSection
EndGlobal
