
Microsoft Visual Studio Solution File, Format Version 9.00
# Visual Studio 2005
Project("{FAE04EC0-301F-11D3-BF4B-00C04F79EFBC}") = "Castle.Components.DictionaryAdapter.Tests-vs2005", "Castle.Components.DictionaryAdapter.Tests\Castle.Components.DictionaryAdapter.Tests-vs2005.csproj", "{280217E9-688D-4F02-B64A-78D2B3AA7BAB}"
	ProjectSection(WebsiteProperties) = preProject
		Debug.AspNetCompiler.Debug = "True"
		Release.AspNetCompiler.Debug = "False"
	EndProjectSection
EndProject
Project("{FAE04EC0-301F-11D3-BF4B-00C04F79EFBC}") = "Castle.Components.DictionaryAdapter-vs2005", "Castle.Components.DictionaryAdapter\Castle.Components.DictionaryAdapter-vs2005.csproj", "{B92EA46A-CD01-4717-ABE8-AA73C4F17AAB}"
	ProjectSection(WebsiteProperties) = preProject
		Debug.AspNetCompiler.Debug = "True"
		Release.AspNetCompiler.Debug = "False"
	EndProjectSection
EndProject
Global
	GlobalSection(SolutionConfigurationPlatforms) = preSolution
		Debug|Any CPU = Debug|Any CPU
		Release|Any CPU = Release|Any CPU
	EndGlobalSection
	GlobalSection(ProjectConfigurationPlatforms) = postSolution
		{280217E9-688D-4F02-B64A-78D2B3AA7BAB}.Debug|Any CPU.ActiveCfg = Debug|Any CPU
		{280217E9-688D-4F02-B64A-78D2B3AA7BAB}.Debug|Any CPU.Build.0 = Debug|Any CPU
		{280217E9-688D-4F02-B64A-78D2B3AA7BAB}.Release|Any CPU.ActiveCfg = Release|Any CPU
		{280217E9-688D-4F02-B64A-78D2B3AA7BAB}.Release|Any CPU.Build.0 = Release|Any CPU
		{B92EA46A-CD01-4717-ABE8-AA73C4F17AAB}.Debug|Any CPU.ActiveCfg = Debug|Any CPU
		{B92EA46A-CD01-4717-ABE8-AA73C4F17AAB}.Debug|Any CPU.Build.0 = Debug|Any CPU
		{B92EA46A-CD01-4717-ABE8-AA73C4F17AAB}.Release|Any CPU.ActiveCfg = Release|Any CPU
		{B92EA46A-CD01-4717-ABE8-AA73C4F17AAB}.Release|Any CPU.Build.0 = Release|Any CPU
	EndGlobalSection
	GlobalSection(SolutionProperties) = preSolution
		HideSolutionNode = FALSE
	EndGlobalSection
EndGlobal
